// !$*UTF8*$!
{
	archiveVersion = 1;
	classes = {
	};
	objectVersion = 56;
	objects = {

/* Begin PBXBuildFile section */
		B6C3D4E5F60718293A4C01 /* EVYAddressParsing.swift in Sources */ = {isa = PBXBuildFile; fileRef = B6C3D4E5F60718293A4C11 /* EVYAddressParsing.swift */; };
		B6C3D4E5F60718293A4C02 /* EVYInterpreterPreviews.swift in Sources */ = {isa = PBXBuildFile; fileRef = B6C3D4E5F60718293A4C12 /* EVYInterpreterPreviews.swift */; };
		B6C3D4E5F60718293A4C03 /* EVYFunctionsPreviews.swift in Sources */ = {isa = PBXBuildFile; fileRef = B6C3D4E5F60718293A4C13 /* EVYFunctionsPreviews.swift */; };
		A6B2C3D4E5F60718293A4B01 /* EVYFieldChrome.swift in Sources */ = {isa = PBXBuildFile; fileRef = A6B2C3D4E5F60718293A4B11 /* EVYFieldChrome.swift */; };
		A6B2C3D4E5F60718293A4B02 /* EVYOptionLoading.swift in Sources */ = {isa = PBXBuildFile; fileRef = A6B2C3D4E5F60718293A4B12 /* EVYOptionLoading.swift */; };
		A6B2C3D4E5F60718293A4B03 /* EVYRouting.swift in Sources */ = {isa = PBXBuildFile; fileRef = A6B2C3D4E5F60718293A4B13 /* EVYRouting.swift */; };
		A6B2C3D4E5F60718293A4B04 /* EVYRecordChangeView.swift in Sources */ = {isa = PBXBuildFile; fileRef = A6B2C3D4E5F60718293A4B14 /* EVYRecordChangeView.swift */; };
		A6B2C3D4E5F60718293A4B05 /* EVYSelectionHelpers.swift in Sources */ = {isa = PBXBuildFile; fileRef = A6B2C3D4E5F60718293A4B15 /* EVYSelectionHelpers.swift */; };
		C6B2C3D4E5F60718293A4B06 /* EVYFileIdSanitizer.swift in Sources */ = {isa = PBXBuildFile; fileRef = C6B2C3D4E5F60718293A4B16 /* EVYFileIdSanitizer.swift */; };
		2E00BD4B2BA1A99D00C09A1D /* EVYRadioButton.swift in Sources */ = {isa = PBXBuildFile; fileRef = 2E00BD4A2BA1A99D00C09A1D /* EVYRadioButton.swift */; };
		2E0B20F22B816AFA002C86A3 /* EVYSelectPhotoRow.swift in Sources */ = {isa = PBXBuildFile; fileRef = 2E0B20F12B816AFA002C86A3 /* EVYSelectPhotoRow.swift */; };
		2E5F4DBB2BB01A1200D3A3FB /* EVYDropdownRow.swift in Sources */ = {isa = PBXBuildFile; fileRef = 2E5F4DBA2BB01A1200D3A3FB /* EVYDropdownRow.swift */; };
		2E5F4DBD2BB2C5D900D3A3FB /* EVYTextAreaRow.swift in Sources */ = {isa = PBXBuildFile; fileRef = 2E5F4DBC2BB2C5D900D3A3FB /* EVYTextAreaRow.swift */; };
		2E8EEC3A2B2730B0003DF2DC /* Constants.swift in Sources */ = {isa = PBXBuildFile; fileRef = 2E8EEC392B2730B0003DF2DC /* Constants.swift */; };
		2EE4E27D2B99D7F300CEF112 /* EVYSelectList.swift in Sources */ = {isa = PBXBuildFile; fileRef = 2EE4E27C2B99D7F300CEF112 /* EVYSelectList.swift */; };
		7303B31A2C3EB8A000796123 /* EVYCalendarSlot.swift in Sources */ = {isa = PBXBuildFile; fileRef = 7303B3192C3EB8A000796123 /* EVYCalendarSlot.swift */; };
		7320F5902C2FF8F000297C48 /* EVYTextRow.swift in Sources */ = {isa = PBXBuildFile; fileRef = 7320F58F2C2FF8F000297C48 /* EVYTextRow.swift */; };
		7320F5972C2FF8F000297C48 /* EVYHeadingRow.swift in Sources */ = {isa = PBXBuildFile; fileRef = 7320F5982C2FF8F000297C48 /* EVYHeadingRow.swift */; };
		7320F5932C2FF8F000297C48 /* EVYTextActionRow.swift in Sources */ = {isa = PBXBuildFile; fileRef = 7320F5942C2FF8F000297C48 /* EVYTextActionRow.swift */; };
		7320F5952C2FF8F000297C48 /* EVYTextExpandRow.swift in Sources */ = {isa = PBXBuildFile; fileRef = 7320F5962C2FF8F000297C48 /* EVYTextExpandRow.swift */; };
		7320F5922C2FF8F000297C48 /* EVYListItemRow.swift in Sources */ = {isa = PBXBuildFile; fileRef = 7320F5912C2FF8F000297C48 /* EVYListItemRow.swift */; };
		732A50822C1D6AE80036B98B /* EVY.swift in Sources */ = {isa = PBXBuildFile; fileRef = 732A50812C1D6AE80036B98B /* EVY.swift */; };
		7330E4392C9BFABB00FE8F31 /* EVYSelectItem.swift in Sources */ = {isa = PBXBuildFile; fileRef = 7330E4382C9BFABB00FE8F31 /* EVYSelectItem.swift */; };
		7333F45B2FAA2D1C006BEA92 /* EVY+QueryParams.swift in Sources */ = {isa = PBXBuildFile; fileRef = 7333F4502FAA2D1C006BEA92 /* EVY+QueryParams.swift */; };
		7333F45C2FAA2D1C006BEA92 /* EVYFlowStore.swift in Sources */ = {isa = PBXBuildFile; fileRef = 7333F4512FAA2D1C006BEA92 /* EVYFlowStore.swift */; };
		7333F45D2FAA2D1C006BEA92 /* EVY+Sync.swift in Sources */ = {isa = PBXBuildFile; fileRef = 7333F4522FAA2D1C006BEA92 /* EVY+Sync.swift */; };
		FA30A0112F91000100000001 /* EVY+Source.swift in Sources */ = {isa = PBXBuildFile; fileRef = FA30A0102F91000100000001 /* EVY+Source.swift */; };
		FA20A0152F91000100000001 /* EVYSearchRequesting.swift in Sources */ = {isa = PBXBuildFile; fileRef = FA20A0142F91000100000001 /* EVYSearchRequesting.swift */; };
		FA20A0172F91000100000001 /* EVYSearchModel.swift in Sources */ = {isa = PBXBuildFile; fileRef = FA20A0162F91000100000001 /* EVYSearchModel.swift */; };
		FA20A0192F91000100000001 /* EVYSearchModelTests.swift in Sources */ = {isa = PBXBuildFile; fileRef = FA20A0182F91000100000001 /* EVYSearchModelTests.swift */; };
		7333F45E2FAA2D1C006BEA92 /* EVY+Preview.swift in Sources */ = {isa = PBXBuildFile; fileRef = 7333F44F2FAA2D1C006BEA92 /* EVY+Preview.swift */; };
		7333F45F2FAA2D1C006BEA92 /* EVY+Mutations.swift in Sources */ = {isa = PBXBuildFile; fileRef = 7333F44E2FAA2D1C006BEA92 /* EVY+Mutations.swift */; };
		ST0000012FAA2D1C006BEA92 /* EVY+Stores.swift in Sources */ = {isa = PBXBuildFile; fileRef = ST0000022FAA2D1C006BEA92 /* EVY+Stores.swift */; };
		7333F4602FAA2D1C006BEA92 /* EVY+TextParsing.swift in Sources */ = {isa = PBXBuildFile; fileRef = 7333F4532FAA2D1C006BEA92 /* EVY+TextParsing.swift */; };
		734F5A222C2EBB2B00C0FD0A /* EVYDropdown.swift in Sources */ = {isa = PBXBuildFile; fileRef = 734F5A212C2EBB2B00C0FD0A /* EVYDropdown.swift */; };
		734F5A2400IMGRPC00C0FD0A /* EVYFileRPC.swift in Sources */ = {isa = PBXBuildFile; fileRef = 734F5A2300IMGRPC00C0FD0A /* EVYFileRPC.swift */; };
		734F5A242C2ED3BD00C0FD0A /* EVYSelectPhoto.swift in Sources */ = {isa = PBXBuildFile; fileRef = 734F5A232C2ED3BD00C0FD0A /* EVYSelectPhoto.swift */; };
		734FD96D2C343C0100ACE8B7 /* EVYCalendar.swift in Sources */ = {isa = PBXBuildFile; fileRef = 734FD96C2C343C0100ACE8B7 /* EVYCalendar.swift */; };
		735795D32C21AF6100ADB49D /* interpreter.swift in Sources */ = {isa = PBXBuildFile; fileRef = 735795D22C21AF6100ADB49D /* interpreter.swift */; };
		FA10A0012F90000100000001 /* EVYChange.swift in Sources */ = {isa = PBXBuildFile; fileRef = FA10A0022F90000100000001 /* EVYChange.swift */; };
		FA10A0032F90000100000001 /* EVYState.swift in Sources */ = {isa = PBXBuildFile; fileRef = FA10A0042F90000100000001 /* EVYState.swift */; };
		FA10A0052F90000100000001 /* EVYDraftStore.swift in Sources */ = {isa = PBXBuildFile; fileRef = FA10A0062F90000100000001 /* EVYDraftStore.swift */; };
		FA10A0072F90000100000001 /* EVYScope.swift in Sources */ = {isa = PBXBuildFile; fileRef = FA10A0082F90000100000001 /* EVYScope.swift */; };
		FA10A0092F90000100000001 /* EVYActionParser.swift in Sources */ = {isa = PBXBuildFile; fileRef = FA10A0102F90000100000001 /* EVYActionParser.swift */; };
		736D10572B78C4C500503C4D /* EVYPage.swift in Sources */ = {isa = PBXBuildFile; fileRef = 736D10562B78C4C500503C4D /* EVYPage.swift */; };

		737334F92B7B5F1800D2E1CF /* EVYInputRow.swift in Sources */ = {isa = PBXBuildFile; fileRef = 737334F82B7B5F1800D2E1CF /* EVYInputRow.swift */; };
		737334FB2B7B671100D2E1CF /* EVYTextField.swift in Sources */ = {isa = PBXBuildFile; fileRef = 737334FA2B7B671100D2E1CF /* EVYTextField.swift */; };
		737C6AA62B2706890093D00C /* evyApp.swift in Sources */ = {isa = PBXBuildFile; fileRef = 737C6AA52B2706890093D00C /* evyApp.swift */; };
		737C6AA82B2706890093D00C /* ContentView.swift in Sources */ = {isa = PBXBuildFile; fileRef = 737C6AA72B2706890093D00C /* ContentView.swift */; };
		737C6AAA2B27068A0093D00C /* Assets.xcassets in Resources */ = {isa = PBXBuildFile; fileRef = 737C6AA92B27068A0093D00C /* Assets.xcassets */; };
		737C6AAD2B27068A0093D00C /* Preview Assets.xcassets in Resources */ = {isa = PBXBuildFile; fileRef = 737C6AAC2B27068A0093D00C /* Preview Assets.xcassets */; };
		737C6ACB2B270AD90093D00C /* EVYWebsocket.swift in Sources */ = {isa = PBXBuildFile; fileRef = 737C6AC92B270AD90093D00C /* EVYWebsocket.swift */; };
		737C6ACC2B270AD90093D00C /* EVYAPIManager.swift in Sources */ = {isa = PBXBuildFile; fileRef = 737C6ACA2B270AD90093D00C /* EVYAPIManager.swift */; };

		737F00EC2B342EE600C35772 /* LaunchScreen.storyboard in Resources */ = {isa = PBXBuildFile; fileRef = 737F00EB2B342EE600C35772 /* LaunchScreen.storyboard */; };
		73884AC42B2E9AE500BC8726 /* EVYTimeslotPicker.swift in Sources */ = {isa = PBXBuildFile; fileRef = 73884AC32B2E9AE500BC8726 /* EVYTimeslotPicker.swift */; };
		738B4AEE2B95DC3F005FF527 /* EVYData.swift in Sources */ = {isa = PBXBuildFile; fileRef = 738B4AED2B95DC3F005FF527 /* EVYData.swift */; };
		73A6BDFB2B85F75800C8F882 /* functions.swift in Sources */ = {isa = PBXBuildFile; fileRef = 73A6BDF82B85F75800C8F882 /* functions.swift */; };
		73A6BE012B85F75900C8F882 /* EVYDatetime.swift in Sources */ = {isa = PBXBuildFile; fileRef = 73A6BE002B85F75900C8F882 /* EVYDatetime.swift */; };
		73B3CF7D2C6871EA00FD333A /* EVYCalendarRow.swift in Sources */ = {isa = PBXBuildFile; fileRef = 73B3CF7C2C6871EA00FD333A /* EVYCalendarRow.swift */; };
		73B3CF812C68ABD100FD333A /* EVYTabContainerRow.swift in Sources */ = {isa = PBXBuildFile; fileRef = 73B3CF802C68ABD100FD333A /* EVYTabContainerRow.swift */; };
		73B3CF862C68AD2200FD333A /* EVYHorizontalContainerRow.swift in Sources */ = {isa = PBXBuildFile; fileRef = 73B3CF842C68AD2200FD333A /* EVYHorizontalContainerRow.swift */; };
		73B3CF872C68AD2200FD333A /* EVYVerticalContainerRow.swift in Sources */ = {isa = PBXBuildFile; fileRef = 73B3CF852C68AD2200FD333A /* EVYVerticalContainerRow.swift */; };
		E302123B7000BFE42530F72E /* EVYContainerTitleHeader.swift in Sources */ = {isa = PBXBuildFile; fileRef = 221829FB876E020A4FC512F5 /* EVYContainerTitleHeader.swift */; };
		73C5D23E2C0AF1030024FF11 /* EVYTextView.swift in Sources */ = {isa = PBXBuildFile; fileRef = 73C5D23D2C0AF1030024FF11 /* EVYTextView.swift */; };
		74C100022F90000100000002 /* EVYNavigationTitle.swift in Sources */ = {isa = PBXBuildFile; fileRef = 74C100012F90000100000002 /* EVYNavigationTitle.swift */; };
		74C100042F90000100000003 /* EVYTitleSubtitleRow.swift in Sources */ = {isa = PBXBuildFile; fileRef = 74C100032F90000100000003 /* EVYTitleSubtitleRow.swift */; };
		73C78AEA2BC549840026F39D /* EVYSearch.swift in Sources */ = {isa = PBXBuildFile; fileRef = 73C78AE92BC549840026F39D /* EVYSearch.swift */; };
		73C78AEE2BC54DFE0026F39D /* EVYSearchRow.swift in Sources */ = {isa = PBXBuildFile; fileRef = 73C78AED2BC54DFE0026F39D /* EVYSearchRow.swift */; };
		73C78AF22BC549840026F3A0 /* EVYTextInput.swift in Sources */ = {isa = PBXBuildFile; fileRef = 73C78AF12BC549840026F3A0 /* EVYTextInput.swift */; };
		73C78AFE2BC564F10026F39D /* SF-Pro-Text-Regular.otf in Resources */ = {isa = PBXBuildFile; fileRef = 73C78AFC2BC564F00026F39D /* SF-Pro-Text-Regular.otf */; };
		73C78AFF2BC564F10026F39D /* SF-Pro-Text-Bold.otf in Resources */ = {isa = PBXBuildFile; fileRef = 73C78AFD2BC564F10026F39D /* SF-Pro-Text-Bold.otf */; };
		73CB09502C760597008F7D2C /* EVYInputList.swift in Sources */ = {isa = PBXBuildFile; fileRef = 73CB094F2C760597008F7D2C /* EVYInputList.swift */; };
		73CB09522C7608A7008F7D2C /* EVYRectangle.swift in Sources */ = {isa = PBXBuildFile; fileRef = 73CB09512C7608A7008F7D2C /* EVYRectangle.swift */; };
		73CB09542C7609E5008F7D2C /* EVYInputListRow.swift in Sources */ = {isa = PBXBuildFile; fileRef = 73CB09532C7609E5008F7D2C /* EVYInputListRow.swift */; };
		73CDCAC22B272E0C00D4E82A /* EVYRow.swift in Sources */ = {isa = PBXBuildFile; fileRef = 73CDCAC12B272E0C00D4E82A /* EVYRow.swift */; };
		SL0010012F90000100000001 /* EVYSwipeableRow.swift in Sources */ = {isa = PBXBuildFile; fileRef = SL0010022F90000100000001 /* EVYSwipeableRow.swift */; };
		SL0010032F90000100000001 /* EVYSwipeGeometryTests.swift in Sources */ = {isa = PBXBuildFile; fileRef = SL0010042F90000100000001 /* EVYSwipeGeometryTests.swift */; };
		73D878E82B2ECD6900A1F9C2 /* chunked.swift in Sources */ = {isa = PBXBuildFile; fileRef = 73D878E72B2ECD6900A1F9C2 /* chunked.swift */; };
		73D878EE2B2EEFF900A1F9C2 /* EVYCarouselIndicator.swift in Sources */ = {isa = PBXBuildFile; fileRef = 73D878ED2B2EEFF900A1F9C2 /* EVYCarouselIndicator.swift */; };
		73DAEC0C2C7729F8003A0A29 /* EVYDatumRowFormatter.swift in Sources */ = {isa = PBXBuildFile; fileRef = 73DAEC0B2C7729F8003A0A29 /* EVYDatumRowFormatter.swift */; };
		73DE512B2C68BF3D00998024 /* EVYTextSelectRow.swift in Sources */ = {isa = PBXBuildFile; fileRef = 73DE512A2C68BF3D00998024 /* EVYTextSelectRow.swift */; };
		73E77C9D2C3118C100A53363 /* EVYInlinePicker.swift in Sources */ = {isa = PBXBuildFile; fileRef = 73E77C9C2C3118C100A53363 /* EVYInlinePicker.swift */; };
		73E77C9F2C3118D100A53363 /* EVYInlinePickerRow.swift in Sources */ = {isa = PBXBuildFile; fileRef = 73E77C9E2C3118D100A53363 /* EVYInlinePickerRow.swift */; };
		73EDC87D2B8F37E800304DD8 /* EVYButtonRow.swift in Sources */ = {isa = PBXBuildFile; fileRef = 73EDC87C2B8F37E800304DD8 /* EVYButtonRow.swift */; };
		73EDC87F2B8F387500304DD8 /* EVYButton.swift in Sources */ = {isa = PBXBuildFile; fileRef = 73EDC87E2B8F387500304DD8 /* EVYButton.swift */; };
		73F1A0012F30B00100000001 /* e2e.swift in Sources */ = {isa = PBXBuildFile; fileRef = 73F1A0002F30B00100000001 /* e2e.swift */; };
		73F2A0012F30B00200000001 /* UIEnums.swift in Sources */ = {isa = PBXBuildFile; fileRef = 73F2A0112F30B00200000001 /* UIEnums.swift */; };
		73F2A0022F30B00200000001 /* UIShapes.swift in Sources */ = {isa = PBXBuildFile; fileRef = 73F2A0122F30B00200000001 /* UIShapes.swift */; };
		73F2A0032F30B00200000001 /* UIRowPayloads.swift in Sources */ = {isa = PBXBuildFile; fileRef = 73F2A0132F30B00200000001 /* UIRowPayloads.swift */; };
		73F2A0062F30B00200000001 /* SduiDefinitions.generated.swift in Sources */ = {isa = PBXBuildFile; fileRef = 73F2A0162F30B00200000001 /* SduiDefinitions.generated.swift */; };
		73F2A0072F30B00200000001 /* SduiDefinitions.generated.swift in Sources */ = {isa = PBXBuildFile; fileRef = 73F2A0162F30B00200000001 /* SduiDefinitions.generated.swift */; };
		74A100292F32000100000001 /* SduiRowAttributeContractTests.swift in Sources */ = {isa = PBXBuildFile; fileRef = 74A100282F32000100000001 /* SduiRowAttributeContractTests.swift */; };
		73F2A0042F30B00200000001 /* DataOs.swift in Sources */ = {isa = PBXBuildFile; fileRef = 73F2A0142F30B00200000001 /* DataOs.swift */; };
		73F2A0052F30B00200000001 /* FilesFile.swift in Sources */ = {isa = PBXBuildFile; fileRef = 73F2A0152F30B00200000001 /* FilesFile.swift */; };

		73F3A0012F30B00300000001 /* EVYActionRunner.swift in Sources */ = {isa = PBXBuildFile; fileRef = 73F3A0022F30B00300000001 /* EVYActionRunner.swift */; };
		A7R0W0012F90000100000001 /* EVYRowActionOperation.swift in Sources */ = {isa = PBXBuildFile; fileRef = A7R0W0022F90000100000001 /* EVYRowActionOperation.swift */; };
		A7R0W0032F90000100000001 /* EVYPhotoFullScreen.swift in Sources */ = {isa = PBXBuildFile; fileRef = A7R0W0042F90000100000001 /* EVYPhotoFullScreen.swift */; };

		73F4B0032F40B00100000001 /* LucideIcons in Frameworks */ = {isa = PBXBuildFile; productRef = 73F4B0022F40B00100000001 /* LucideIcons */; };
		73F5D1012F50000100000001 /* EVYDraft.swift in Sources */ = {isa = PBXBuildFile; fileRef = 73F5D1002F50000100000001 /* EVYDraft.swift */; };
		73F5D2012F50000200000001 /* forEachRow.swift in Sources */ = {isa = PBXBuildFile; fileRef = 73F5D2002F50000200000001 /* forEachRow.swift */; };
		73F7A0012F70B00700000001 /* CoreResources.generated.swift in Sources */ = {isa = PBXBuildFile; fileRef = 73F7A0112F70B00700000001 /* CoreResources.generated.swift */; };
		73F7A0022F70B00700000002 /* MarketplaceResources.generated.swift in Sources */ = {isa = PBXBuildFile; fileRef = 73F7A0122F70B00700000002 /* MarketplaceResources.generated.swift */; };
		73F7A0032F70B00700000003 /* CoreResources.generated.swift in Sources */ = {isa = PBXBuildFile; fileRef = 73F7A0112F70B00700000001 /* CoreResources.generated.swift */; };
		73F7A0042F70B00700000004 /* MarketplaceResources.generated.swift in Sources */ = {isa = PBXBuildFile; fileRef = 73F7A0122F70B00700000002 /* MarketplaceResources.generated.swift */; };
		73F7E0022F70000100000001 /* EVYError.swift in Sources */ = {isa = PBXBuildFile; fileRef = 73F7E0012F70000100000001 /* EVYError.swift */; };
		73F7E1012F70010100000001 /* EVYDataStore.swift in Sources */ = {isa = PBXBuildFile; fileRef = 73F7E1002F70010100000001 /* EVYDataStore.swift */; };
		74A100012F32000100000001 /* interpreterTests.swift in Sources */ = {isa = PBXBuildFile; fileRef = 74A100042F32000100000001 /* interpreterTests.swift */; };
		74A100112F32000100000001 /* ContentViewTests.swift in Sources */ = {isa = PBXBuildFile; fileRef = 74A100142F32000100000001 /* ContentViewTests.swift */; };
		74A100132F32000100000001 /* EVYActionRunnerTests.swift in Sources */ = {isa = PBXBuildFile; fileRef = 74A100162F32000100000001 /* EVYActionRunnerTests.swift */; };
		74A100172F32000100000001 /* EVYDraftMergesTests.swift in Sources */ = {isa = PBXBuildFile; fileRef = 74A100182F32000100000001 /* EVYDraftMergesTests.swift */; };
		74A100222F32000100000001 /* EVYDraftBindingsTests.swift in Sources */ = {isa = PBXBuildFile; fileRef = 74A100212F32000100000001 /* EVYDraftBindingsTests.swift */; };
		74A100252F32000100000001 /* EVYCalendarTests.swift in Sources */ = {isa = PBXBuildFile; fileRef = 74A100262F32000100000001 /* EVYCalendarTests.swift */; };
		74A1002A2F32000100000001 /* EVYSelectionHelpersTests.swift in Sources */ = {isa = PBXBuildFile; fileRef = 74A1002B2F32000100000001 /* EVYSelectionHelpersTests.swift */; };

		74B200032F33000100000001 /* EVYCalendarAxisView.swift in Sources */ = {isa = PBXBuildFile; fileRef = 74B200042F33000100000001 /* EVYCalendarAxisView.swift */; };
		74BE007E2FA0000300000001 /* EVYRemoteFile.swift in Sources */ = {isa = PBXBuildFile; fileRef = 74BE007E2FA0000400000001 /* EVYRemoteFile.swift */; };
		74C100012F80000100000001 /* EVYLoadingIndicator.swift in Sources */ = {isa = PBXBuildFile; fileRef = 74C100002F80000100000001 /* EVYLoadingIndicator.swift */; };
		74CA0CE02FA0000100000001 /* EVYFileCache.swift in Sources */ = {isa = PBXBuildFile; fileRef = 74CA0CE02FA0000200000001 /* EVYFileCache.swift */; };
		7858E83074C330353C4844E5 /* EVY+DatumExpression.swift in Sources */ = {isa = PBXBuildFile; fileRef = 97A43F6468C5603E3B57ECD3 /* EVY+DatumExpression.swift */; };
		991D73259ED531116E413387 /* EVYTimeslotPickerRow.swift in Sources */ = {isa = PBXBuildFile; fileRef = D6746DC06DAF390017CE10CE /* EVYTimeslotPickerRow.swift */; };
		A61A9E25AFD75A42586274D7 /* EVYPhotoGalleryRow.swift in Sources */ = {isa = PBXBuildFile; fileRef = C97D5780FBD0B1C8C63B4E94 /* EVYPhotoGalleryRow.swift */; };
		A61A9E26AFD75A42586274D8 /* EVYPhotoGallery.swift in Sources */ = {isa = PBXBuildFile; fileRef = A61A9E27AFD75A42586274D9 /* EVYPhotoGallery.swift */; };
		E00100112F73010100000001 /* EVYDataStoreSortIndexTests.swift in Sources */ = {isa = PBXBuildFile; fileRef = E00100122F73010100000001 /* EVYDataStoreSortIndexTests.swift */; };
		FA001001PG00000100000001 /* EVYPhotoGalleryTests.swift in Sources */ = {isa = PBXBuildFile; fileRef = FA001002PG00000100000001 /* EVYPhotoGalleryTests.swift */; };
		FA001003TP00000100000001 /* EVYTimeslotPickerTests.swift in Sources */ = {isa = PBXBuildFile; fileRef = FA001004TP00000100000001 /* EVYTimeslotPickerTests.swift */; };
		FA20A0132F91000100000001 /* EVYSearchTests.swift in Sources */ = {isa = PBXBuildFile; fileRef = FA20A0122F91000100000001 /* EVYSearchTests.swift */; };
		DC001001NT00000100000001 /* EVYDataChangeNotificationTests.swift in Sources */ = {isa = PBXBuildFile; fileRef = DC001002NT00000100000001 /* EVYDataChangeNotificationTests.swift */; };
		FA001005ST00000100000001 /* EVYStateTests.swift in Sources */ = {isa = PBXBuildFile; fileRef = FA001006ST00000100000001 /* EVYStateTests.swift */; };
		FA002001MP00001000000001 /* EVYMap.swift in Sources */ = {isa = PBXBuildFile; fileRef = FA002002MP00001000000001 /* EVYMap.swift */; };
		FA002003MP00001000000001 /* EVYMapRow.swift in Sources */ = {isa = PBXBuildFile; fileRef = FA002004MP00001000000001 /* EVYMapRow.swift */; };
		FA002005MP00001000000001 /* EVYMapTests.swift in Sources */ = {isa = PBXBuildFile; fileRef = FA002006MP00001000000001 /* EVYMapTests.swift */; };
		FA001005ST00000100000001 /* EVYStateTests.swift in Sources */ = {isa = PBXBuildFile; fileRef = FA001006ST00000100000001 /* EVYStateTests.swift */; };
		FA001005RT00000100000001 /* EVYTextViewReactiveTitleTests.swift in Sources */ = {isa = PBXBuildFile; fileRef = FA001006RT00000100000001 /* EVYTextViewReactiveTitleTests.swift */; };
		SP001001UK00000100000001 /* XCTestCase+UniqueKey.swift in Sources */ = {isa = PBXBuildFile; fileRef = SP001002UK00000100000001 /* XCTestCase+UniqueKey.swift */; };
		SP001003UK00000100000001 /* EVYTestMessageFixtures.swift in Sources */ = {isa = PBXBuildFile; fileRef = SP001004UK00000100000001 /* EVYTestMessageFixtures.swift */; };
		RC0000012FAB000100000001 /* EVYAPIManagerReconnectTests.swift in Sources */ = {isa = PBXBuildFile; fileRef = RC0000022FAB000100000001 /* EVYAPIManagerReconnectTests.swift */; };
		ST0000032FAA2D1C006BEA92 /* EVYStoreRoutingTests.swift in Sources */ = {isa = PBXBuildFile; fileRef = ST0000042FAA2D1C006BEA92 /* EVYStoreRoutingTests.swift */; };
/* End PBXBuildFile section */

/* Begin PBXContainerItemProxy section */
		73F1A0032F30B00100000001 /* PBXContainerItemProxy */ = {
			isa = PBXContainerItemProxy;
			containerPortal = 737C6A9A2B2706890093D00C /* Project object */;
			proxyType = 1;
			remoteGlobalIDString = 737C6AA12B2706890093D00C;
			remoteInfo = evy;
		};
		74A100022F32000100000001 /* PBXContainerItemProxy */ = {
			isa = PBXContainerItemProxy;
			containerPortal = 737C6A9A2B2706890093D00C /* Project object */;
			proxyType = 1;
			remoteGlobalIDString = 737C6AA12B2706890093D00C;
			remoteInfo = evy;
		};
/* End PBXContainerItemProxy section */

/* Begin PBXFileReference section */
		B6C3D4E5F60718293A4C11 /* EVYAddressParsing.swift */ = {isa = PBXFileReference; lastKnownFileType = sourcecode.swift; path = EVYAddressParsing.swift; sourceTree = "<group>"; };
		B6C3D4E5F60718293A4C12 /* EVYInterpreterPreviews.swift */ = {isa = PBXFileReference; lastKnownFileType = sourcecode.swift; path = EVYInterpreterPreviews.swift; sourceTree = "<group>"; };
		B6C3D4E5F60718293A4C13 /* EVYFunctionsPreviews.swift */ = {isa = PBXFileReference; lastKnownFileType = sourcecode.swift; path = EVYFunctionsPreviews.swift; sourceTree = "<group>"; };
		A6B2C3D4E5F60718293A4B11 /* EVYFieldChrome.swift */ = {isa = PBXFileReference; lastKnownFileType = sourcecode.swift; path = EVYFieldChrome.swift; sourceTree = "<group>"; };
		A6B2C3D4E5F60718293A4B12 /* EVYOptionLoading.swift */ = {isa = PBXFileReference; lastKnownFileType = sourcecode.swift; path = EVYOptionLoading.swift; sourceTree = "<group>"; };
		A6B2C3D4E5F60718293A4B13 /* EVYRouting.swift */ = {isa = PBXFileReference; lastKnownFileType = sourcecode.swift; path = EVYRouting.swift; sourceTree = "<group>"; };
		A6B2C3D4E5F60718293A4B14 /* EVYRecordChangeView.swift */ = {isa = PBXFileReference; lastKnownFileType = sourcecode.swift; path = EVYRecordChangeView.swift; sourceTree = "<group>"; };
		A6B2C3D4E5F60718293A4B15 /* EVYSelectionHelpers.swift */ = {isa = PBXFileReference; lastKnownFileType = sourcecode.swift; path = EVYSelectionHelpers.swift; sourceTree = "<group>"; };
		C6B2C3D4E5F60718293A4B16 /* EVYFileIdSanitizer.swift */ = {isa = PBXFileReference; lastKnownFileType = sourcecode.swift; path = EVYFileIdSanitizer.swift; sourceTree = "<group>"; };
		2E00BD4A2BA1A99D00C09A1D /* EVYRadioButton.swift */ = {isa = PBXFileReference; lastKnownFileType = sourcecode.swift; path = EVYRadioButton.swift; sourceTree = "<group>"; };
		2E0B20F12B816AFA002C86A3 /* EVYSelectPhotoRow.swift */ = {isa = PBXFileReference; lastKnownFileType = sourcecode.swift; path = EVYSelectPhotoRow.swift; sourceTree = "<group>"; };
		2E5F4DBA2BB01A1200D3A3FB /* EVYDropdownRow.swift */ = {isa = PBXFileReference; lastKnownFileType = sourcecode.swift; path = EVYDropdownRow.swift; sourceTree = "<group>"; };
		2E5F4DBC2BB2C5D900D3A3FB /* EVYTextAreaRow.swift */ = {isa = PBXFileReference; lastKnownFileType = sourcecode.swift; path = EVYTextAreaRow.swift; sourceTree = "<group>"; };
		2E8EEC392B2730B0003DF2DC /* Constants.swift */ = {isa = PBXFileReference; lastKnownFileType = sourcecode.swift; path = Constants.swift; sourceTree = "<group>"; };
		2EE4E27C2B99D7F300CEF112 /* EVYSelectList.swift */ = {isa = PBXFileReference; lastKnownFileType = sourcecode.swift; path = EVYSelectList.swift; sourceTree = "<group>"; };
		7303B3192C3EB8A000796123 /* EVYCalendarSlot.swift */ = {isa = PBXFileReference; lastKnownFileType = sourcecode.swift; path = EVYCalendarSlot.swift; sourceTree = "<group>"; };
		7320F58F2C2FF8F000297C48 /* EVYTextRow.swift */ = {isa = PBXFileReference; lastKnownFileType = sourcecode.swift; path = EVYTextRow.swift; sourceTree = "<group>"; };
		7320F5982C2FF8F000297C48 /* EVYHeadingRow.swift */ = {isa = PBXFileReference; lastKnownFileType = sourcecode.swift; path = EVYHeadingRow.swift; sourceTree = "<group>"; };
		7320F5942C2FF8F000297C48 /* EVYTextActionRow.swift */ = {isa = PBXFileReference; lastKnownFileType = sourcecode.swift; path = EVYTextActionRow.swift; sourceTree = "<group>"; };
		7320F5962C2FF8F000297C48 /* EVYTextExpandRow.swift */ = {isa = PBXFileReference; lastKnownFileType = sourcecode.swift; path = EVYTextExpandRow.swift; sourceTree = "<group>"; };
		7320F5912C2FF8F000297C48 /* EVYListItemRow.swift */ = {isa = PBXFileReference; lastKnownFileType = sourcecode.swift; path = EVYListItemRow.swift; sourceTree = "<group>"; };
		732A50812C1D6AE80036B98B /* EVY.swift */ = {isa = PBXFileReference; lastKnownFileType = sourcecode.swift; path = EVY.swift; sourceTree = "<group>"; };
		7330E4382C9BFABB00FE8F31 /* EVYSelectItem.swift */ = {isa = PBXFileReference; lastKnownFileType = sourcecode.swift; path = EVYSelectItem.swift; sourceTree = "<group>"; };
		7333F44E2FAA2D1C006BEA92 /* EVY+Mutations.swift */ = {isa = PBXFileReference; lastKnownFileType = sourcecode.swift; path = "EVY+Mutations.swift"; sourceTree = "<group>"; };
		ST0000022FAA2D1C006BEA92 /* EVY+Stores.swift */ = {isa = PBXFileReference; lastKnownFileType = sourcecode.swift; path = "EVY+Stores.swift"; sourceTree = "<group>"; };
		7333F44F2FAA2D1C006BEA92 /* EVY+Preview.swift */ = {isa = PBXFileReference; lastKnownFileType = sourcecode.swift; path = "EVY+Preview.swift"; sourceTree = "<group>"; };
		7333F4502FAA2D1C006BEA92 /* EVY+QueryParams.swift */ = {isa = PBXFileReference; lastKnownFileType = sourcecode.swift; path = "EVY+QueryParams.swift"; sourceTree = "<group>"; };
		7333F4512FAA2D1C006BEA92 /* EVYFlowStore.swift */ = {isa = PBXFileReference; lastKnownFileType = sourcecode.swift; path = EVYFlowStore.swift; sourceTree = "<group>"; };
		7333F4522FAA2D1C006BEA92 /* EVY+Sync.swift */ = {isa = PBXFileReference; lastKnownFileType = sourcecode.swift; path = "EVY+Sync.swift"; sourceTree = "<group>"; };
		FA30A0102F91000100000001 /* EVY+Source.swift */ = {isa = PBXFileReference; lastKnownFileType = sourcecode.swift; path = "EVY+Source.swift"; sourceTree = "<group>"; };
		FA20A0142F91000100000001 /* EVYSearchRequesting.swift */ = {isa = PBXFileReference; lastKnownFileType = sourcecode.swift; path = EVYSearchRequesting.swift; sourceTree = "<group>"; };
		FA20A0162F91000100000001 /* EVYSearchModel.swift */ = {isa = PBXFileReference; lastKnownFileType = sourcecode.swift; path = EVYSearchModel.swift; sourceTree = "<group>"; };
		FA20A0182F91000100000001 /* EVYSearchModelTests.swift */ = {isa = PBXFileReference; lastKnownFileType = sourcecode.swift; path = EVYSearchModelTests.swift; sourceTree = "<group>"; };
		7333F4532FAA2D1C006BEA92 /* EVY+TextParsing.swift */ = {isa = PBXFileReference; lastKnownFileType = sourcecode.swift; path = "EVY+TextParsing.swift"; sourceTree = "<group>"; };
		734F5A212C2EBB2B00C0FD0A /* EVYDropdown.swift */ = {isa = PBXFileReference; lastKnownFileType = sourcecode.swift; path = EVYDropdown.swift; sourceTree = "<group>"; };
		734F5A2300IMGRPC00C0FD0A /* EVYFileRPC.swift */ = {isa = PBXFileReference; lastKnownFileType = sourcecode.swift; path = EVYFileRPC.swift; sourceTree = "<group>"; };
		734F5A232C2ED3BD00C0FD0A /* EVYSelectPhoto.swift */ = {isa = PBXFileReference; lastKnownFileType = sourcecode.swift; path = EVYSelectPhoto.swift; sourceTree = "<group>"; };
		734FD96C2C343C0100ACE8B7 /* EVYCalendar.swift */ = {isa = PBXFileReference; lastKnownFileType = sourcecode.swift; path = EVYCalendar.swift; sourceTree = "<group>"; };
		735795D22C21AF6100ADB49D /* interpreter.swift */ = {isa = PBXFileReference; lastKnownFileType = sourcecode.swift; path = interpreter.swift; sourceTree = "<group>"; };
		FA10A0022F90000100000001 /* EVYChange.swift */ = {isa = PBXFileReference; lastKnownFileType = sourcecode.swift; path = EVYChange.swift; sourceTree = "<group>"; };
		FA10A0042F90000100000001 /* EVYState.swift */ = {isa = PBXFileReference; lastKnownFileType = sourcecode.swift; path = EVYState.swift; sourceTree = "<group>"; };
		FA10A0062F90000100000001 /* EVYDraftStore.swift */ = {isa = PBXFileReference; lastKnownFileType = sourcecode.swift; path = EVYDraftStore.swift; sourceTree = "<group>"; };
		FA10A0082F90000100000001 /* EVYScope.swift */ = {isa = PBXFileReference; lastKnownFileType = sourcecode.swift; path = EVYScope.swift; sourceTree = "<group>"; };
		FA10A0102F90000100000001 /* EVYActionParser.swift */ = {isa = PBXFileReference; lastKnownFileType = sourcecode.swift; path = EVYActionParser.swift; sourceTree = "<group>"; };
		736D10562B78C4C500503C4D /* EVYPage.swift */ = {isa = PBXFileReference; fileEncoding = 4; lastKnownFileType = sourcecode.swift; path = EVYPage.swift; sourceTree = "<group>"; };

		737334F82B7B5F1800D2E1CF /* EVYInputRow.swift */ = {isa = PBXFileReference; fileEncoding = 4; lastKnownFileType = sourcecode.swift; path = EVYInputRow.swift; sourceTree = "<group>"; };
		737334FA2B7B671100D2E1CF /* EVYTextField.swift */ = {isa = PBXFileReference; fileEncoding = 4; lastKnownFileType = sourcecode.swift; path = EVYTextField.swift; sourceTree = "<group>"; };
		737C6AA22B2706890093D00C /* evy.app */ = {isa = PBXFileReference; explicitFileType = wrapper.application; includeInIndex = 0; path = evy.app; sourceTree = BUILT_PRODUCTS_DIR; };
		737C6AA52B2706890093D00C /* evyApp.swift */ = {isa = PBXFileReference; lastKnownFileType = sourcecode.swift; path = evyApp.swift; sourceTree = "<group>"; };
		737C6AA72B2706890093D00C /* ContentView.swift */ = {isa = PBXFileReference; lastKnownFileType = sourcecode.swift; path = ContentView.swift; sourceTree = "<group>"; };
		737C6AA92B27068A0093D00C /* Assets.xcassets */ = {isa = PBXFileReference; lastKnownFileType = folder.assetcatalog; path = Assets.xcassets; sourceTree = "<group>"; };
		737C6AAC2B27068A0093D00C /* Preview Assets.xcassets */ = {isa = PBXFileReference; lastKnownFileType = folder.assetcatalog; path = "Preview Assets.xcassets"; sourceTree = "<group>"; };
		737C6AC92B270AD90093D00C /* EVYWebsocket.swift */ = {isa = PBXFileReference; fileEncoding = 4; lastKnownFileType = sourcecode.swift; path = EVYWebsocket.swift; sourceTree = "<group>"; };
		737C6ACA2B270AD90093D00C /* EVYAPIManager.swift */ = {isa = PBXFileReference; fileEncoding = 4; lastKnownFileType = sourcecode.swift; path = EVYAPIManager.swift; sourceTree = "<group>"; };

		737F00EA2B342DEF00C35772 /* Info.plist */ = {isa = PBXFileReference; lastKnownFileType = text.plist; path = Info.plist; sourceTree = "<group>"; };
		737F00EB2B342EE600C35772 /* LaunchScreen.storyboard */ = {isa = PBXFileReference; lastKnownFileType = file.storyboard; path = LaunchScreen.storyboard; sourceTree = "<group>"; };
		73884AC32B2E9AE500BC8726 /* EVYTimeslotPicker.swift */ = {isa = PBXFileReference; lastKnownFileType = sourcecode.swift; path = EVYTimeslotPicker.swift; sourceTree = "<group>"; };
		738B4AED2B95DC3F005FF527 /* EVYData.swift */ = {isa = PBXFileReference; fileEncoding = 4; lastKnownFileType = sourcecode.swift; path = EVYData.swift; sourceTree = "<group>"; };
		73A6BDF82B85F75800C8F882 /* functions.swift */ = {isa = PBXFileReference; fileEncoding = 4; lastKnownFileType = sourcecode.swift; path = functions.swift; sourceTree = "<group>"; };
		73A6BE002B85F75900C8F882 /* EVYDatetime.swift */ = {isa = PBXFileReference; fileEncoding = 4; lastKnownFileType = sourcecode.swift; path = EVYDatetime.swift; sourceTree = "<group>"; };
		73B3CF7C2C6871EA00FD333A /* EVYCalendarRow.swift */ = {isa = PBXFileReference; lastKnownFileType = sourcecode.swift; path = EVYCalendarRow.swift; sourceTree = "<group>"; };
		73B3CF802C68ABD100FD333A /* EVYTabContainerRow.swift */ = {isa = PBXFileReference; lastKnownFileType = sourcecode.swift; path = EVYTabContainerRow.swift; sourceTree = "<group>"; };
		73B3CF842C68AD2200FD333A /* EVYHorizontalContainerRow.swift */ = {isa = PBXFileReference; fileEncoding = 4; lastKnownFileType = sourcecode.swift; path = EVYHorizontalContainerRow.swift; sourceTree = "<group>"; };
		73B3CF852C68AD2200FD333A /* EVYVerticalContainerRow.swift */ = {isa = PBXFileReference; fileEncoding = 4; lastKnownFileType = sourcecode.swift; path = EVYVerticalContainerRow.swift; sourceTree = "<group>"; };
		221829FB876E020A4FC512F5 /* EVYContainerTitleHeader.swift */ = {isa = PBXFileReference; lastKnownFileType = sourcecode.swift; path = EVYContainerTitleHeader.swift; sourceTree = "<group>"; };
		73C5D23D2C0AF1030024FF11 /* EVYTextView.swift */ = {isa = PBXFileReference; lastKnownFileType = sourcecode.swift; path = EVYTextView.swift; sourceTree = "<group>"; };
		74C100012F90000100000002 /* EVYNavigationTitle.swift */ = {isa = PBXFileReference; lastKnownFileType = sourcecode.swift; path = EVYNavigationTitle.swift; sourceTree = "<group>"; };
		74C100032F90000100000003 /* EVYTitleSubtitleRow.swift */ = {isa = PBXFileReference; lastKnownFileType = sourcecode.swift; path = EVYTitleSubtitleRow.swift; sourceTree = "<group>"; };
		73C78AE92BC549840026F39D /* EVYSearch.swift */ = {isa = PBXFileReference; lastKnownFileType = sourcecode.swift; path = EVYSearch.swift; sourceTree = "<group>"; };
		73C78AED2BC54DFE0026F39D /* EVYSearchRow.swift */ = {isa = PBXFileReference; fileEncoding = 4; lastKnownFileType = sourcecode.swift; path = EVYSearchRow.swift; sourceTree = "<group>"; };
		73C78AF12BC549840026F3A0 /* EVYTextInput.swift */ = {isa = PBXFileReference; lastKnownFileType = sourcecode.swift; path = EVYTextInput.swift; sourceTree = "<group>"; };
		73C78AFC2BC564F00026F39D /* SF-Pro-Text-Regular.otf */ = {isa = PBXFileReference; lastKnownFileType = file; path = "SF-Pro-Text-Regular.otf"; sourceTree = "<group>"; };
		73C78AFD2BC564F10026F39D /* SF-Pro-Text-Bold.otf */ = {isa = PBXFileReference; lastKnownFileType = file; path = "SF-Pro-Text-Bold.otf"; sourceTree = "<group>"; };
		73CB094F2C760597008F7D2C /* EVYInputList.swift */ = {isa = PBXFileReference; lastKnownFileType = sourcecode.swift; path = EVYInputList.swift; sourceTree = "<group>"; };
		73CB09512C7608A7008F7D2C /* EVYRectangle.swift */ = {isa = PBXFileReference; lastKnownFileType = sourcecode.swift; path = EVYRectangle.swift; sourceTree = "<group>"; };
		73CB09532C7609E5008F7D2C /* EVYInputListRow.swift */ = {isa = PBXFileReference; lastKnownFileType = sourcecode.swift; path = EVYInputListRow.swift; sourceTree = "<group>"; };
		73CDCAC12B272E0C00D4E82A /* EVYRow.swift */ = {isa = PBXFileReference; lastKnownFileType = sourcecode.swift; path = EVYRow.swift; sourceTree = "<group>"; };
		SL0010022F90000100000001 /* EVYSwipeableRow.swift */ = {isa = PBXFileReference; lastKnownFileType = sourcecode.swift; path = EVYSwipeableRow.swift; sourceTree = "<group>"; };
		SL0010042F90000100000001 /* EVYSwipeGeometryTests.swift */ = {isa = PBXFileReference; lastKnownFileType = sourcecode.swift; path = EVYSwipeGeometryTests.swift; sourceTree = "<group>"; };
		73D878E72B2ECD6900A1F9C2 /* chunked.swift */ = {isa = PBXFileReference; lastKnownFileType = sourcecode.swift; path = chunked.swift; sourceTree = "<group>"; };
		73D878ED2B2EEFF900A1F9C2 /* EVYCarouselIndicator.swift */ = {isa = PBXFileReference; lastKnownFileType = sourcecode.swift; path = EVYCarouselIndicator.swift; sourceTree = "<group>"; };
		73DAEC0B2C7729F8003A0A29 /* EVYDatumRowFormatter.swift */ = {isa = PBXFileReference; lastKnownFileType = sourcecode.swift; path = EVYDatumRowFormatter.swift; sourceTree = "<group>"; };
		73DE512A2C68BF3D00998024 /* EVYTextSelectRow.swift */ = {isa = PBXFileReference; lastKnownFileType = sourcecode.swift; path = EVYTextSelectRow.swift; sourceTree = "<group>"; };
		73E77C9C2C3118C100A53363 /* EVYInlinePicker.swift */ = {isa = PBXFileReference; lastKnownFileType = sourcecode.swift; path = EVYInlinePicker.swift; sourceTree = "<group>"; };
		73E77C9E2C3118D100A53363 /* EVYInlinePickerRow.swift */ = {isa = PBXFileReference; lastKnownFileType = sourcecode.swift; path = EVYInlinePickerRow.swift; sourceTree = "<group>"; };
		73EDC87C2B8F37E800304DD8 /* EVYButtonRow.swift */ = {isa = PBXFileReference; fileEncoding = 4; lastKnownFileType = sourcecode.swift; path = EVYButtonRow.swift; sourceTree = "<group>"; };
		73EDC87E2B8F387500304DD8 /* EVYButton.swift */ = {isa = PBXFileReference; fileEncoding = 4; lastKnownFileType = sourcecode.swift; path = EVYButton.swift; sourceTree = "<group>"; };
		73F1A0002F30B00100000001 /* e2e.swift */ = {isa = PBXFileReference; lastKnownFileType = sourcecode.swift; path = e2e.swift; sourceTree = "<group>"; };
		73F1A0052F30B00100000001 /* evyUITests.xctest */ = {isa = PBXFileReference; explicitFileType = wrapper.cfbundle; includeInIndex = 0; path = evyUITests.xctest; sourceTree = BUILT_PRODUCTS_DIR; };
		73F2A0112F30B00200000001 /* UIEnums.swift */ = {isa = PBXFileReference; lastKnownFileType = sourcecode.swift; path = UIEnums.swift; sourceTree = "<group>"; };
		73F2A0122F30B00200000001 /* UIShapes.swift */ = {isa = PBXFileReference; lastKnownFileType = sourcecode.swift; path = UIShapes.swift; sourceTree = "<group>"; };
		73F2A0132F30B00200000001 /* UIRowPayloads.swift */ = {isa = PBXFileReference; lastKnownFileType = sourcecode.swift; path = UIRowPayloads.swift; sourceTree = "<group>"; };
		73F2A0162F30B00200000001 /* SduiDefinitions.generated.swift */ = {isa = PBXFileReference; lastKnownFileType = sourcecode.swift; path = SduiDefinitions.generated.swift; sourceTree = "<group>"; };
		74A100282F32000100000001 /* SduiRowAttributeContractTests.swift */ = {isa = PBXFileReference; lastKnownFileType = sourcecode.swift; path = SduiRowAttributeContractTests.swift; sourceTree = "<group>"; };
		73F2A0142F30B00200000001 /* DataOs.swift */ = {isa = PBXFileReference; lastKnownFileType = sourcecode.swift; path = DataOs.swift; sourceTree = "<group>"; };
		73F2A0152F30B00200000001 /* FilesFile.swift */ = {isa = PBXFileReference; lastKnownFileType = sourcecode.swift; path = FilesFile.swift; sourceTree = "<group>"; };

		73F3A0022F30B00300000001 /* EVYActionRunner.swift */ = {isa = PBXFileReference; lastKnownFileType = sourcecode.swift; path = EVYActionRunner.swift; sourceTree = "<group>"; };
		A7R0W0022F90000100000001 /* EVYRowActionOperation.swift */ = {isa = PBXFileReference; lastKnownFileType = sourcecode.swift; path = EVYRowActionOperation.swift; sourceTree = "<group>"; };
		A7R0W0042F90000100000001 /* EVYPhotoFullScreen.swift */ = {isa = PBXFileReference; lastKnownFileType = sourcecode.swift; path = EVYPhotoFullScreen.swift; sourceTree = "<group>"; };

		73F5D1002F50000100000001 /* EVYDraft.swift */ = {isa = PBXFileReference; lastKnownFileType = sourcecode.swift; path = EVYDraft.swift; sourceTree = "<group>"; };
		73F5D2002F50000200000001 /* forEachRow.swift */ = {isa = PBXFileReference; lastKnownFileType = sourcecode.swift; path = forEachRow.swift; sourceTree = "<group>"; };
		73F7A0112F70B00700000001 /* CoreResources.generated.swift */ = {isa = PBXFileReference; lastKnownFileType = sourcecode.swift; path = CoreResources.generated.swift; sourceTree = "<group>"; };
		73F7A0122F70B00700000002 /* MarketplaceResources.generated.swift */ = {isa = PBXFileReference; lastKnownFileType = sourcecode.swift; path = MarketplaceResources.generated.swift; sourceTree = "<group>"; };
		73F7E0012F70000100000001 /* EVYError.swift */ = {isa = PBXFileReference; fileEncoding = 4; lastKnownFileType = sourcecode.swift; path = EVYError.swift; sourceTree = "<group>"; };
		73F7E1002F70010100000001 /* EVYDataStore.swift */ = {isa = PBXFileReference; fileEncoding = 4; lastKnownFileType = sourcecode.swift; path = EVYDataStore.swift; sourceTree = "<group>"; };
		74A100042F32000100000001 /* interpreterTests.swift */ = {isa = PBXFileReference; lastKnownFileType = sourcecode.swift; path = interpreterTests.swift; sourceTree = "<group>"; };
		74A100052F32000100000001 /* evyTests.xctest */ = {isa = PBXFileReference; explicitFileType = wrapper.cfbundle; includeInIndex = 0; path = evyTests.xctest; sourceTree = BUILT_PRODUCTS_DIR; };
		74A100142F32000100000001 /* ContentViewTests.swift */ = {isa = PBXFileReference; lastKnownFileType = sourcecode.swift; path = ContentViewTests.swift; sourceTree = "<group>"; };
		74A100162F32000100000001 /* EVYActionRunnerTests.swift */ = {isa = PBXFileReference; lastKnownFileType = sourcecode.swift; path = EVYActionRunnerTests.swift; sourceTree = "<group>"; };
		74A100182F32000100000001 /* EVYDraftMergesTests.swift */ = {isa = PBXFileReference; lastKnownFileType = sourcecode.swift; path = EVYDraftMergesTests.swift; sourceTree = "<group>"; };
		74A100212F32000100000001 /* EVYDraftBindingsTests.swift */ = {isa = PBXFileReference; lastKnownFileType = sourcecode.swift; path = EVYDraftBindingsTests.swift; sourceTree = "<group>"; };
		74A100262F32000100000001 /* EVYCalendarTests.swift */ = {isa = PBXFileReference; lastKnownFileType = sourcecode.swift; path = EVYCalendarTests.swift; sourceTree = "<group>"; };
		74A1002B2F32000100000001 /* EVYSelectionHelpersTests.swift */ = {isa = PBXFileReference; lastKnownFileType = sourcecode.swift; path = EVYSelectionHelpersTests.swift; sourceTree = "<group>"; };

		74B200042F33000100000001 /* EVYCalendarAxisView.swift */ = {isa = PBXFileReference; lastKnownFileType = sourcecode.swift; path = EVYCalendarAxisView.swift; sourceTree = "<group>"; };
		74BE007E2FA0000400000001 /* EVYRemoteFile.swift */ = {isa = PBXFileReference; lastKnownFileType = sourcecode.swift; path = EVYRemoteFile.swift; sourceTree = "<group>"; };
		74C100002F80000100000001 /* EVYLoadingIndicator.swift */ = {isa = PBXFileReference; lastKnownFileType = sourcecode.swift; path = EVYLoadingIndicator.swift; sourceTree = "<group>"; };
		74CA0CE02FA0000200000001 /* EVYFileCache.swift */ = {isa = PBXFileReference; lastKnownFileType = sourcecode.swift; path = EVYFileCache.swift; sourceTree = "<group>"; };
		97A43F6468C5603E3B57ECD3 /* EVY+DatumExpression.swift */ = {isa = PBXFileReference; includeInIndex = 1; lastKnownFileType = sourcecode.swift; path = "EVY+DatumExpression.swift"; sourceTree = "<group>"; };
		A61A9E27AFD75A42586274D9 /* EVYPhotoGallery.swift */ = {isa = PBXFileReference; includeInIndex = 1; lastKnownFileType = sourcecode.swift; path = EVYPhotoGallery.swift; sourceTree = "<group>"; };
		C97D5780FBD0B1C8C63B4E94 /* EVYPhotoGalleryRow.swift */ = {isa = PBXFileReference; includeInIndex = 1; lastKnownFileType = sourcecode.swift; path = EVYPhotoGalleryRow.swift; sourceTree = "<group>"; };
		D6746DC06DAF390017CE10CE /* EVYTimeslotPickerRow.swift */ = {isa = PBXFileReference; includeInIndex = 1; lastKnownFileType = sourcecode.swift; path = EVYTimeslotPickerRow.swift; sourceTree = "<group>"; };
		E00100122F73010100000001 /* EVYDataStoreSortIndexTests.swift */ = {isa = PBXFileReference; lastKnownFileType = sourcecode.swift; path = EVYDataStoreSortIndexTests.swift; sourceTree = "<group>"; };
		FA001002PG00000100000001 /* EVYPhotoGalleryTests.swift */ = {isa = PBXFileReference; lastKnownFileType = sourcecode.swift; path = EVYPhotoGalleryTests.swift; sourceTree = "<group>"; };
		FA001004TP00000100000001 /* EVYTimeslotPickerTests.swift */ = {isa = PBXFileReference; lastKnownFileType = sourcecode.swift; path = EVYTimeslotPickerTests.swift; sourceTree = "<group>"; };
		FA20A0122F91000100000001 /* EVYSearchTests.swift */ = {isa = PBXFileReference; lastKnownFileType = sourcecode.swift; path = EVYSearchTests.swift; sourceTree = "<group>"; };
		DC001002NT00000100000001 /* EVYDataChangeNotificationTests.swift */ = {isa = PBXFileReference; lastKnownFileType = sourcecode.swift; path = EVYDataChangeNotificationTests.swift; sourceTree = "<group>"; };
		FA001006ST00000100000001 /* EVYStateTests.swift */ = {isa = PBXFileReference; lastKnownFileType = sourcecode.swift; path = EVYStateTests.swift; sourceTree = "<group>"; };
		FA001006RT00000100000001 /* EVYTextViewReactiveTitleTests.swift */ = {isa = PBXFileReference; lastKnownFileType = sourcecode.swift; path = EVYTextViewReactiveTitleTests.swift; sourceTree = "<group>"; };
		SP001002UK00000100000001 /* XCTestCase+UniqueKey.swift */ = {isa = PBXFileReference; lastKnownFileType = sourcecode.swift; path = "XCTestCase+UniqueKey.swift"; sourceTree = "<group>"; };
		SP001004UK00000100000001 /* EVYTestMessageFixtures.swift */ = {isa = PBXFileReference; lastKnownFileType = sourcecode.swift; path = EVYTestMessageFixtures.swift; sourceTree = "<group>"; };
		RC0000022FAB000100000001 /* EVYAPIManagerReconnectTests.swift */ = {isa = PBXFileReference; lastKnownFileType = sourcecode.swift; path = EVYAPIManagerReconnectTests.swift; sourceTree = "<group>"; };
		ST0000042FAA2D1C006BEA92 /* EVYStoreRoutingTests.swift */ = {isa = PBXFileReference; lastKnownFileType = sourcecode.swift; path = EVYStoreRoutingTests.swift; sourceTree = "<group>"; };
		FA002002MP00001000000001 /* EVYMap.swift */ = {isa = PBXFileReference; lastKnownFileType = sourcecode.swift; path = EVYMap.swift; sourceTree = "<group>"; };
		FA002004MP00001000000001 /* EVYMapRow.swift */ = {isa = PBXFileReference; lastKnownFileType = sourcecode.swift; path = EVYMapRow.swift; sourceTree = "<group>"; };
		FA002006MP00001000000001 /* EVYMapTests.swift */ = {isa = PBXFileReference; lastKnownFileType = sourcecode.swift; path = EVYMapTests.swift; sourceTree = "<group>"; };
		FA003002DP00001000000001 /* EVYDataPatcherTests.swift */ = {isa = PBXFileReference; lastKnownFileType = sourcecode.swift; path = EVYDataPatcherTests.swift; sourceTree = "<group>"; };
/* End PBXFileReference section */

/* Begin PBXFrameworksBuildPhase section */
		737C6A9F2B2706890093D00C /* Frameworks */ = {
			isa = PBXFrameworksBuildPhase;
			buildActionMask = 2147483647;
			files = (
				73F4B0032F40B00100000001 /* LucideIcons in Frameworks */,
			);
			runOnlyForDeploymentPostprocessing = 0;
		};
		73F1A0062F30B00100000001 /* Frameworks */ = {
			isa = PBXFrameworksBuildPhase;
			buildActionMask = 2147483647;
			files = (
			);
			runOnlyForDeploymentPostprocessing = 0;
		};
		74A100062F32000100000001 /* Frameworks */ = {
			isa = PBXFrameworksBuildPhase;
			buildActionMask = 2147483647;
			files = (
			);
			runOnlyForDeploymentPostprocessing = 0;
		};
/* End PBXFrameworksBuildPhase section */

/* Begin PBXGroup section */
		2E0056102B908CC500D81297 /* Data */ = {
			isa = PBXGroup;
			children = (
				737C6AC82B270AD90093D00C /* API */,
				737C6ABF2B270AAE0093D00C /* Models */,
				737C6ACA2B270AD90093D00C /* EVYAPIManager.swift */,
				FA20A0142F91000100000001 /* EVYSearchRequesting.swift */,
				FA10A0022F90000100000001 /* EVYChange.swift */,
				74CA0CE02FA0000200000001 /* EVYFileCache.swift */,
				FA10A0042F90000100000001 /* EVYState.swift */,
				FA10A0062F90000100000001 /* EVYDraftStore.swift */,
				73F7E1002F70010100000001 /* EVYDataStore.swift */,
				73F7E0012F70000100000001 /* EVYError.swift */,
				73DAEC0B2C7729F8003A0A29 /* EVYDatumRowFormatter.swift */,
			);
			path = Data;
			sourceTree = "<group>";
		};
		730D008E2B29D91200B5BCB6 /* Utils */ = {
			isa = PBXGroup;
			children = (
				73D878E72B2ECD6900A1F9C2 /* chunked.swift */,
				73A6BE002B85F75900C8F882 /* EVYDatetime.swift */,
				73A6BDF82B85F75800C8F882 /* functions.swift */,
				735795D22C21AF6100ADB49D /* interpreter.swift */,
				73F5D2002F50000200000001 /* forEachRow.swift */,
				A6B2C3D4E5F60718293A4B12 /* EVYOptionLoading.swift */,
				A6B2C3D4E5F60718293A4B15 /* EVYSelectionHelpers.swift */,
				C6B2C3D4E5F60718293A4B16 /* EVYFileIdSanitizer.swift */,
				B6C3D4E5F60718293A4C11 /* EVYAddressParsing.swift */,
			);
			path = Utils;
			sourceTree = "<group>";
		};
		7333F4542FAA2D1C006BEA92 /* Core */ = {
			isa = PBXGroup;
			children = (
				7333F44E2FAA2D1C006BEA92 /* EVY+Mutations.swift */,
				7333F44F2FAA2D1C006BEA92 /* EVY+Preview.swift */,
				7333F4502FAA2D1C006BEA92 /* EVY+QueryParams.swift */,
				7333F4512FAA2D1C006BEA92 /* EVYFlowStore.swift */,
				A6B2C3D4E5F60718293A4B13 /* EVYRouting.swift */,
				FA10A0082F90000100000001 /* EVYScope.swift */,
				7333F4522FAA2D1C006BEA92 /* EVY+Sync.swift */,
				ST0000022FAA2D1C006BEA92 /* EVY+Stores.swift */,
				FA30A0102F91000100000001 /* EVY+Source.swift */,
				7333F4532FAA2D1C006BEA92 /* EVY+TextParsing.swift */,
				97A43F6468C5603E3B57ECD3 /* EVY+DatumExpression.swift */,
			);
			path = Core;
			sourceTree = "<group>";
		};
		736D104F2B78C4A100503C4D /* Rows */ = {
			isa = PBXGroup;
			children = (
				736E12422BBFE38400D100E4 /* Container */,
				736E12412BBFE37B00D100E4 /* Edit */,
				736E12432BBFE38E00D100E4 /* View */,
				736E12442BBFE39500D100E4 /* Action */,
			);
			path = Rows;
			sourceTree = "<group>";
		};
		736D10552B78C4C500503C4D /* UI */ = {
			isa = PBXGroup;
			children = (

				736D10562B78C4C500503C4D /* EVYPage.swift */,
				73CDCAC12B272E0C00D4E82A /* EVYRow.swift */,
				SL0010022F90000100000001 /* EVYSwipeableRow.swift */,
				A6B2C3D4E5F60718293A4B14 /* EVYRecordChangeView.swift */,
				73F3A0022F30B00300000001 /* EVYActionRunner.swift */,
				A7R0W0022F90000100000001 /* EVYRowActionOperation.swift */,
				FA10A0102F90000100000001 /* EVYActionParser.swift */,
				73C78AFB2BC564E30026F39D /* Assets */,
				736D104F2B78C4A100503C4D /* Rows */,
				73CDCAB42B27176700D4E82A /* Views */,
				B6C3D4E5F60718293A4C20 /* Previews */,
				73A2AB572C99A09800307E37 /* Atoms */,
			);
			path = UI;
			sourceTree = "<group>";
		};
		736E12412BBFE37B00D100E4 /* Edit */ = {
			isa = PBXGroup;
			children = (
				73B3CF7C2C6871EA00FD333A /* EVYCalendarRow.swift */,
				2E5F4DBA2BB01A1200D3A3FB /* EVYDropdownRow.swift */,
				73E77C9E2C3118D100A53363 /* EVYInlinePickerRow.swift */,
				737334F82B7B5F1800D2E1CF /* EVYInputRow.swift */,
				73C78AED2BC54DFE0026F39D /* EVYSearchRow.swift */,
				2E0B20F12B816AFA002C86A3 /* EVYSelectPhotoRow.swift */,
				2E5F4DBC2BB2C5D900D3A3FB /* EVYTextAreaRow.swift */,
				73DE512A2C68BF3D00998024 /* EVYTextSelectRow.swift */,
				D6746DC06DAF390017CE10CE /* EVYTimeslotPickerRow.swift */,
			);
			path = Edit;
			sourceTree = "<group>";
		};
		736E12422BBFE38400D100E4 /* Container */ = {
			isa = PBXGroup;
			children = (
				73B3CF842C68AD2200FD333A /* EVYHorizontalContainerRow.swift */,
				73B3CF852C68AD2200FD333A /* EVYVerticalContainerRow.swift */,
				73B3CF802C68ABD100FD333A /* EVYTabContainerRow.swift */,
				221829FB876E020A4FC512F5 /* EVYContainerTitleHeader.swift */,
			);
			path = Container;
			sourceTree = "<group>";
		};
		736E12432BBFE38E00D100E4 /* View */ = {
			isa = PBXGroup;
			children = (
				7320F58F2C2FF8F000297C48 /* EVYTextRow.swift */,
				7320F5982C2FF8F000297C48 /* EVYHeadingRow.swift */,
				7320F5942C2FF8F000297C48 /* EVYTextActionRow.swift */,
				7320F5962C2FF8F000297C48 /* EVYTextExpandRow.swift */,
				73CB09532C7609E5008F7D2C /* EVYInputListRow.swift */,
				7320F5912C2FF8F000297C48 /* EVYListItemRow.swift */,
				FA002004MP00001000000001 /* EVYMapRow.swift */,
				C97D5780FBD0B1C8C63B4E94 /* EVYPhotoGalleryRow.swift */,

			);
			path = View;
			sourceTree = "<group>";
		};
		736E12442BBFE39500D100E4 /* Action */ = {
			isa = PBXGroup;
			children = (
				73EDC87C2B8F37E800304DD8 /* EVYButtonRow.swift */,
			);
			path = Action;
			sourceTree = "<group>";
		};
		737C6A992B2706890093D00C = {
			isa = PBXGroup;
			children = (
				737C6AA42B2706890093D00C /* evy */,
				74A100072F32000100000001 /* evyTests */,
				73F1A0072F30B00100000001 /* e2e */,
				737C6AA32B2706890093D00C /* Products */,
			);
			sourceTree = "<group>";
		};
		737C6AA32B2706890093D00C /* Products */ = {
			isa = PBXGroup;
			children = (
				737C6AA22B2706890093D00C /* evy.app */,
				73F1A0052F30B00100000001 /* evyUITests.xctest */,
				74A100052F32000100000001 /* evyTests.xctest */,
			);
			name = Products;
			sourceTree = "<group>";
		};
		737C6AA42B2706890093D00C /* evy */ = {
			isa = PBXGroup;
			children = (
				737C6AA92B27068A0093D00C /* Assets.xcassets */,
				2E8EEC392B2730B0003DF2DC /* Constants.swift */,
				737C6AA72B2706890093D00C /* ContentView.swift */,
				737C6AA52B2706890093D00C /* evyApp.swift */,
				732A50812C1D6AE80036B98B /* EVY.swift */,
				737F00EA2B342DEF00C35772 /* Info.plist */,
				737F00EB2B342EE600C35772 /* LaunchScreen.storyboard */,
				7333F4542FAA2D1C006BEA92 /* Core */,
				2E0056102B908CC500D81297 /* Data */,
				737C6AAB2B27068A0093D00C /* Preview Content */,
				736D10552B78C4C500503C4D /* UI */,
				730D008E2B29D91200B5BCB6 /* Utils */,
				73F2A0102F30B00200000001 /* swift */,
			);
			path = evy;
			sourceTree = "<group>";
		};
		737C6AAB2B27068A0093D00C /* Preview Content */ = {
			isa = PBXGroup;
			children = (
				737C6AAC2B27068A0093D00C /* Preview Assets.xcassets */,
			);
			path = "Preview Content";
			sourceTree = "<group>";
		};
		737C6ABF2B270AAE0093D00C /* Models */ = {
			isa = PBXGroup;
			children = (
				738B4AED2B95DC3F005FF527 /* EVYData.swift */,
				73F5D1002F50000100000001 /* EVYDraft.swift */,
				7303B3192C3EB8A000796123 /* EVYCalendarSlot.swift */,
			);
			path = Models;
			sourceTree = "<group>";
		};
		737C6AC82B270AD90093D00C /* API */ = {
			isa = PBXGroup;
			children = (
				737C6AC92B270AD90093D00C /* EVYWebsocket.swift */,
				734F5A2300IMGRPC00C0FD0A /* EVYFileRPC.swift */,
			);
			path = API;
			sourceTree = "<group>";
		};
		73A2AB572C99A09800307E37 /* Atoms */ = {
			isa = PBXGroup;
			children = (
				73C5D23D2C0AF1030024FF11 /* EVYTextView.swift */,
				74C100012F90000100000002 /* EVYNavigationTitle.swift */,
				74C100032F90000100000003 /* EVYTitleSubtitleRow.swift */,
				73D878ED2B2EEFF900A1F9C2 /* EVYCarouselIndicator.swift */,
				2E00BD4A2BA1A99D00C09A1D /* EVYRadioButton.swift */,
				74C100002F80000100000001 /* EVYLoadingIndicator.swift */,
				73CB09512C7608A7008F7D2C /* EVYRectangle.swift */,
			);
			path = Atoms;
			sourceTree = "<group>";
		};
		73C78AFB2BC564E30026F39D /* Assets */ = {
			isa = PBXGroup;
			children = (
				73C78AFD2BC564F10026F39D /* SF-Pro-Text-Bold.otf */,
				73C78AFC2BC564F00026F39D /* SF-Pro-Text-Regular.otf */,
			);
			path = Assets;
			sourceTree = "<group>";
		};
		B6C3D4E5F60718293A4C20 /* Previews */ = {
			isa = PBXGroup;
			children = (
				B6C3D4E5F60718293A4C12 /* EVYInterpreterPreviews.swift */,
				B6C3D4E5F60718293A4C13 /* EVYFunctionsPreviews.swift */,
			);
			path = Previews;
			sourceTree = "<group>";
		};
		73CDCAB42B27176700D4E82A /* Views */ = {
			isa = PBXGroup;
			children = (
				73EDC87E2B8F387500304DD8 /* EVYButton.swift */,
				734FD96C2C343C0100ACE8B7 /* EVYCalendar.swift */,
				74B200042F33000100000001 /* EVYCalendarAxisView.swift */,
				734F5A212C2EBB2B00C0FD0A /* EVYDropdown.swift */,
				73E77C9C2C3118C100A53363 /* EVYInlinePicker.swift */,
				73CB094F2C760597008F7D2C /* EVYInputList.swift */,
				FA002002MP00001000000001 /* EVYMap.swift */,
				73C78AE92BC549840026F39D /* EVYSearch.swift */,
				FA20A0162F91000100000001 /* EVYSearchModel.swift */,
				73C78AF12BC549840026F3A0 /* EVYTextInput.swift */,
				A6B2C3D4E5F60718293A4B11 /* EVYFieldChrome.swift */,
				737334FA2B7B671100D2E1CF /* EVYTextField.swift */,
				2EE4E27C2B99D7F300CEF112 /* EVYSelectList.swift */,
				7330E4382C9BFABB00FE8F31 /* EVYSelectItem.swift */,
				734F5A232C2ED3BD00C0FD0A /* EVYSelectPhoto.swift */,
				A61A9E27AFD75A42586274D9 /* EVYPhotoGallery.swift */,
				A7R0W0042F90000100000001 /* EVYPhotoFullScreen.swift */,
				74BE007E2FA0000400000001 /* EVYRemoteFile.swift */,
				73884AC32B2E9AE500BC8726 /* EVYTimeslotPicker.swift */,
			);
			path = Views;
			sourceTree = "<group>";
		};
		73F1A0072F30B00100000001 /* e2e */ = {
			isa = PBXGroup;
			children = (
				73F1A0002F30B00100000001 /* e2e.swift */,
			);
			path = e2e;
			sourceTree = "<group>";
		};
		73F2A0102F30B00200000001 /* swift */ = {
			isa = PBXGroup;
			children = (
				73F2A0142F30B00200000001 /* DataOs.swift */,
					73F2A0112F30B00200000001 /* UIEnums.swift */,
					73F2A0122F30B00200000001 /* UIShapes.swift */,
					73F2A0132F30B00200000001 /* UIRowPayloads.swift */,
					73F2A0162F30B00200000001 /* SduiDefinitions.generated.swift */,
					73F2A0152F30B00200000001 /* FilesFile.swift */,
					73F7A0112F70B00700000001 /* CoreResources.generated.swift */,
					73F7A0122F70B00700000002 /* MarketplaceResources.generated.swift */,

			);
			path = ../../types/generated/swift;
			sourceTree = "<group>";
		};
		74A100072F32000100000001 /* evyTests */ = {
			isa = PBXGroup;
			children = (
				74A100162F32000100000001 /* EVYActionRunnerTests.swift */,
				74A100142F32000100000001 /* ContentViewTests.swift */,
				74A100182F32000100000001 /* EVYDraftMergesTests.swift */,
				74A100212F32000100000001 /* EVYDraftBindingsTests.swift */,
				E00100122F73010100000001 /* EVYDataStoreSortIndexTests.swift */,
				FA001002PG00000100000001 /* EVYPhotoGalleryTests.swift */,
				FA001004TP00000100000001 /* EVYTimeslotPickerTests.swift */,
				FA20A0122F91000100000001 /* EVYSearchTests.swift */,
				FA20A0182F91000100000001 /* EVYSearchModelTests.swift */,
				DC001002NT00000100000001 /* EVYDataChangeNotificationTests.swift */,
				FA001006ST00000100000001 /* EVYStateTests.swift */,
				FA001006RT00000100000001 /* EVYTextViewReactiveTitleTests.swift */,
		SP001002UK00000100000001 /* XCTestCase+UniqueKey.swift */,
				SP001004UK00000100000001 /* EVYTestMessageFixtures.swift */,
				RC0000022FAB000100000001 /* EVYAPIManagerReconnectTests.swift */,
				ST0000042FAA2D1C006BEA92 /* EVYStoreRoutingTests.swift */,
				FA002006MP00001000000001 /* EVYMapTests.swift */,
				FA003002DP00001000000001 /* EVYDataPatcherTests.swift */,
				74A100262F32000100000001 /* EVYCalendarTests.swift */,
				SL0010042F90000100000001 /* EVYSwipeGeometryTests.swift */,
				74A1002B2F32000100000001 /* EVYSelectionHelpersTests.swift */,
				74A100042F32000100000001 /* interpreterTests.swift */,
				74A100282F32000100000001 /* SduiRowAttributeContractTests.swift */,
			);
			path = evyTests;
			sourceTree = "<group>";
		};
/* End PBXGroup section */

/* Begin PBXNativeTarget section */
		737C6AA12B2706890093D00C /* evy */ = {
			isa = PBXNativeTarget;
			buildConfigurationList = 737C6AB02B27068A0093D00C /* Build configuration list for PBXNativeTarget "evy" */;
			buildPhases = (
				737C6A9E2B2706890093D00C /* Sources */,
				737C6A9F2B2706890093D00C /* Frameworks */,
				737C6AA02B2706890093D00C /* Resources */,
			);
			buildRules = (
			);
			dependencies = (
			);
			name = evy;
			packageProductDependencies = (
				73F4B0022F40B00100000001 /* LucideIcons */,
			);
			productName = evy;
			productReference = 737C6AA22B2706890093D00C /* evy.app */;
			productType = "com.apple.product-type.application";
		};
		73F1A0082F30B00100000001 /* evyUITests */ = {
			isa = PBXNativeTarget;
			buildConfigurationList = 73F1A00D2F30B00100000001 /* Build configuration list for PBXNativeTarget "evyUITests" */;
			buildPhases = (
				73F1A0092F30B00100000001 /* Sources */,
				73F1A0062F30B00100000001 /* Frameworks */,
				73F1A00A2F30B00100000001 /* Resources */,
			);
			buildRules = (
			);
			dependencies = (
				73F1A0042F30B00100000001 /* PBXTargetDependency */,
			);
			name = evyUITests;
			productName = evyUITests;
			productReference = 73F1A0052F30B00100000001 /* evyUITests.xctest */;
			productType = "com.apple.product-type.bundle.ui-testing";
		};
		74A100082F32000100000001 /* evyTests */ = {
			isa = PBXNativeTarget;
			buildConfigurationList = 74A1000D2F32000100000001 /* Build configuration list for PBXNativeTarget "evyTests" */;
			buildPhases = (
				74A100092F32000100000001 /* Sources */,
				74A100062F32000100000001 /* Frameworks */,
				74A1000A2F32000100000001 /* Resources */,
			);
			buildRules = (
			);
			dependencies = (
				74A100032F32000100000001 /* PBXTargetDependency */,
			);
			name = evyTests;
			productName = evyTests;
			productReference = 74A100052F32000100000001 /* evyTests.xctest */;
			productType = "com.apple.product-type.bundle.unit-test";
		};
/* End PBXNativeTarget section */

/* Begin PBXProject section */
		737C6A9A2B2706890093D00C /* Project object */ = {
			isa = PBXProject;
			attributes = {
				BuildIndependentTargetsInParallel = 1;
				LastSwiftUpdateCheck = 1500;
				LastUpgradeCheck = 1500;
				TargetAttributes = {
					737C6AA12B2706890093D00C = {
						CreatedOnToolsVersion = 15.0.1;
					};
					73F1A0082F30B00100000001 = {
						CreatedOnToolsVersion = 15.0.1;
						TestTargetID = 737C6AA12B2706890093D00C;
					};
					74A100082F32000100000001 = {
						CreatedOnToolsVersion = 15.0.1;
						TestTargetID = 737C6AA12B2706890093D00C;
					};
				};
			};
			buildConfigurationList = 737C6A9D2B2706890093D00C /* Build configuration list for PBXProject "evy" */;
			compatibilityVersion = "Xcode 14.0";
			developmentRegion = en;
			hasScannedForEncodings = 0;
			knownRegions = (
				en,
				Base,
			);
			mainGroup = 737C6A992B2706890093D00C;
			packageReferences = (
				73F4B0012F40B00100000001 /* XCRemoteSwiftPackageReference "lucide-icons-swift.git" */,
			);
			productRefGroup = 737C6AA32B2706890093D00C /* Products */;
			projectDirPath = "";
			projectRoot = "";
			targets = (
				737C6AA12B2706890093D00C /* evy */,
				73F1A0082F30B00100000001 /* evyUITests */,
				74A100082F32000100000001 /* evyTests */,
			);
		};
/* End PBXProject section */

/* Begin PBXResourcesBuildPhase section */
		737C6AA02B2706890093D00C /* Resources */ = {
			isa = PBXResourcesBuildPhase;
			buildActionMask = 2147483647;
			files = (
				737F00EC2B342EE600C35772 /* LaunchScreen.storyboard in Resources */,
				73C78AFE2BC564F10026F39D /* SF-Pro-Text-Regular.otf in Resources */,
				73C78AFF2BC564F10026F39D /* SF-Pro-Text-Bold.otf in Resources */,
				737C6AAD2B27068A0093D00C /* Preview Assets.xcassets in Resources */,
				737C6AAA2B27068A0093D00C /* Assets.xcassets in Resources */,
			);
			runOnlyForDeploymentPostprocessing = 0;
		};
		73F1A00A2F30B00100000001 /* Resources */ = {
			isa = PBXResourcesBuildPhase;
			buildActionMask = 2147483647;
			files = (
			);
			runOnlyForDeploymentPostprocessing = 0;
		};
		74A1000A2F32000100000001 /* Resources */ = {
			isa = PBXResourcesBuildPhase;
			buildActionMask = 2147483647;
			files = (
			);
			runOnlyForDeploymentPostprocessing = 0;
		};
/* End PBXResourcesBuildPhase section */

/* Begin PBXSourcesBuildPhase section */
		737C6A9E2B2706890093D00C /* Sources */ = {
			isa = PBXSourcesBuildPhase;
			buildActionMask = 2147483647;
			files = (
				73C5D23E2C0AF1030024FF11 /* EVYTextView.swift in Sources */,
				74C100022F90000100000002 /* EVYNavigationTitle.swift in Sources */,
				74C100042F90000100000003 /* EVYTitleSubtitleRow.swift in Sources */,
				73CB09522C7608A7008F7D2C /* EVYRectangle.swift in Sources */,
				737C6AA82B2706890093D00C /* ContentView.swift in Sources */,
				7303B31A2C3EB8A000796123 /* EVYCalendarSlot.swift in Sources */,
				73DAEC0C2C7729F8003A0A29 /* EVYDatumRowFormatter.swift in Sources */,
				73CB09502C760597008F7D2C /* EVYInputList.swift in Sources */,
				734FD96D2C343C0100ACE8B7 /* EVYCalendar.swift in Sources */,
				74B200032F33000100000001 /* EVYCalendarAxisView.swift in Sources */,
				73CB09542C7609E5008F7D2C /* EVYInputListRow.swift in Sources */,
				73D878E82B2ECD6900A1F9C2 /* chunked.swift in Sources */,
				73884AC42B2E9AE500BC8726 /* EVYTimeslotPicker.swift in Sources */,
				73B3CF7D2C6871EA00FD333A /* EVYCalendarRow.swift in Sources */,
				73C78AEA2BC549840026F39D /* EVYSearch.swift in Sources */,
				73C78AF22BC549840026F3A0 /* EVYTextInput.swift in Sources */,
				73EDC87F2B8F387500304DD8 /* EVYButton.swift in Sources */,
				732A50822C1D6AE80036B98B /* EVY.swift in Sources */,
				73C78AEE2BC54DFE0026F39D /* EVYSearchRow.swift in Sources */,
				7320F5902C2FF8F000297C48 /* EVYTextRow.swift in Sources */,
				7320F5972C2FF8F000297C48 /* EVYHeadingRow.swift in Sources */,
				7320F5932C2FF8F000297C48 /* EVYTextActionRow.swift in Sources */,
				7320F5952C2FF8F000297C48 /* EVYTextExpandRow.swift in Sources */,
				7320F5922C2FF8F000297C48 /* EVYListItemRow.swift in Sources */,
				737334F92B7B5F1800D2E1CF /* EVYInputRow.swift in Sources */,
				737C6ACB2B270AD90093D00C /* EVYWebsocket.swift in Sources */,
				2E0B20F22B816AFA002C86A3 /* EVYSelectPhotoRow.swift in Sources */,
				737C6ACC2B270AD90093D00C /* EVYAPIManager.swift in Sources */,
				737C6AA62B2706890093D00C /* evyApp.swift in Sources */,
				73B3CF872C68AD2200FD333A /* EVYVerticalContainerRow.swift in Sources */,
				E302123B7000BFE42530F72E /* EVYContainerTitleHeader.swift in Sources */,
				735795D32C21AF6100ADB49D /* interpreter.swift in Sources */,
				73F5D2012F50000200000001 /* forEachRow.swift in Sources */,
				A6B2C3D4E5F60718293A4B02 /* EVYOptionLoading.swift in Sources */,
				A6B2C3D4E5F60718293A4B05 /* EVYSelectionHelpers.swift in Sources */,
				C6B2C3D4E5F60718293A4B06 /* EVYFileIdSanitizer.swift in Sources */,
				B6C3D4E5F60718293A4C01 /* EVYAddressParsing.swift in Sources */,
				B6C3D4E5F60718293A4C02 /* EVYInterpreterPreviews.swift in Sources */,
				B6C3D4E5F60718293A4C03 /* EVYFunctionsPreviews.swift in Sources */,
				737334FB2B7B671100D2E1CF /* EVYTextField.swift in Sources */,
				A6B2C3D4E5F60718293A4B01 /* EVYFieldChrome.swift in Sources */,
				738B4AEE2B95DC3F005FF527 /* EVYData.swift in Sources */,
				73F5D1012F50000100000001 /* EVYDraft.swift in Sources */,
				73E77C9F2C3118D100A53363 /* EVYInlinePickerRow.swift in Sources */,
				736D10572B78C4C500503C4D /* EVYPage.swift in Sources */,
				2EE4E27D2B99D7F300CEF112 /* EVYSelectList.swift in Sources */,

				73DE512B2C68BF3D00998024 /* EVYTextSelectRow.swift in Sources */,
				73D878EE2B2EEFF900A1F9C2 /* EVYCarouselIndicator.swift in Sources */,
				73EDC87D2B8F37E800304DD8 /* EVYButtonRow.swift in Sources */,
				734F5A222C2EBB2B00C0FD0A /* EVYDropdown.swift in Sources */,
				73F3A0012F30B00300000001 /* EVYActionRunner.swift in Sources */,
				A7R0W0012F90000100000001 /* EVYRowActionOperation.swift in Sources */,
				A7R0W0032F90000100000001 /* EVYPhotoFullScreen.swift in Sources */,
				73CDCAC22B272E0C00D4E82A /* EVYRow.swift in Sources */,
				SL0010012F90000100000001 /* EVYSwipeableRow.swift in Sources */,
				FA10A0012F90000100000001 /* EVYChange.swift in Sources */,
				A6B2C3D4E5F60718293A4B03 /* EVYRouting.swift in Sources */,
				A6B2C3D4E5F60718293A4B04 /* EVYRecordChangeView.swift in Sources */,
				FA10A0032F90000100000001 /* EVYState.swift in Sources */,
				FA10A0052F90000100000001 /* EVYDraftStore.swift in Sources */,
				FA10A0072F90000100000001 /* EVYScope.swift in Sources */,
				FA10A0092F90000100000001 /* EVYActionParser.swift in Sources */,
				7333F45B2FAA2D1C006BEA92 /* EVY+QueryParams.swift in Sources */,
				7333F45C2FAA2D1C006BEA92 /* EVYFlowStore.swift in Sources */,
				7333F45D2FAA2D1C006BEA92 /* EVY+Sync.swift in Sources */,
				FA30A0112F91000100000001 /* EVY+Source.swift in Sources */,
				FA20A0152F91000100000001 /* EVYSearchRequesting.swift in Sources */,
				FA20A0172F91000100000001 /* EVYSearchModel.swift in Sources */,
				7333F45E2FAA2D1C006BEA92 /* EVY+Preview.swift in Sources */,
				7333F45F2FAA2D1C006BEA92 /* EVY+Mutations.swift in Sources */,
				ST0000012FAA2D1C006BEA92 /* EVY+Stores.swift in Sources */,
				7333F4602FAA2D1C006BEA92 /* EVY+TextParsing.swift in Sources */,
				73F7E1012F70010100000001 /* EVYDataStore.swift in Sources */,
				73F7E0022F70000100000001 /* EVYError.swift in Sources */,

				73B3CF812C68ABD100FD333A /* EVYTabContainerRow.swift in Sources */,
				2E8EEC3A2B2730B0003DF2DC /* Constants.swift in Sources */,
				2E5F4DBB2BB01A1200D3A3FB /* EVYDropdownRow.swift in Sources */,
				2E00BD4B2BA1A99D00C09A1D /* EVYRadioButton.swift in Sources */,
				74C100012F80000100000001 /* EVYLoadingIndicator.swift in Sources */,
				2E5F4DBD2BB2C5D900D3A3FB /* EVYTextAreaRow.swift in Sources */,
				7330E4392C9BFABB00FE8F31 /* EVYSelectItem.swift in Sources */,
				73E77C9D2C3118C100A53363 /* EVYInlinePicker.swift in Sources */,
				734F5A242C2ED3BD00C0FD0A /* EVYSelectPhoto.swift in Sources */,
				74CA0CE02FA0000100000001 /* EVYFileCache.swift in Sources */,
				74BE007E2FA0000300000001 /* EVYRemoteFile.swift in Sources */,
				734F5A2400IMGRPC00C0FD0A /* EVYFileRPC.swift in Sources */,
				73A6BE012B85F75900C8F882 /* EVYDatetime.swift in Sources */,
				73A6BDFB2B85F75800C8F882 /* functions.swift in Sources */,
				73B3CF862C68AD2200FD333A /* EVYHorizontalContainerRow.swift in Sources */,
				73F2A0012F30B00200000001 /* UIEnums.swift in Sources */,
				73F2A0022F30B00200000001 /* UIShapes.swift in Sources */,
				73F2A0032F30B00200000001 /* UIRowPayloads.swift in Sources */,
				73F2A0062F30B00200000001 /* SduiDefinitions.generated.swift in Sources */,
				73F2A0042F30B00200000001 /* DataOs.swift in Sources */,
				73F2A0052F30B00200000001 /* FilesFile.swift in Sources */,
				73F7A0012F70B00700000001 /* CoreResources.generated.swift in Sources */,
				73F7A0022F70B00700000002 /* MarketplaceResources.generated.swift in Sources */,

				7858E83074C330353C4844E5 /* EVY+DatumExpression.swift in Sources */,
				A61A9E25AFD75A42586274D7 /* EVYPhotoGalleryRow.swift in Sources */,
				A61A9E26AFD75A42586274D8 /* EVYPhotoGallery.swift in Sources */,
				FA002001MP00001000000001 /* EVYMap.swift in Sources */,
				FA002003MP00001000000001 /* EVYMapRow.swift in Sources */,
				991D73259ED531116E413387 /* EVYTimeslotPickerRow.swift in Sources */,
			);
			runOnlyForDeploymentPostprocessing = 0;
		};
		73F1A0092F30B00100000001 /* Sources */ = {
			isa = PBXSourcesBuildPhase;
			buildActionMask = 2147483647;
			files = (
				73F1A0012F30B00100000001 /* e2e.swift in Sources */,
				73F7A0032F70B00700000003 /* CoreResources.generated.swift in Sources */,
				73F7A0042F70B00700000004 /* MarketplaceResources.generated.swift in Sources */,
			);
			runOnlyForDeploymentPostprocessing = 0;
		};
		74A100092F32000100000001 /* Sources */ = {
			isa = PBXSourcesBuildPhase;
			buildActionMask = 2147483647;
			files = (
				74A100132F32000100000001 /* EVYActionRunnerTests.swift in Sources */,
				74A100112F32000100000001 /* ContentViewTests.swift in Sources */,
				74A100172F32000100000001 /* EVYDraftMergesTests.swift in Sources */,
				74A100222F32000100000001 /* EVYDraftBindingsTests.swift in Sources */,
				E00100112F73010100000001 /* EVYDataStoreSortIndexTests.swift in Sources */,
				FA001001PG00000100000001 /* EVYPhotoGalleryTests.swift in Sources */,
				FA001003TP00000100000001 /* EVYTimeslotPickerTests.swift in Sources */,
				FA20A0132F91000100000001 /* EVYSearchTests.swift in Sources */,
				FA20A0192F91000100000001 /* EVYSearchModelTests.swift in Sources */,
				DC001001NT00000100000001 /* EVYDataChangeNotificationTests.swift in Sources */,
				FA001005ST00000100000001 /* EVYStateTests.swift in Sources */,
				FA001005RT00000100000001 /* EVYTextViewReactiveTitleTests.swift in Sources */,
				SP001001UK00000100000001 /* XCTestCase+UniqueKey.swift in Sources */,
				SP001003UK00000100000001 /* EVYTestMessageFixtures.swift in Sources */,
				RC0000012FAB000100000001 /* EVYAPIManagerReconnectTests.swift in Sources */,
				ST0000032FAA2D1C006BEA92 /* EVYStoreRoutingTests.swift in Sources */,
				FA002005MP00001000000001 /* EVYMapTests.swift in Sources */,
				FA003001DP00001000000001 /* EVYDataPatcherTests.swift in Sources */,
				74A100252F32000100000001 /* EVYCalendarTests.swift in Sources */,
				SL0010032F90000100000001 /* EVYSwipeGeometryTests.swift in Sources */,
				74A1002A2F32000100000001 /* EVYSelectionHelpersTests.swift in Sources */,
				74A100012F32000100000001 /* interpreterTests.swift in Sources */,
				73F2A0072F30B00200000001 /* SduiDefinitions.generated.swift in Sources */,
				74A100292F32000100000001 /* SduiRowAttributeContractTests.swift in Sources */,
			);
			runOnlyForDeploymentPostprocessing = 0;
		};
/* End PBXSourcesBuildPhase section */

/* Begin PBXTargetDependency section */
		73F1A0042F30B00100000001 /* PBXTargetDependency */ = {
			isa = PBXTargetDependency;
			target = 737C6AA12B2706890093D00C /* evy */;
			targetProxy = 73F1A0032F30B00100000001 /* PBXContainerItemProxy */;
		};
		74A100032F32000100000001 /* PBXTargetDependency */ = {
			isa = PBXTargetDependency;
			target = 737C6AA12B2706890093D00C /* evy */;
			targetProxy = 74A100022F32000100000001 /* PBXContainerItemProxy */;
		};
/* End PBXTargetDependency section */

/* Begin XCBuildConfiguration section */
		737C6AAE2B27068A0093D00C /* Debug */ = {
			isa = XCBuildConfiguration;
			buildSettings = {
				ALWAYS_SEARCH_USER_PATHS = NO;
				ASSETCATALOG_COMPILER_GENERATE_SWIFT_ASSET_SYMBOL_EXTENSIONS = YES;
				CLANG_ANALYZER_NONNULL = YES;
				CLANG_ANALYZER_NUMBER_OBJECT_CONVERSION = YES_AGGRESSIVE;
				CLANG_CXX_LANGUAGE_STANDARD = "gnu++20";
				CLANG_ENABLE_MODULES = YES;
				CLANG_ENABLE_OBJC_ARC = YES;
				CLANG_ENABLE_OBJC_WEAK = YES;
				CLANG_WARN_BLOCK_CAPTURE_AUTORELEASING = YES;
				CLANG_WARN_BOOL_CONVERSION = YES;
				CLANG_WARN_COMMA = YES;
				CLANG_WARN_CONSTANT_CONVERSION = YES;
				CLANG_WARN_DEPRECATED_OBJC_IMPLEMENTATIONS = YES;
				CLANG_WARN_DIRECT_OBJC_ISA_USAGE = YES_ERROR;
				CLANG_WARN_DOCUMENTATION_COMMENTS = YES;
				CLANG_WARN_EMPTY_BODY = YES;
				CLANG_WARN_ENUM_CONVERSION = YES;
				CLANG_WARN_INFINITE_RECURSION = YES;
				CLANG_WARN_INT_CONVERSION = YES;
				CLANG_WARN_NON_LITERAL_NULL_CONVERSION = YES;
				CLANG_WARN_OBJC_IMPLICIT_RETAIN_SELF = YES;
				CLANG_WARN_OBJC_LITERAL_CONVERSION = YES;
				CLANG_WARN_OBJC_ROOT_CLASS = YES_ERROR;
				CLANG_WARN_QUOTED_INCLUDE_IN_FRAMEWORK_HEADER = YES;
				CLANG_WARN_RANGE_LOOP_ANALYSIS = YES;
				CLANG_WARN_STRICT_PROTOTYPES = YES;
				CLANG_WARN_SUSPICIOUS_MOVE = YES;
				CLANG_WARN_UNGUARDED_AVAILABILITY = YES_AGGRESSIVE;
				CLANG_WARN_UNREACHABLE_CODE = YES;
				CLANG_WARN__DUPLICATE_METHOD_MATCH = YES;
				COPY_PHASE_STRIP = NO;
				DEBUG_INFORMATION_FORMAT = dwarf;
				ENABLE_STRICT_OBJC_MSGSEND = YES;
				ENABLE_TESTABILITY = YES;
				ENABLE_USER_SCRIPT_SANDBOXING = YES;
				GCC_C_LANGUAGE_STANDARD = gnu17;
				GCC_DYNAMIC_NO_PIC = NO;
				GCC_NO_COMMON_BLOCKS = YES;
				GCC_OPTIMIZATION_LEVEL = 0;
				GCC_PREPROCESSOR_DEFINITIONS = (
					"DEBUG=1",
					"$(inherited)",
				);
				GCC_WARN_64_TO_32_BIT_CONVERSION = YES;
				GCC_WARN_ABOUT_RETURN_TYPE = YES_ERROR;
				GCC_WARN_UNDECLARED_SELECTOR = YES;
				GCC_WARN_UNINITIALIZED_AUTOS = YES_AGGRESSIVE;
				GCC_WARN_UNUSED_FUNCTION = YES;
				GCC_WARN_UNUSED_VARIABLE = YES;
				IPHONEOS_DEPLOYMENT_TARGET = 17.0;
				LOCALIZATION_PREFERS_STRING_CATALOGS = YES;
				MTL_ENABLE_DEBUG_INFO = INCLUDE_SOURCE;
				MTL_FAST_MATH = YES;
				ONLY_ACTIVE_ARCH = YES;
				SDKROOT = iphoneos;
				SWIFT_ACTIVE_COMPILATION_CONDITIONS = "DEBUG $(inherited)";
				SWIFT_OPTIMIZATION_LEVEL = "-Onone";
			};
			name = Debug;
		};
		737C6AAF2B27068A0093D00C /* Release */ = {
			isa = XCBuildConfiguration;
			buildSettings = {
				ALWAYS_SEARCH_USER_PATHS = NO;
				ASSETCATALOG_COMPILER_GENERATE_SWIFT_ASSET_SYMBOL_EXTENSIONS = YES;
				CLANG_ANALYZER_NONNULL = YES;
				CLANG_ANALYZER_NUMBER_OBJECT_CONVERSION = YES_AGGRESSIVE;
				CLANG_CXX_LANGUAGE_STANDARD = "gnu++20";
				CLANG_ENABLE_MODULES = YES;
				CLANG_ENABLE_OBJC_ARC = YES;
				CLANG_ENABLE_OBJC_WEAK = YES;
				CLANG_WARN_BLOCK_CAPTURE_AUTORELEASING = YES;
				CLANG_WARN_BOOL_CONVERSION = YES;
				CLANG_WARN_COMMA = YES;
				CLANG_WARN_CONSTANT_CONVERSION = YES;
				CLANG_WARN_DEPRECATED_OBJC_IMPLEMENTATIONS = YES;
				CLANG_WARN_DIRECT_OBJC_ISA_USAGE = YES_ERROR;
				CLANG_WARN_DOCUMENTATION_COMMENTS = YES;
				CLANG_WARN_EMPTY_BODY = YES;
				CLANG_WARN_ENUM_CONVERSION = YES;
				CLANG_WARN_INFINITE_RECURSION = YES;
				CLANG_WARN_INT_CONVERSION = YES;
				CLANG_WARN_NON_LITERAL_NULL_CONVERSION = YES;
				CLANG_WARN_OBJC_IMPLICIT_RETAIN_SELF = YES;
				CLANG_WARN_OBJC_LITERAL_CONVERSION = YES;
				CLANG_WARN_OBJC_ROOT_CLASS = YES_ERROR;
				CLANG_WARN_QUOTED_INCLUDE_IN_FRAMEWORK_HEADER = YES;
				CLANG_WARN_RANGE_LOOP_ANALYSIS = YES;
				CLANG_WARN_STRICT_PROTOTYPES = YES;
				CLANG_WARN_SUSPICIOUS_MOVE = YES;
				CLANG_WARN_UNGUARDED_AVAILABILITY = YES_AGGRESSIVE;
				CLANG_WARN_UNREACHABLE_CODE = YES;
				CLANG_WARN__DUPLICATE_METHOD_MATCH = YES;
				COPY_PHASE_STRIP = NO;
				DEBUG_INFORMATION_FORMAT = "dwarf-with-dsym";
				ENABLE_NS_ASSERTIONS = NO;
				ENABLE_STRICT_OBJC_MSGSEND = YES;
				ENABLE_USER_SCRIPT_SANDBOXING = YES;
				GCC_C_LANGUAGE_STANDARD = gnu17;
				GCC_NO_COMMON_BLOCKS = YES;
				GCC_WARN_64_TO_32_BIT_CONVERSION = YES;
				GCC_WARN_ABOUT_RETURN_TYPE = YES_ERROR;
				GCC_WARN_UNDECLARED_SELECTOR = YES;
				GCC_WARN_UNINITIALIZED_AUTOS = YES_AGGRESSIVE;
				GCC_WARN_UNUSED_FUNCTION = YES;
				GCC_WARN_UNUSED_VARIABLE = YES;
				IPHONEOS_DEPLOYMENT_TARGET = 17.0;
				LOCALIZATION_PREFERS_STRING_CATALOGS = YES;
				MTL_ENABLE_DEBUG_INFO = NO;
				MTL_FAST_MATH = YES;
				SDKROOT = iphoneos;
				SWIFT_COMPILATION_MODE = wholemodule;
				VALIDATE_PRODUCT = YES;
			};
			name = Release;
		};
		737C6AB12B27068A0093D00C /* Debug */ = {
			isa = XCBuildConfiguration;
			buildSettings = {
				ASSETCATALOG_COMPILER_APPICON_NAME = AppIcon;
				ASSETCATALOG_COMPILER_GLOBAL_ACCENT_COLOR_NAME = AccentColor;
				ASSETCATALOG_COMPILER_INCLUDE_ALL_APPICON_ASSETS = NO;
				CODE_SIGN_STYLE = Automatic;
				CURRENT_PROJECT_VERSION = 1;
				DEVELOPMENT_ASSET_PATHS = "\"evy/Preview Content\"";
				DEVELOPMENT_TEAM = 995A4BQX6K;
				ENABLE_PREVIEWS = YES;
				GENERATE_INFOPLIST_FILE = YES;
				INFOPLIST_FILE = evy/Info.plist;
				INFOPLIST_KEY_UIApplicationSceneManifest_Generation = YES;
				INFOPLIST_KEY_UIApplicationSupportsIndirectInputEvents = YES;
				INFOPLIST_KEY_UILaunchStoryboardName = LaunchScreen.storyboard;
				INFOPLIST_KEY_UIStatusBarHidden = YES;
				INFOPLIST_KEY_UISupportedInterfaceOrientations = UIInterfaceOrientationPortrait;
				LD_RUNPATH_SEARCH_PATHS = (
					"$(inherited)",
					"@executable_path/Frameworks",
				);
				MARKETING_VERSION = 1.0;
				PRODUCT_BUNDLE_IDENTIFIER = evy.evy;
				PRODUCT_NAME = "$(TARGET_NAME)";
				SWIFT_EMIT_LOC_STRINGS = YES;
				SWIFT_VERSION = 5.0;
				TARGETED_DEVICE_FAMILY = "1,2";
			};
			name = Debug;
		};
		737C6AB22B27068A0093D00C /* Release */ = {
			isa = XCBuildConfiguration;
			buildSettings = {
				ASSETCATALOG_COMPILER_APPICON_NAME = AppIcon;
				ASSETCATALOG_COMPILER_GLOBAL_ACCENT_COLOR_NAME = AccentColor;
				ASSETCATALOG_COMPILER_INCLUDE_ALL_APPICON_ASSETS = NO;
				CODE_SIGN_STYLE = Automatic;
				CURRENT_PROJECT_VERSION = 1;
				DEVELOPMENT_ASSET_PATHS = "\"evy/Preview Content\"";
				DEVELOPMENT_TEAM = 995A4BQX6K;
				ENABLE_PREVIEWS = YES;
				GENERATE_INFOPLIST_FILE = YES;
				INFOPLIST_FILE = evy/Info.plist;
				INFOPLIST_KEY_UIApplicationSceneManifest_Generation = YES;
				INFOPLIST_KEY_UIApplicationSupportsIndirectInputEvents = YES;
				INFOPLIST_KEY_UILaunchStoryboardName = LaunchScreen.storyboard;
				INFOPLIST_KEY_UIStatusBarHidden = YES;
				INFOPLIST_KEY_UISupportedInterfaceOrientations = UIInterfaceOrientationPortrait;
				LD_RUNPATH_SEARCH_PATHS = (
					"$(inherited)",
					"@executable_path/Frameworks",
				);
				MARKETING_VERSION = 1.0;
				PRODUCT_BUNDLE_IDENTIFIER = evy.evy;
				PRODUCT_NAME = "$(TARGET_NAME)";
				SWIFT_EMIT_LOC_STRINGS = YES;
				SWIFT_VERSION = 5.0;
				TARGETED_DEVICE_FAMILY = "1,2";
			};
			name = Release;
		};
		73F1A00B2F30B00100000001 /* Debug */ = {
			isa = XCBuildConfiguration;
			buildSettings = {
				CODE_SIGNING_ALLOWED = YES;
				CODE_SIGN_STYLE = Automatic;
				CURRENT_PROJECT_VERSION = 1;
				DEVELOPMENT_TEAM = 995A4BQX6K;
				GENERATE_INFOPLIST_FILE = YES;
				IPHONEOS_DEPLOYMENT_TARGET = 17.0;
				MARKETING_VERSION = 1.0;
				PRODUCT_BUNDLE_IDENTIFIER = evy.evyUITests;
				PRODUCT_NAME = "$(TARGET_NAME)";
				SWIFT_EMIT_LOC_STRINGS = NO;
				SWIFT_VERSION = 5.0;
				TARGETED_DEVICE_FAMILY = "1,2";
				TEST_TARGET_NAME = evy;
			};
			name = Debug;
		};
		73F1A00C2F30B00100000001 /* Release */ = {
			isa = XCBuildConfiguration;
			buildSettings = {
				CODE_SIGNING_ALLOWED = YES;
				CODE_SIGN_STYLE = Automatic;
				CURRENT_PROJECT_VERSION = 1;
				DEVELOPMENT_TEAM = 995A4BQX6K;
				GENERATE_INFOPLIST_FILE = YES;
				IPHONEOS_DEPLOYMENT_TARGET = 17.0;
				MARKETING_VERSION = 1.0;
				PRODUCT_BUNDLE_IDENTIFIER = evy.evyUITests;
				PRODUCT_NAME = "$(TARGET_NAME)";
				SWIFT_EMIT_LOC_STRINGS = NO;
				SWIFT_VERSION = 5.0;
				TARGETED_DEVICE_FAMILY = "1,2";
				TEST_TARGET_NAME = evy;
			};
			name = Release;
		};
		74A1000B2F32000100000001 /* Debug */ = {
			isa = XCBuildConfiguration;
			buildSettings = {
				BUNDLE_LOADER = "$(TEST_HOST)";
				CODE_SIGN_STYLE = Automatic;
				CURRENT_PROJECT_VERSION = 1;
				DEVELOPMENT_TEAM = 995A4BQX6K;
				GENERATE_INFOPLIST_FILE = YES;
				IPHONEOS_DEPLOYMENT_TARGET = 17.0;
				LD_RUNPATH_SEARCH_PATHS = (
					"$(inherited)",
					"@executable_path/Frameworks",
					"@loader_path/Frameworks",
				);
				MARKETING_VERSION = 1.0;
				PRODUCT_BUNDLE_IDENTIFIER = evy.evyTests;
				PRODUCT_NAME = "$(TARGET_NAME)";
				SWIFT_EMIT_LOC_STRINGS = NO;
				SWIFT_VERSION = 5.0;
				TARGETED_DEVICE_FAMILY = "1,2";
				TEST_HOST = "$(BUILT_PRODUCTS_DIR)/evy.app/$(BUNDLE_EXECUTABLE_FOLDER_PATH)/evy";
				TEST_TARGET_NAME = evy;
			};
			name = Debug;
		};
		74A1000C2F32000100000001 /* Release */ = {
			isa = XCBuildConfiguration;
			buildSettings = {
				BUNDLE_LOADER = "$(TEST_HOST)";
				CODE_SIGN_STYLE = Automatic;
				CURRENT_PROJECT_VERSION = 1;
				DEVELOPMENT_TEAM = 995A4BQX6K;
				GENERATE_INFOPLIST_FILE = YES;
				IPHONEOS_DEPLOYMENT_TARGET = 17.0;
				LD_RUNPATH_SEARCH_PATHS = (
					"$(inherited)",
					"@executable_path/Frameworks",
					"@loader_path/Frameworks",
				);
				MARKETING_VERSION = 1.0;
				PRODUCT_BUNDLE_IDENTIFIER = evy.evyTests;
				PRODUCT_NAME = "$(TARGET_NAME)";
				SWIFT_EMIT_LOC_STRINGS = NO;
				SWIFT_VERSION = 5.0;
				TARGETED_DEVICE_FAMILY = "1,2";
				TEST_HOST = "$(BUILT_PRODUCTS_DIR)/evy.app/$(BUNDLE_EXECUTABLE_FOLDER_PATH)/evy";
				TEST_TARGET_NAME = evy;
			};
			name = Release;
		};
/* End XCBuildConfiguration section */

/* Begin XCConfigurationList section */
		737C6A9D2B2706890093D00C /* Build configuration list for PBXProject "evy" */ = {
			isa = XCConfigurationList;
			buildConfigurations = (
				737C6AAE2B27068A0093D00C /* Debug */,
				737C6AAF2B27068A0093D00C /* Release */,
			);
			defaultConfigurationIsVisible = 0;
			defaultConfigurationName = Release;
		};
		737C6AB02B27068A0093D00C /* Build configuration list for PBXNativeTarget "evy" */ = {
			isa = XCConfigurationList;
			buildConfigurations = (
				737C6AB12B27068A0093D00C /* Debug */,
				737C6AB22B27068A0093D00C /* Release */,
			);
			defaultConfigurationIsVisible = 0;
			defaultConfigurationName = Release;
		};
		73F1A00D2F30B00100000001 /* Build configuration list for PBXNativeTarget "evyUITests" */ = {
			isa = XCConfigurationList;
			buildConfigurations = (
				73F1A00B2F30B00100000001 /* Debug */,
				73F1A00C2F30B00100000001 /* Release */,
			);
			defaultConfigurationIsVisible = 0;
			defaultConfigurationName = Release;
		};
		74A1000D2F32000100000001 /* Build configuration list for PBXNativeTarget "evyTests" */ = {
			isa = XCConfigurationList;
			buildConfigurations = (
				74A1000B2F32000100000001 /* Debug */,
				74A1000C2F32000100000001 /* Release */,
			);
			defaultConfigurationIsVisible = 0;
			defaultConfigurationName = Release;
		};
/* End XCConfigurationList section */

/* Begin XCRemoteSwiftPackageReference section */
		73F4B0012F40B00100000001 /* XCRemoteSwiftPackageReference "lucide-icons-swift.git" */ = {
			isa = XCRemoteSwiftPackageReference;
			repositoryURL = "https://github.com/JakubMazur/lucide-icons-swift.git";
			requirement = {
				kind = upToNextMajorVersion;
				minimumVersion = 0.510.0;
			};
		};
/* End XCRemoteSwiftPackageReference section */

/* Begin XCSwiftPackageProductDependency section */
		73F4B0022F40B00100000001 /* LucideIcons */ = {
			isa = XCSwiftPackageProductDependency;
			package = 73F4B0012F40B00100000001 /* XCRemoteSwiftPackageReference "lucide-icons-swift.git" */;
			productName = LucideIcons;
		};
/* End XCSwiftPackageProductDependency section */
	};
	rootObject = 737C6A9A2B2706890093D00C /* Project object */;
}
