// !$*UTF8*$!
{
	archiveVersion = 1;
	classes = {
	};
	objectVersion = 56;
	objects = {

/* Begin PBXBuildFile section */
		2E00BD4B2BA1A99D00C09A1D /* EVYRadioButton.swift in Sources */ = {isa = PBXBuildFile; fileRef = 2E00BD4A2BA1A99D00C09A1D /* EVYRadioButton.swift */; };
		2E0B20F22B816AFA002C86A3 /* EVYSelectPhotoRow.swift in Sources */ = {isa = PBXBuildFile; fileRef = 2E0B20F12B816AFA002C86A3 /* EVYSelectPhotoRow.swift */; };
		2E5F4DBB2BB01A1200D3A3FB /* EVYDropdownRow.swift in Sources */ = {isa = PBXBuildFile; fileRef = 2E5F4DBA2BB01A1200D3A3FB /* EVYDropdownRow.swift */; };
		2E5F4DBD2BB2C5D900D3A3FB /* EVYTextAreaRow.swift in Sources */ = {isa = PBXBuildFile; fileRef = 2E5F4DBC2BB2C5D900D3A3FB /* EVYTextAreaRow.swift */; };
		2E8EEC3A2B2730B0003DF2DC /* Constants.swift in Sources */ = {isa = PBXBuildFile; fileRef = 2E8EEC392B2730B0003DF2DC /* Constants.swift */; };
		2ED04EF62B3308C400881DC4 /* EVYMap.swift in Sources */ = {isa = PBXBuildFile; fileRef = 2ED04EF52B3308C400881DC4 /* EVYMap.swift */; };
		2EE4E27B2B99CDB300CEF112 /* EVYSheetContainerRow.swift in Sources */ = {isa = PBXBuildFile; fileRef = 2EE4E27A2B99CDB300CEF112 /* EVYSheetContainerRow.swift */; };
		2EE4E27D2B99D7F300CEF112 /* EVYSelectList.swift in Sources */ = {isa = PBXBuildFile; fileRef = 2EE4E27C2B99D7F300CEF112 /* EVYSelectList.swift */; };
		7303B31A2C3EB8A000796123 /* EVYCalendarTimeslotData.swift in Sources */ = {isa = PBXBuildFile; fileRef = 7303B3192C3EB8A000796123 /* EVYCalendarTimeslotData.swift */; };
		730D008D2B29AC4000B5BCB6 /* EVYCarouselOverlay.swift in Sources */ = {isa = PBXBuildFile; fileRef = 730D008C2B29AC4000B5BCB6 /* EVYCarouselOverlay.swift */; };
		730D00902B29D93900B5BCB6 /* hasDynamicIsland.swift in Sources */ = {isa = PBXBuildFile; fileRef = 730D008F2B29D93900B5BCB6 /* hasDynamicIsland.swift */; };
		731988822C271BBD0035E094 /* JsonRPC in Frameworks */ = {isa = PBXBuildFile; productRef = 731988812C271BBD0035E094 /* JsonRPC */; };
		731988852C271BC40035E094 /* Serializable in Frameworks */ = {isa = PBXBuildFile; productRef = 731988842C271BC40035E094 /* Serializable */; };
		7320F5902C2FF8F000297C48 /* EVYInfoRow.swift in Sources */ = {isa = PBXBuildFile; fileRef = 7320F58F2C2FF8F000297C48 /* EVYInfoRow.swift */; };
		7320F59A2C300B8B00297C48 /* EVYTextActionRow.swift in Sources */ = {isa = PBXBuildFile; fileRef = 7320F5992C300B8B00297C48 /* EVYTextActionRow.swift */; };
		732A50822C1D6AE80036B98B /* EVY.swift in Sources */ = {isa = PBXBuildFile; fileRef = 732A50812C1D6AE80036B98B /* EVY.swift */; };
		7330E4392C9BFABB00FE8F31 /* EVYSelectItem.swift in Sources */ = {isa = PBXBuildFile; fileRef = 7330E4382C9BFABB00FE8F31 /* EVYSelectItem.swift */; };
		734F5A222C2EBB2B00C0FD0A /* EVYDropdown.swift in Sources */ = {isa = PBXBuildFile; fileRef = 734F5A212C2EBB2B00C0FD0A /* EVYDropdown.swift */; };
		734F5A242C2ED3BD00C0FD0A /* EVYSelectPhoto.swift in Sources */ = {isa = PBXBuildFile; fileRef = 734F5A232C2ED3BD00C0FD0A /* EVYSelectPhoto.swift */; };
		734FD96D2C343C0100ACE8B7 /* EVYCalendar.swift in Sources */ = {isa = PBXBuildFile; fileRef = 734FD96C2C343C0100ACE8B7 /* EVYCalendar.swift */; };
		735795D32C21AF6100ADB49D /* EVYInterpreter.swift in Sources */ = {isa = PBXBuildFile; fileRef = 735795D22C21AF6100ADB49D /* EVYInterpreter.swift */; };
		736495BF2B972E1800729129 /* EVYDataManager.swift in Sources */ = {isa = PBXBuildFile; fileRef = 736495BE2B972E1800729129 /* EVYDataManager.swift */; };
		736D10572B78C4C500503C4D /* EVYPage.swift in Sources */ = {isa = PBXBuildFile; fileRef = 736D10562B78C4C500503C4D /* EVYPage.swift */; };
		736D105F2B78CDDB00503C4D /* EVYTextRow.swift in Sources */ = {isa = PBXBuildFile; fileRef = 736D105E2B78CDDB00503C4D /* EVYTextRow.swift */; };
		736E12402BBFE06000D100E4 /* EVYSDUI.swift in Sources */ = {isa = PBXBuildFile; fileRef = 736E123F2BBFE06000D100E4 /* EVYSDUI.swift */; };
		7372A7E82BB2EA4D0020E4C6 /* EVYHome.swift in Sources */ = {isa = PBXBuildFile; fileRef = 7372A7E72BB2EA4D0020E4C6 /* EVYHome.swift */; };
		737334F92B7B5F1800D2E1CF /* EVYInputRow.swift in Sources */ = {isa = PBXBuildFile; fileRef = 737334F82B7B5F1800D2E1CF /* EVYInputRow.swift */; };
		737334FB2B7B671100D2E1CF /* EVYTextField.swift in Sources */ = {isa = PBXBuildFile; fileRef = 737334FA2B7B671100D2E1CF /* EVYTextField.swift */; };
		737C6AA62B2706890093D00C /* evyApp.swift in Sources */ = {isa = PBXBuildFile; fileRef = 737C6AA52B2706890093D00C /* evyApp.swift */; };
		737C6AA82B2706890093D00C /* ContentView.swift in Sources */ = {isa = PBXBuildFile; fileRef = 737C6AA72B2706890093D00C /* ContentView.swift */; };
		737C6AAA2B27068A0093D00C /* Assets.xcassets in Resources */ = {isa = PBXBuildFile; fileRef = 737C6AA92B27068A0093D00C /* Assets.xcassets */; };
		737C6AAD2B27068A0093D00C /* Preview Assets.xcassets in Resources */ = {isa = PBXBuildFile; fileRef = 737C6AAC2B27068A0093D00C /* Preview Assets.xcassets */; };
		737C6AC42B270AAE0093D00C /* EVYDevice.swift in Sources */ = {isa = PBXBuildFile; fileRef = 737C6AC02B270AAE0093D00C /* EVYDevice.swift */; };
		737C6AC52B270AAE0093D00C /* EVYService.swift in Sources */ = {isa = PBXBuildFile; fileRef = 737C6AC12B270AAE0093D00C /* EVYService.swift */; };
		737C6AC62B270AAE0093D00C /* EVYOrganization.swift in Sources */ = {isa = PBXBuildFile; fileRef = 737C6AC22B270AAE0093D00C /* EVYOrganization.swift */; };
		737C6AC72B270AAE0093D00C /* EVYServiceProvider.swift in Sources */ = {isa = PBXBuildFile; fileRef = 737C6AC32B270AAE0093D00C /* EVYServiceProvider.swift */; };
		737C6ACB2B270AD90093D00C /* EVYWebsocket.swift in Sources */ = {isa = PBXBuildFile; fileRef = 737C6AC92B270AD90093D00C /* EVYWebsocket.swift */; };
		737C6ACC2B270AD90093D00C /* EVYAPIManager.swift in Sources */ = {isa = PBXBuildFile; fileRef = 737C6ACA2B270AD90093D00C /* EVYAPIManager.swift */; };
		737EFA372B90694000DFA0CE /* EVYFlow.swift in Sources */ = {isa = PBXBuildFile; fileRef = 737EFA362B90694000DFA0CE /* EVYFlow.swift */; };
		737F00EC2B342EE600C35772 /* LaunchScreen.storyboard in Resources */ = {isa = PBXBuildFile; fileRef = 737F00EB2B342EE600C35772 /* LaunchScreen.storyboard */; };
		73884AC42B2E9AE500BC8726 /* EVYTimeslotPicker.swift in Sources */ = {isa = PBXBuildFile; fileRef = 73884AC32B2E9AE500BC8726 /* EVYTimeslotPicker.swift */; };
		738B4AEE2B95DC3F005FF527 /* EVYData.swift in Sources */ = {isa = PBXBuildFile; fileRef = 738B4AED2B95DC3F005FF527 /* EVYData.swift */; };
		739EC4E22CD6552300E1B469 /* data.json in Resources */ = {isa = PBXBuildFile; fileRef = 739EC4E02CD6552300E1B469 /* data.json */; };
		739EC4E32CD6552300E1B469 /* sdui.json in Resources */ = {isa = PBXBuildFile; fileRef = 739EC4E12CD6552300E1B469 /* sdui.json */; };
		73A401EC2C96F76C00ADA1A4 /* EVYSearchSingle.swift in Sources */ = {isa = PBXBuildFile; fileRef = 73A401EB2C96F76C00ADA1A4 /* EVYSearchSingle.swift */; };
		73A401EE2C96F78500ADA1A4 /* EVYSearchMultiple.swift in Sources */ = {isa = PBXBuildFile; fileRef = 73A401ED2C96F78500ADA1A4 /* EVYSearchMultiple.swift */; };
		73A6BDFB2B85F75800C8F882 /* EVYFunctions.swift in Sources */ = {isa = PBXBuildFile; fileRef = 73A6BDF82B85F75800C8F882 /* EVYFunctions.swift */; };
		73AC529D2BC27913004204A2 /* EVYAPI.swift in Sources */ = {isa = PBXBuildFile; fileRef = 73AC529C2BC27913004204A2 /* EVYAPI.swift */; };
		73B3CF7D2C6871EA00FD333A /* EVYCalendarRow.swift in Sources */ = {isa = PBXBuildFile; fileRef = 73B3CF7C2C6871EA00FD333A /* EVYCalendarRow.swift */; };
		73B3CF812C68ABD100FD333A /* EVYSelectSegmentContainerRow.swift in Sources */ = {isa = PBXBuildFile; fileRef = 73B3CF802C68ABD100FD333A /* EVYSelectSegmentContainerRow.swift */; };
		73B3CF862C68AD2200FD333A /* EVYColumnContainerRow.swift in Sources */ = {isa = PBXBuildFile; fileRef = 73B3CF842C68AD2200FD333A /* EVYColumnContainerRow.swift */; };
		73B3CF872C68AD2200FD333A /* EVYListContainerRow.swift in Sources */ = {isa = PBXBuildFile; fileRef = 73B3CF852C68AD2200FD333A /* EVYListContainerRow.swift */; };
		73C5D23E2C0AF1030024FF11 /* EVYTextView.swift in Sources */ = {isa = PBXBuildFile; fileRef = 73C5D23D2C0AF1030024FF11 /* EVYTextView.swift */; };
		73C78AEA2BC549840026F39D /* EVYSearch.swift in Sources */ = {isa = PBXBuildFile; fileRef = 73C78AE92BC549840026F39D /* EVYSearch.swift */; };
		73C78AEE2BC54DFE0026F39D /* EVYSearchRow.swift in Sources */ = {isa = PBXBuildFile; fileRef = 73C78AED2BC54DFE0026F39D /* EVYSearchRow.swift */; };
		73C78AFE2BC564F10026F39D /* SF-Pro-Text-Regular.otf in Resources */ = {isa = PBXBuildFile; fileRef = 73C78AFC2BC564F00026F39D /* SF-Pro-Text-Regular.otf */; };
		73C78AFF2BC564F10026F39D /* SF-Pro-Text-Bold.otf in Resources */ = {isa = PBXBuildFile; fileRef = 73C78AFD2BC564F10026F39D /* SF-Pro-Text-Bold.otf */; };
		73CB09502C760597008F7D2C /* EVYInputList.swift in Sources */ = {isa = PBXBuildFile; fileRef = 73CB094F2C760597008F7D2C /* EVYInputList.swift */; };
		73CB09522C7608A7008F7D2C /* EVYRectangle.swift in Sources */ = {isa = PBXBuildFile; fileRef = 73CB09512C7608A7008F7D2C /* EVYRectangle.swift */; };
		73CB09542C7609E5008F7D2C /* EVYInputListRow.swift in Sources */ = {isa = PBXBuildFile; fileRef = 73CB09532C7609E5008F7D2C /* EVYInputListRow.swift */; };
		73CDCAB82B27176700D4E82A /* EVYImageOverlay.swift in Sources */ = {isa = PBXBuildFile; fileRef = 73CDCAB72B27176700D4E82A /* EVYImageOverlay.swift */; };
		73CDCABF2B271AF300D4E82A /* EVYZoomableContainer.swift in Sources */ = {isa = PBXBuildFile; fileRef = 73CDCABE2B271AF300D4E82A /* EVYZoomableContainer.swift */; };
		73CDCAC22B272E0C00D4E82A /* EVYRow.swift in Sources */ = {isa = PBXBuildFile; fileRef = 73CDCAC12B272E0C00D4E82A /* EVYRow.swift */; };
		73D878E82B2ECD6900A1F9C2 /* chunked.swift in Sources */ = {isa = PBXBuildFile; fileRef = 73D878E72B2ECD6900A1F9C2 /* chunked.swift */; };
		73D878EE2B2EEFF900A1F9C2 /* EVYCarouselIndicator.swift in Sources */ = {isa = PBXBuildFile; fileRef = 73D878ED2B2EEFF900A1F9C2 /* EVYCarouselIndicator.swift */; };
		73DAEC0C2C7729F8003A0A29 /* EVYSearchController.swift in Sources */ = {isa = PBXBuildFile; fileRef = 73DAEC0B2C7729F8003A0A29 /* EVYSearchController.swift */; };
		73DE512B2C68BF3D00998024 /* EVYTextSelectRow.swift in Sources */ = {isa = PBXBuildFile; fileRef = 73DE512A2C68BF3D00998024 /* EVYTextSelectRow.swift */; };
		73E77C9D2C3118C100A53363 /* EVYInlinePicker.swift in Sources */ = {isa = PBXBuildFile; fileRef = 73E77C9C2C3118C100A53363 /* EVYInlinePicker.swift */; };
		73E77C9F2C3118D100A53363 /* EVYInlinePickerRow.swift in Sources */ = {isa = PBXBuildFile; fileRef = 73E77C9E2C3118D100A53363 /* EVYInlinePickerRow.swift */; };
		73EDC87D2B8F37E800304DD8 /* EVYButtonRow.swift in Sources */ = {isa = PBXBuildFile; fileRef = 73EDC87C2B8F37E800304DD8 /* EVYButtonRow.swift */; };
		73EDC87F2B8F387500304DD8 /* EVYButton.swift in Sources */ = {isa = PBXBuildFile; fileRef = 73EDC87E2B8F387500304DD8 /* EVYButton.swift */; };
/* End PBXBuildFile section */

/* Begin PBXFileReference section */
		2E00BD4A2BA1A99D00C09A1D /* EVYRadioButton.swift */ = {isa = PBXFileReference; lastKnownFileType = sourcecode.swift; path = EVYRadioButton.swift; sourceTree = "<group>"; };
		2E0B20F12B816AFA002C86A3 /* EVYSelectPhotoRow.swift */ = {isa = PBXFileReference; lastKnownFileType = sourcecode.swift; path = EVYSelectPhotoRow.swift; sourceTree = "<group>"; };
		2E5F4DBA2BB01A1200D3A3FB /* EVYDropdownRow.swift */ = {isa = PBXFileReference; lastKnownFileType = sourcecode.swift; path = EVYDropdownRow.swift; sourceTree = "<group>"; };
		2E5F4DBC2BB2C5D900D3A3FB /* EVYTextAreaRow.swift */ = {isa = PBXFileReference; lastKnownFileType = sourcecode.swift; path = EVYTextAreaRow.swift; sourceTree = "<group>"; };
		2E8EEC392B2730B0003DF2DC /* Constants.swift */ = {isa = PBXFileReference; lastKnownFileType = sourcecode.swift; path = Constants.swift; sourceTree = "<group>"; };
		2ED04EF52B3308C400881DC4 /* EVYMap.swift */ = {isa = PBXFileReference; lastKnownFileType = sourcecode.swift; path = EVYMap.swift; sourceTree = "<group>"; };
		2EE4E27A2B99CDB300CEF112 /* EVYSheetContainerRow.swift */ = {isa = PBXFileReference; lastKnownFileType = sourcecode.swift; path = EVYSheetContainerRow.swift; sourceTree = "<group>"; };
		2EE4E27C2B99D7F300CEF112 /* EVYSelectList.swift */ = {isa = PBXFileReference; lastKnownFileType = sourcecode.swift; path = EVYSelectList.swift; sourceTree = "<group>"; };
		7303B3192C3EB8A000796123 /* EVYCalendarTimeslotData.swift */ = {isa = PBXFileReference; lastKnownFileType = sourcecode.swift; path = EVYCalendarTimeslotData.swift; sourceTree = "<group>"; };
		730D008C2B29AC4000B5BCB6 /* EVYCarouselOverlay.swift */ = {isa = PBXFileReference; lastKnownFileType = sourcecode.swift; path = EVYCarouselOverlay.swift; sourceTree = "<group>"; };
		730D008F2B29D93900B5BCB6 /* hasDynamicIsland.swift */ = {isa = PBXFileReference; lastKnownFileType = sourcecode.swift; path = hasDynamicIsland.swift; sourceTree = "<group>"; };
		7320F58F2C2FF8F000297C48 /* EVYInfoRow.swift */ = {isa = PBXFileReference; lastKnownFileType = sourcecode.swift; path = EVYInfoRow.swift; sourceTree = "<group>"; };
		7320F5992C300B8B00297C48 /* EVYTextActionRow.swift */ = {isa = PBXFileReference; lastKnownFileType = sourcecode.swift; path = EVYTextActionRow.swift; sourceTree = "<group>"; };
		732A50812C1D6AE80036B98B /* EVY.swift */ = {isa = PBXFileReference; lastKnownFileType = sourcecode.swift; path = EVY.swift; sourceTree = "<group>"; };
		7330E4382C9BFABB00FE8F31 /* EVYSelectItem.swift */ = {isa = PBXFileReference; lastKnownFileType = sourcecode.swift; path = EVYSelectItem.swift; sourceTree = "<group>"; };
		734F5A212C2EBB2B00C0FD0A /* EVYDropdown.swift */ = {isa = PBXFileReference; lastKnownFileType = sourcecode.swift; path = EVYDropdown.swift; sourceTree = "<group>"; };
		734F5A232C2ED3BD00C0FD0A /* EVYSelectPhoto.swift */ = {isa = PBXFileReference; lastKnownFileType = sourcecode.swift; path = EVYSelectPhoto.swift; sourceTree = "<group>"; };
		734FD96C2C343C0100ACE8B7 /* EVYCalendar.swift */ = {isa = PBXFileReference; lastKnownFileType = sourcecode.swift; path = EVYCalendar.swift; sourceTree = "<group>"; };
		735795D22C21AF6100ADB49D /* EVYInterpreter.swift */ = {isa = PBXFileReference; lastKnownFileType = sourcecode.swift; path = EVYInterpreter.swift; sourceTree = "<group>"; };
		736495BE2B972E1800729129 /* EVYDataManager.swift */ = {isa = PBXFileReference; fileEncoding = 4; lastKnownFileType = sourcecode.swift; path = EVYDataManager.swift; sourceTree = "<group>"; };
		736D10562B78C4C500503C4D /* EVYPage.swift */ = {isa = PBXFileReference; fileEncoding = 4; lastKnownFileType = sourcecode.swift; path = EVYPage.swift; sourceTree = "<group>"; };
		736D105E2B78CDDB00503C4D /* EVYTextRow.swift */ = {isa = PBXFileReference; lastKnownFileType = sourcecode.swift; path = EVYTextRow.swift; sourceTree = "<group>"; };
		736E123F2BBFE06000D100E4 /* EVYSDUI.swift */ = {isa = PBXFileReference; lastKnownFileType = sourcecode.swift; path = EVYSDUI.swift; sourceTree = "<group>"; };
		7372A7E72BB2EA4D0020E4C6 /* EVYHome.swift */ = {isa = PBXFileReference; lastKnownFileType = sourcecode.swift; path = EVYHome.swift; sourceTree = "<group>"; };
		737334F82B7B5F1800D2E1CF /* EVYInputRow.swift */ = {isa = PBXFileReference; fileEncoding = 4; lastKnownFileType = sourcecode.swift; path = EVYInputRow.swift; sourceTree = "<group>"; };
		737334FA2B7B671100D2E1CF /* EVYTextField.swift */ = {isa = PBXFileReference; fileEncoding = 4; lastKnownFileType = sourcecode.swift; path = EVYTextField.swift; sourceTree = "<group>"; };
		737C6AA22B2706890093D00C /* evy.app */ = {isa = PBXFileReference; explicitFileType = wrapper.application; includeInIndex = 0; path = evy.app; sourceTree = BUILT_PRODUCTS_DIR; };
		737C6AA52B2706890093D00C /* evyApp.swift */ = {isa = PBXFileReference; lastKnownFileType = sourcecode.swift; path = evyApp.swift; sourceTree = "<group>"; };
		737C6AA72B2706890093D00C /* ContentView.swift */ = {isa = PBXFileReference; lastKnownFileType = sourcecode.swift; path = ContentView.swift; sourceTree = "<group>"; };
		737C6AA92B27068A0093D00C /* Assets.xcassets */ = {isa = PBXFileReference; lastKnownFileType = folder.assetcatalog; path = Assets.xcassets; sourceTree = "<group>"; };
		737C6AAC2B27068A0093D00C /* Preview Assets.xcassets */ = {isa = PBXFileReference; lastKnownFileType = folder.assetcatalog; path = "Preview Assets.xcassets"; sourceTree = "<group>"; };
		737C6AC02B270AAE0093D00C /* EVYDevice.swift */ = {isa = PBXFileReference; fileEncoding = 4; lastKnownFileType = sourcecode.swift; path = EVYDevice.swift; sourceTree = "<group>"; };
		737C6AC12B270AAE0093D00C /* EVYService.swift */ = {isa = PBXFileReference; fileEncoding = 4; lastKnownFileType = sourcecode.swift; path = EVYService.swift; sourceTree = "<group>"; };
		737C6AC22B270AAE0093D00C /* EVYOrganization.swift */ = {isa = PBXFileReference; fileEncoding = 4; lastKnownFileType = sourcecode.swift; path = EVYOrganization.swift; sourceTree = "<group>"; };
		737C6AC32B270AAE0093D00C /* EVYServiceProvider.swift */ = {isa = PBXFileReference; fileEncoding = 4; lastKnownFileType = sourcecode.swift; path = EVYServiceProvider.swift; sourceTree = "<group>"; };
		737C6AC92B270AD90093D00C /* EVYWebsocket.swift */ = {isa = PBXFileReference; fileEncoding = 4; lastKnownFileType = sourcecode.swift; path = EVYWebsocket.swift; sourceTree = "<group>"; };
		737C6ACA2B270AD90093D00C /* EVYAPIManager.swift */ = {isa = PBXFileReference; fileEncoding = 4; lastKnownFileType = sourcecode.swift; path = EVYAPIManager.swift; sourceTree = "<group>"; };
		737EFA362B90694000DFA0CE /* EVYFlow.swift */ = {isa = PBXFileReference; fileEncoding = 4; lastKnownFileType = sourcecode.swift; path = EVYFlow.swift; sourceTree = "<group>"; };
		737F00EA2B342DEF00C35772 /* Info.plist */ = {isa = PBXFileReference; lastKnownFileType = text.plist; path = Info.plist; sourceTree = "<group>"; };
		737F00EB2B342EE600C35772 /* LaunchScreen.storyboard */ = {isa = PBXFileReference; lastKnownFileType = file.storyboard; path = LaunchScreen.storyboard; sourceTree = "<group>"; };
		73884AC32B2E9AE500BC8726 /* EVYTimeslotPicker.swift */ = {isa = PBXFileReference; lastKnownFileType = sourcecode.swift; path = EVYTimeslotPicker.swift; sourceTree = "<group>"; };
		738B4AED2B95DC3F005FF527 /* EVYData.swift */ = {isa = PBXFileReference; fileEncoding = 4; lastKnownFileType = sourcecode.swift; path = EVYData.swift; sourceTree = "<group>"; };
		739EC4E02CD6552300E1B469 /* data.json */ = {isa = PBXFileReference; lastKnownFileType = text.json; name = data.json; path = ../docs/services/marketplace/data.json; sourceTree = SOURCE_ROOT; };
		739EC4E12CD6552300E1B469 /* sdui.json */ = {isa = PBXFileReference; lastKnownFileType = text.json; name = sdui.json; path = ../docs/services/marketplace/sdui.json; sourceTree = SOURCE_ROOT; };
		73A401EB2C96F76C00ADA1A4 /* EVYSearchSingle.swift */ = {isa = PBXFileReference; lastKnownFileType = sourcecode.swift; path = EVYSearchSingle.swift; sourceTree = "<group>"; };
		73A401ED2C96F78500ADA1A4 /* EVYSearchMultiple.swift */ = {isa = PBXFileReference; lastKnownFileType = sourcecode.swift; path = EVYSearchMultiple.swift; sourceTree = "<group>"; };
		73A6BDF82B85F75800C8F882 /* EVYFunctions.swift */ = {isa = PBXFileReference; fileEncoding = 4; lastKnownFileType = sourcecode.swift; path = EVYFunctions.swift; sourceTree = "<group>"; };
		73AC529C2BC27913004204A2 /* EVYAPI.swift */ = {isa = PBXFileReference; lastKnownFileType = sourcecode.swift; path = EVYAPI.swift; sourceTree = "<group>"; };
		73B3CF7C2C6871EA00FD333A /* EVYCalendarRow.swift */ = {isa = PBXFileReference; lastKnownFileType = sourcecode.swift; path = EVYCalendarRow.swift; sourceTree = "<group>"; };
		73B3CF802C68ABD100FD333A /* EVYSelectSegmentContainerRow.swift */ = {isa = PBXFileReference; lastKnownFileType = sourcecode.swift; path = EVYSelectSegmentContainerRow.swift; sourceTree = "<group>"; };
		73B3CF842C68AD2200FD333A /* EVYColumnContainerRow.swift */ = {isa = PBXFileReference; fileEncoding = 4; lastKnownFileType = sourcecode.swift; path = EVYColumnContainerRow.swift; sourceTree = "<group>"; };
		73B3CF852C68AD2200FD333A /* EVYListContainerRow.swift */ = {isa = PBXFileReference; fileEncoding = 4; lastKnownFileType = sourcecode.swift; path = EVYListContainerRow.swift; sourceTree = "<group>"; };
		73C5D23D2C0AF1030024FF11 /* EVYTextView.swift */ = {isa = PBXFileReference; lastKnownFileType = sourcecode.swift; path = EVYTextView.swift; sourceTree = "<group>"; };
		73C78AE92BC549840026F39D /* EVYSearch.swift */ = {isa = PBXFileReference; lastKnownFileType = sourcecode.swift; path = EVYSearch.swift; sourceTree = "<group>"; };
		73C78AED2BC54DFE0026F39D /* EVYSearchRow.swift */ = {isa = PBXFileReference; fileEncoding = 4; lastKnownFileType = sourcecode.swift; path = EVYSearchRow.swift; sourceTree = "<group>"; };
		73C78AFC2BC564F00026F39D /* SF-Pro-Text-Regular.otf */ = {isa = PBXFileReference; lastKnownFileType = file; path = "SF-Pro-Text-Regular.otf"; sourceTree = "<group>"; };
		73C78AFD2BC564F10026F39D /* SF-Pro-Text-Bold.otf */ = {isa = PBXFileReference; lastKnownFileType = file; path = "SF-Pro-Text-Bold.otf"; sourceTree = "<group>"; };
		73CB094F2C760597008F7D2C /* EVYInputList.swift */ = {isa = PBXFileReference; lastKnownFileType = sourcecode.swift; path = EVYInputList.swift; sourceTree = "<group>"; };
		73CB09512C7608A7008F7D2C /* EVYRectangle.swift */ = {isa = PBXFileReference; lastKnownFileType = sourcecode.swift; path = EVYRectangle.swift; sourceTree = "<group>"; };
		73CB09532C7609E5008F7D2C /* EVYInputListRow.swift */ = {isa = PBXFileReference; lastKnownFileType = sourcecode.swift; path = EVYInputListRow.swift; sourceTree = "<group>"; };
		73CDCAB72B27176700D4E82A /* EVYImageOverlay.swift */ = {isa = PBXFileReference; lastKnownFileType = sourcecode.swift; path = EVYImageOverlay.swift; sourceTree = "<group>"; };
		73CDCABE2B271AF300D4E82A /* EVYZoomableContainer.swift */ = {isa = PBXFileReference; fileEncoding = 4; lastKnownFileType = sourcecode.swift; path = EVYZoomableContainer.swift; sourceTree = "<group>"; };
		73CDCAC12B272E0C00D4E82A /* EVYRow.swift */ = {isa = PBXFileReference; lastKnownFileType = sourcecode.swift; path = EVYRow.swift; sourceTree = "<group>"; };
		73D878E72B2ECD6900A1F9C2 /* chunked.swift */ = {isa = PBXFileReference; lastKnownFileType = sourcecode.swift; path = chunked.swift; sourceTree = "<group>"; };
		73D878ED2B2EEFF900A1F9C2 /* EVYCarouselIndicator.swift */ = {isa = PBXFileReference; lastKnownFileType = sourcecode.swift; path = EVYCarouselIndicator.swift; sourceTree = "<group>"; };
		73DAEC0B2C7729F8003A0A29 /* EVYSearchController.swift */ = {isa = PBXFileReference; lastKnownFileType = sourcecode.swift; path = EVYSearchController.swift; sourceTree = "<group>"; };
		73DE512A2C68BF3D00998024 /* EVYTextSelectRow.swift */ = {isa = PBXFileReference; lastKnownFileType = sourcecode.swift; path = EVYTextSelectRow.swift; sourceTree = "<group>"; };
		73E77C9C2C3118C100A53363 /* EVYInlinePicker.swift */ = {isa = PBXFileReference; lastKnownFileType = sourcecode.swift; path = EVYInlinePicker.swift; sourceTree = "<group>"; };
		73E77C9E2C3118D100A53363 /* EVYInlinePickerRow.swift */ = {isa = PBXFileReference; lastKnownFileType = sourcecode.swift; path = EVYInlinePickerRow.swift; sourceTree = "<group>"; };
		73EDC87C2B8F37E800304DD8 /* EVYButtonRow.swift */ = {isa = PBXFileReference; fileEncoding = 4; lastKnownFileType = sourcecode.swift; path = EVYButtonRow.swift; sourceTree = "<group>"; };
		73EDC87E2B8F387500304DD8 /* EVYButton.swift */ = {isa = PBXFileReference; fileEncoding = 4; lastKnownFileType = sourcecode.swift; path = EVYButton.swift; sourceTree = "<group>"; };
/* End PBXFileReference section */

/* Begin PBXFrameworksBuildPhase section */
		737C6A9F2B2706890093D00C /* Frameworks */ = {
			isa = PBXFrameworksBuildPhase;
			buildActionMask = 2147483647;
			files = (
				731988822C271BBD0035E094 /* JsonRPC in Frameworks */,
				731988852C271BC40035E094 /* Serializable in Frameworks */,
			);
			runOnlyForDeploymentPostprocessing = 0;
		};
/* End PBXFrameworksBuildPhase section */

/* Begin PBXGroup section */
		2E0056102B908CC500D81297 /* Data */ = {
			isa = PBXGroup;
			children = (
				737C6AC82B270AD90093D00C /* API */,
				737C6ABF2B270AAE0093D00C /* Models */,
				737C6ACA2B270AD90093D00C /* EVYAPIManager.swift */,
				736495BE2B972E1800729129 /* EVYDataManager.swift */,
				73DAEC0B2C7729F8003A0A29 /* EVYSearchController.swift */,
			);
			path = Data;
			sourceTree = "<group>";
		};
		730D008E2B29D91200B5BCB6 /* Utils */ = {
			isa = PBXGroup;
			children = (
				73D878E72B2ECD6900A1F9C2 /* chunked.swift */,
				730D008F2B29D93900B5BCB6 /* hasDynamicIsland.swift */,
				73A6BDF82B85F75800C8F882 /* EVYFunctions.swift */,
				735795D22C21AF6100ADB49D /* EVYInterpreter.swift */,
			);
			path = Utils;
			sourceTree = "<group>";
		};
		736D104F2B78C4A100503C4D /* Rows */ = {
			isa = PBXGroup;
			children = (
				736E12422BBFE38400D100E4 /* Container */,
				736E12412BBFE37B00D100E4 /* Edit */,
				736E12432BBFE38E00D100E4 /* View */,
				736E12442BBFE39500D100E4 /* Action */,
			);
			path = Rows;
			sourceTree = "<group>";
		};
		736D10552B78C4C500503C4D /* UI */ = {
			isa = PBXGroup;
			children = (
				737EFA362B90694000DFA0CE /* EVYFlow.swift */,
				736D10562B78C4C500503C4D /* EVYPage.swift */,
				73CDCAC12B272E0C00D4E82A /* EVYRow.swift */,
				736E123F2BBFE06000D100E4 /* EVYSDUI.swift */,
				7372A7E72BB2EA4D0020E4C6 /* EVYHome.swift */,
				73C78AFB2BC564E30026F39D /* Assets */,
				736D104F2B78C4A100503C4D /* Rows */,
				73CDCAB42B27176700D4E82A /* Views */,
				73A2AB572C99A09800307E37 /* Atoms */,
			);
			path = UI;
			sourceTree = "<group>";
		};
		736E12412BBFE37B00D100E4 /* Edit */ = {
			isa = PBXGroup;
			children = (
				73B3CF7C2C6871EA00FD333A /* EVYCalendarRow.swift */,
				2E5F4DBA2BB01A1200D3A3FB /* EVYDropdownRow.swift */,
				73E77C9E2C3118D100A53363 /* EVYInlinePickerRow.swift */,
				737334F82B7B5F1800D2E1CF /* EVYInputRow.swift */,
				73C78AED2BC54DFE0026F39D /* EVYSearchRow.swift */,
				2E0B20F12B816AFA002C86A3 /* EVYSelectPhotoRow.swift */,
				2E5F4DBC2BB2C5D900D3A3FB /* EVYTextAreaRow.swift */,
				73DE512A2C68BF3D00998024 /* EVYTextSelectRow.swift */,
			);
			path = Edit;
			sourceTree = "<group>";
		};
		736E12422BBFE38400D100E4 /* Container */ = {
			isa = PBXGroup;
			children = (
				73B3CF842C68AD2200FD333A /* EVYColumnContainerRow.swift */,
				73B3CF852C68AD2200FD333A /* EVYListContainerRow.swift */,
				73B3CF802C68ABD100FD333A /* EVYSelectSegmentContainerRow.swift */,
				2EE4E27A2B99CDB300CEF112 /* EVYSheetContainerRow.swift */,
			);
			path = Container;
			sourceTree = "<group>";
		};
		736E12432BBFE38E00D100E4 /* View */ = {
			isa = PBXGroup;
			children = (
				7320F58F2C2FF8F000297C48 /* EVYInfoRow.swift */,
				73CB09532C7609E5008F7D2C /* EVYInputListRow.swift */,
				736D105E2B78CDDB00503C4D /* EVYTextRow.swift */,
			);
			path = View;
			sourceTree = "<group>";
		};
		736E12442BBFE39500D100E4 /* Action */ = {
			isa = PBXGroup;
			children = (
				73EDC87C2B8F37E800304DD8 /* EVYButtonRow.swift */,
				7320F5992C300B8B00297C48 /* EVYTextActionRow.swift */,
			);
			path = Action;
			sourceTree = "<group>";
		};
		737C6A992B2706890093D00C = {
			isa = PBXGroup;
			children = (
				737C6AA42B2706890093D00C /* evy */,
				737C6AA32B2706890093D00C /* Products */,
			);
			sourceTree = "<group>";
		};
		737C6AA32B2706890093D00C /* Products */ = {
			isa = PBXGroup;
			children = (
				737C6AA22B2706890093D00C /* evy.app */,
			);
			name = Products;
			sourceTree = "<group>";
		};
		737C6AA42B2706890093D00C /* evy */ = {
			isa = PBXGroup;
			children = (
				737C6AA92B27068A0093D00C /* Assets.xcassets */,
				2E8EEC392B2730B0003DF2DC /* Constants.swift */,
				737C6AA72B2706890093D00C /* ContentView.swift */,
				737C6AA52B2706890093D00C /* evyApp.swift */,
				732A50812C1D6AE80036B98B /* EVY.swift */,
				737F00EA2B342DEF00C35772 /* Info.plist */,
				737F00EB2B342EE600C35772 /* LaunchScreen.storyboard */,
				739EC4DF2CD6551400E1B469 /* Testing Data */,
				2E0056102B908CC500D81297 /* Data */,
				737C6AAB2B27068A0093D00C /* Preview Content */,
				736D10552B78C4C500503C4D /* UI */,
				730D008E2B29D91200B5BCB6 /* Utils */,
			);
			path = evy;
			sourceTree = "<group>";
		};
		737C6AAB2B27068A0093D00C /* Preview Content */ = {
			isa = PBXGroup;
			children = (
				737C6AAC2B27068A0093D00C /* Preview Assets.xcassets */,
			);
			path = "Preview Content";
			sourceTree = "<group>";
		};
		737C6ABF2B270AAE0093D00C /* Models */ = {
			isa = PBXGroup;
			children = (
				738B4AED2B95DC3F005FF527 /* EVYData.swift */,
				7303B3192C3EB8A000796123 /* EVYCalendarTimeslotData.swift */,
				737C6AC02B270AAE0093D00C /* EVYDevice.swift */,
				737C6AC22B270AAE0093D00C /* EVYOrganization.swift */,
				737C6AC12B270AAE0093D00C /* EVYService.swift */,
				737C6AC32B270AAE0093D00C /* EVYServiceProvider.swift */,
			);
			path = Models;
			sourceTree = "<group>";
		};
		737C6AC82B270AD90093D00C /* API */ = {
			isa = PBXGroup;
			children = (
				737C6AC92B270AD90093D00C /* EVYWebsocket.swift */,
				73AC529C2BC27913004204A2 /* EVYAPI.swift */,
			);
			path = API;
			sourceTree = "<group>";
		};
		739EC4DF2CD6551400E1B469 /* Testing Data */ = {
			isa = PBXGroup;
			children = (
				739EC4E02CD6552300E1B469 /* data.json */,
				739EC4E12CD6552300E1B469 /* sdui.json */,
			);
			path = "Testing Data";
			sourceTree = "<group>";
		};
		73A2AB572C99A09800307E37 /* Atoms */ = {
			isa = PBXGroup;
			children = (
				73C5D23D2C0AF1030024FF11 /* EVYTextView.swift */,
				73D878ED2B2EEFF900A1F9C2 /* EVYCarouselIndicator.swift */,
				2E00BD4A2BA1A99D00C09A1D /* EVYRadioButton.swift */,
				73CB09512C7608A7008F7D2C /* EVYRectangle.swift */,
			);
			path = Atoms;
			sourceTree = "<group>";
		};
		73C78AFB2BC564E30026F39D /* Assets */ = {
			isa = PBXGroup;
			children = (
				73C78AFD2BC564F10026F39D /* SF-Pro-Text-Bold.otf */,
				73C78AFC2BC564F00026F39D /* SF-Pro-Text-Regular.otf */,
			);
			path = Assets;
			sourceTree = "<group>";
		};
		73CDCAB42B27176700D4E82A /* Views */ = {
			isa = PBXGroup;
			children = (
				73EDC87E2B8F387500304DD8 /* EVYButton.swift */,
				734FD96C2C343C0100ACE8B7 /* EVYCalendar.swift */,
				730D008C2B29AC4000B5BCB6 /* EVYCarouselOverlay.swift */,
				734F5A212C2EBB2B00C0FD0A /* EVYDropdown.swift */,
				73CDCAB72B27176700D4E82A /* EVYImageOverlay.swift */,
				73E77C9C2C3118C100A53363 /* EVYInlinePicker.swift */,
				73CB094F2C760597008F7D2C /* EVYInputList.swift */,
				2ED04EF52B3308C400881DC4 /* EVYMap.swift */,
				73C78AE92BC549840026F39D /* EVYSearch.swift */,
				73A401EB2C96F76C00ADA1A4 /* EVYSearchSingle.swift */,
				737334FA2B7B671100D2E1CF /* EVYTextField.swift */,
				73A401ED2C96F78500ADA1A4 /* EVYSearchMultiple.swift */,
				2EE4E27C2B99D7F300CEF112 /* EVYSelectList.swift */,
				7330E4382C9BFABB00FE8F31 /* EVYSelectItem.swift */,
				734F5A232C2ED3BD00C0FD0A /* EVYSelectPhoto.swift */,
				73884AC32B2E9AE500BC8726 /* EVYTimeslotPicker.swift */,
				73CDCABE2B271AF300D4E82A /* EVYZoomableContainer.swift */,
			);
			path = Views;
			sourceTree = "<group>";
		};
/* End PBXGroup section */

/* Begin PBXNativeTarget section */
		737C6AA12B2706890093D00C /* evy */ = {
			isa = PBXNativeTarget;
			buildConfigurationList = 737C6AB02B27068A0093D00C /* Build configuration list for PBXNativeTarget "evy" */;
			buildPhases = (
				737C6A9E2B2706890093D00C /* Sources */,
				737C6A9F2B2706890093D00C /* Frameworks */,
				737C6AA02B2706890093D00C /* Resources */,
			);
			buildRules = (
			);
			dependencies = (
			);
			name = evy;
			packageProductDependencies = (
				731988812C271BBD0035E094 /* JsonRPC */,
				731988842C271BC40035E094 /* Serializable */,
			);
			productName = evy;
			productReference = 737C6AA22B2706890093D00C /* evy.app */;
			productType = "com.apple.product-type.application";
		};
/* End PBXNativeTarget section */

/* Begin PBXProject section */
		737C6A9A2B2706890093D00C /* Project object */ = {
			isa = PBXProject;
			attributes = {
				BuildIndependentTargetsInParallel = 1;
				LastSwiftUpdateCheck = 1500;
				LastUpgradeCheck = 1500;
				TargetAttributes = {
					737C6AA12B2706890093D00C = {
						CreatedOnToolsVersion = 15.0.1;
					};
				};
			};
			buildConfigurationList = 737C6A9D2B2706890093D00C /* Build configuration list for PBXProject "evy" */;
			compatibilityVersion = "Xcode 14.0";
			developmentRegion = en;
			hasScannedForEncodings = 0;
			knownRegions = (
				en,
				Base,
			);
			mainGroup = 737C6A992B2706890093D00C;
			packageReferences = (
				731988802C271BBD0035E094 /* XCRemoteSwiftPackageReference "JsonRPC.swift" */,
				731988832C271BC40035E094 /* XCRemoteSwiftPackageReference "Serializable.swift" */,
			);
			productRefGroup = 737C6AA32B2706890093D00C /* Products */;
			projectDirPath = "";
			projectRoot = "";
			targets = (
				737C6AA12B2706890093D00C /* evy */,
			);
		};
/* End PBXProject section */

/* Begin PBXResourcesBuildPhase section */
		737C6AA02B2706890093D00C /* Resources */ = {
			isa = PBXResourcesBuildPhase;
			buildActionMask = 2147483647;
			files = (
				737F00EC2B342EE600C35772 /* LaunchScreen.storyboard in Resources */,
				73C78AFE2BC564F10026F39D /* SF-Pro-Text-Regular.otf in Resources */,
				73C78AFF2BC564F10026F39D /* SF-Pro-Text-Bold.otf in Resources */,
				737C6AAD2B27068A0093D00C /* Preview Assets.xcassets in Resources */,
				737C6AAA2B27068A0093D00C /* Assets.xcassets in Resources */,
				739EC4E22CD6552300E1B469 /* data.json in Resources */,
				739EC4E32CD6552300E1B469 /* sdui.json in Resources */,
			);
			runOnlyForDeploymentPostprocessing = 0;
		};
/* End PBXResourcesBuildPhase section */

/* Begin PBXSourcesBuildPhase section */
		737C6A9E2B2706890093D00C /* Sources */ = {
			isa = PBXSourcesBuildPhase;
			buildActionMask = 2147483647;
			files = (
				73C5D23E2C0AF1030024FF11 /* EVYTextView.swift in Sources */,
				73CB09522C7608A7008F7D2C /* EVYRectangle.swift in Sources */,
				730D00902B29D93900B5BCB6 /* hasDynamicIsland.swift in Sources */,
				737C6AA82B2706890093D00C /* ContentView.swift in Sources */,
				7372A7E82BB2EA4D0020E4C6 /* EVYHome.swift in Sources */,
				7303B31A2C3EB8A000796123 /* EVYCalendarTimeslotData.swift in Sources */,
				73DAEC0C2C7729F8003A0A29 /* EVYSearchController.swift in Sources */,
				73CB09502C760597008F7D2C /* EVYInputList.swift in Sources */,
				73A401EE2C96F78500ADA1A4 /* EVYSearchMultiple.swift in Sources */,
				734FD96D2C343C0100ACE8B7 /* EVYCalendar.swift in Sources */,
				73CB09542C7609E5008F7D2C /* EVYInputListRow.swift in Sources */,
				73D878E82B2ECD6900A1F9C2 /* chunked.swift in Sources */,
				73884AC42B2E9AE500BC8726 /* EVYTimeslotPicker.swift in Sources */,
				73B3CF7D2C6871EA00FD333A /* EVYCalendarRow.swift in Sources */,
				2ED04EF62B3308C400881DC4 /* EVYMap.swift in Sources */,
				73C78AEA2BC549840026F39D /* EVYSearch.swift in Sources */,
				73EDC87F2B8F387500304DD8 /* EVYButton.swift in Sources */,
				7320F59A2C300B8B00297C48 /* EVYTextActionRow.swift in Sources */,
				732A50822C1D6AE80036B98B /* EVY.swift in Sources */,
				73C78AEE2BC54DFE0026F39D /* EVYSearchRow.swift in Sources */,
				737C6AC62B270AAE0093D00C /* EVYOrganization.swift in Sources */,
				7320F5902C2FF8F000297C48 /* EVYInfoRow.swift in Sources */,
				737334F92B7B5F1800D2E1CF /* EVYInputRow.swift in Sources */,
				737C6ACB2B270AD90093D00C /* EVYWebsocket.swift in Sources */,
				2E0B20F22B816AFA002C86A3 /* EVYSelectPhotoRow.swift in Sources */,
				737C6ACC2B270AD90093D00C /* EVYAPIManager.swift in Sources */,
				737C6AA62B2706890093D00C /* evyApp.swift in Sources */,
				73B3CF872C68AD2200FD333A /* EVYListContainerRow.swift in Sources */,
				735795D32C21AF6100ADB49D /* EVYInterpreter.swift in Sources */,
				737334FB2B7B671100D2E1CF /* EVYTextField.swift in Sources */,
				738B4AEE2B95DC3F005FF527 /* EVYData.swift in Sources */,
				730D008D2B29AC4000B5BCB6 /* EVYCarouselOverlay.swift in Sources */,
				73CDCABF2B271AF300D4E82A /* EVYZoomableContainer.swift in Sources */,
				73E77C9F2C3118D100A53363 /* EVYInlinePickerRow.swift in Sources */,
				736D10572B78C4C500503C4D /* EVYPage.swift in Sources */,
				73A401EC2C96F76C00ADA1A4 /* EVYSearchSingle.swift in Sources */,
				2EE4E27D2B99D7F300CEF112 /* EVYSelectList.swift in Sources */,
				737EFA372B90694000DFA0CE /* EVYFlow.swift in Sources */,
				737C6AC72B270AAE0093D00C /* EVYServiceProvider.swift in Sources */,
				73DE512B2C68BF3D00998024 /* EVYTextSelectRow.swift in Sources */,
				73D878EE2B2EEFF900A1F9C2 /* EVYCarouselIndicator.swift in Sources */,
				73EDC87D2B8F37E800304DD8 /* EVYButtonRow.swift in Sources */,
				734F5A222C2EBB2B00C0FD0A /* EVYDropdown.swift in Sources */,
				736E12402BBFE06000D100E4 /* EVYSDUI.swift in Sources */,
				737C6AC52B270AAE0093D00C /* EVYService.swift in Sources */,
				73CDCAC22B272E0C00D4E82A /* EVYRow.swift in Sources */,
				736495BF2B972E1800729129 /* EVYDataManager.swift in Sources */,
				736D105F2B78CDDB00503C4D /* EVYTextRow.swift in Sources */,
				73B3CF812C68ABD100FD333A /* EVYSelectSegmentContainerRow.swift in Sources */,
				2E8EEC3A2B2730B0003DF2DC /* Constants.swift in Sources */,
				2E5F4DBB2BB01A1200D3A3FB /* EVYDropdownRow.swift in Sources */,
				737C6AC42B270AAE0093D00C /* EVYDevice.swift in Sources */,
				2E00BD4B2BA1A99D00C09A1D /* EVYRadioButton.swift in Sources */,
				2EE4E27B2B99CDB300CEF112 /* EVYSheetContainerRow.swift in Sources */,
				2E5F4DBD2BB2C5D900D3A3FB /* EVYTextAreaRow.swift in Sources */,
				7330E4392C9BFABB00FE8F31 /* EVYSelectItem.swift in Sources */,
				73E77C9D2C3118C100A53363 /* EVYInlinePicker.swift in Sources */,
				734F5A242C2ED3BD00C0FD0A /* EVYSelectPhoto.swift in Sources */,
				73A6BDFB2B85F75800C8F882 /* EVYFunctions.swift in Sources */,
				73AC529D2BC27913004204A2 /* EVYAPI.swift in Sources */,
				73CDCAB82B27176700D4E82A /* EVYImageOverlay.swift in Sources */,
				73B3CF862C68AD2200FD333A /* EVYColumnContainerRow.swift in Sources */,
			);
			runOnlyForDeploymentPostprocessing = 0;
		};
/* End PBXSourcesBuildPhase section */

/* Begin XCBuildConfiguration section */
		737C6AAE2B27068A0093D00C /* Debug */ = {
			isa = XCBuildConfiguration;
			buildSettings = {
				ALWAYS_SEARCH_USER_PATHS = NO;
				ASSETCATALOG_COMPILER_GENERATE_SWIFT_ASSET_SYMBOL_EXTENSIONS = YES;
				CLANG_ANALYZER_NONNULL = YES;
				CLANG_ANALYZER_NUMBER_OBJECT_CONVERSION = YES_AGGRESSIVE;
				CLANG_CXX_LANGUAGE_STANDARD = "gnu++20";
				CLANG_ENABLE_MODULES = YES;
				CLANG_ENABLE_OBJC_ARC = YES;
				CLANG_ENABLE_OBJC_WEAK = YES;
				CLANG_WARN_BLOCK_CAPTURE_AUTORELEASING = YES;
				CLANG_WARN_BOOL_CONVERSION = YES;
				CLANG_WARN_COMMA = YES;
				CLANG_WARN_CONSTANT_CONVERSION = YES;
				CLANG_WARN_DEPRECATED_OBJC_IMPLEMENTATIONS = YES;
				CLANG_WARN_DIRECT_OBJC_ISA_USAGE = YES_ERROR;
				CLANG_WARN_DOCUMENTATION_COMMENTS = YES;
				CLANG_WARN_EMPTY_BODY = YES;
				CLANG_WARN_ENUM_CONVERSION = YES;
				CLANG_WARN_INFINITE_RECURSION = YES;
				CLANG_WARN_INT_CONVERSION = YES;
				CLANG_WARN_NON_LITERAL_NULL_CONVERSION = YES;
				CLANG_WARN_OBJC_IMPLICIT_RETAIN_SELF = YES;
				CLANG_WARN_OBJC_LITERAL_CONVERSION = YES;
				CLANG_WARN_OBJC_ROOT_CLASS = YES_ERROR;
				CLANG_WARN_QUOTED_INCLUDE_IN_FRAMEWORK_HEADER = YES;
				CLANG_WARN_RANGE_LOOP_ANALYSIS = YES;
				CLANG_WARN_STRICT_PROTOTYPES = YES;
				CLANG_WARN_SUSPICIOUS_MOVE = YES;
				CLANG_WARN_UNGUARDED_AVAILABILITY = YES_AGGRESSIVE;
				CLANG_WARN_UNREACHABLE_CODE = YES;
				CLANG_WARN__DUPLICATE_METHOD_MATCH = YES;
				COPY_PHASE_STRIP = NO;
				DEBUG_INFORMATION_FORMAT = dwarf;
				ENABLE_STRICT_OBJC_MSGSEND = YES;
				ENABLE_TESTABILITY = YES;
				ENABLE_USER_SCRIPT_SANDBOXING = YES;
				GCC_C_LANGUAGE_STANDARD = gnu17;
				GCC_DYNAMIC_NO_PIC = NO;
				GCC_NO_COMMON_BLOCKS = YES;
				GCC_OPTIMIZATION_LEVEL = 0;
				GCC_PREPROCESSOR_DEFINITIONS = (
					"DEBUG=1",
					"$(inherited)",
				);
				GCC_WARN_64_TO_32_BIT_CONVERSION = YES;
				GCC_WARN_ABOUT_RETURN_TYPE = YES_ERROR;
				GCC_WARN_UNDECLARED_SELECTOR = YES;
				GCC_WARN_UNINITIALIZED_AUTOS = YES_AGGRESSIVE;
				GCC_WARN_UNUSED_FUNCTION = YES;
				GCC_WARN_UNUSED_VARIABLE = YES;
				IPHONEOS_DEPLOYMENT_TARGET = 17.0;
				LOCALIZATION_PREFERS_STRING_CATALOGS = YES;
				MTL_ENABLE_DEBUG_INFO = INCLUDE_SOURCE;
				MTL_FAST_MATH = YES;
				ONLY_ACTIVE_ARCH = YES;
				SDKROOT = iphoneos;
				SWIFT_ACTIVE_COMPILATION_CONDITIONS = "DEBUG $(inherited)";
				SWIFT_OPTIMIZATION_LEVEL = "-Onone";
			};
			name = Debug;
		};
		737C6AAF2B27068A0093D00C /* Release */ = {
			isa = XCBuildConfiguration;
			buildSettings = {
				ALWAYS_SEARCH_USER_PATHS = NO;
				ASSETCATALOG_COMPILER_GENERATE_SWIFT_ASSET_SYMBOL_EXTENSIONS = YES;
				CLANG_ANALYZER_NONNULL = YES;
				CLANG_ANALYZER_NUMBER_OBJECT_CONVERSION = YES_AGGRESSIVE;
				CLANG_CXX_LANGUAGE_STANDARD = "gnu++20";
				CLANG_ENABLE_MODULES = YES;
				CLANG_ENABLE_OBJC_ARC = YES;
				CLANG_ENABLE_OBJC_WEAK = YES;
				CLANG_WARN_BLOCK_CAPTURE_AUTORELEASING = YES;
				CLANG_WARN_BOOL_CONVERSION = YES;
				CLANG_WARN_COMMA = YES;
				CLANG_WARN_CONSTANT_CONVERSION = YES;
				CLANG_WARN_DEPRECATED_OBJC_IMPLEMENTATIONS = YES;
				CLANG_WARN_DIRECT_OBJC_ISA_USAGE = YES_ERROR;
				CLANG_WARN_DOCUMENTATION_COMMENTS = YES;
				CLANG_WARN_EMPTY_BODY = YES;
				CLANG_WARN_ENUM_CONVERSION = YES;
				CLANG_WARN_INFINITE_RECURSION = YES;
				CLANG_WARN_INT_CONVERSION = YES;
				CLANG_WARN_NON_LITERAL_NULL_CONVERSION = YES;
				CLANG_WARN_OBJC_IMPLICIT_RETAIN_SELF = YES;
				CLANG_WARN_OBJC_LITERAL_CONVERSION = YES;
				CLANG_WARN_OBJC_ROOT_CLASS = YES_ERROR;
				CLANG_WARN_QUOTED_INCLUDE_IN_FRAMEWORK_HEADER = YES;
				CLANG_WARN_RANGE_LOOP_ANALYSIS = YES;
				CLANG_WARN_STRICT_PROTOTYPES = YES;
				CLANG_WARN_SUSPICIOUS_MOVE = YES;
				CLANG_WARN_UNGUARDED_AVAILABILITY = YES_AGGRESSIVE;
				CLANG_WARN_UNREACHABLE_CODE = YES;
				CLANG_WARN__DUPLICATE_METHOD_MATCH = YES;
				COPY_PHASE_STRIP = NO;
				DEBUG_INFORMATION_FORMAT = "dwarf-with-dsym";
				ENABLE_NS_ASSERTIONS = NO;
				ENABLE_STRICT_OBJC_MSGSEND = YES;
				ENABLE_USER_SCRIPT_SANDBOXING = YES;
				GCC_C_LANGUAGE_STANDARD = gnu17;
				GCC_NO_COMMON_BLOCKS = YES;
				GCC_WARN_64_TO_32_BIT_CONVERSION = YES;
				GCC_WARN_ABOUT_RETURN_TYPE = YES_ERROR;
				GCC_WARN_UNDECLARED_SELECTOR = YES;
				GCC_WARN_UNINITIALIZED_AUTOS = YES_AGGRESSIVE;
				GCC_WARN_UNUSED_FUNCTION = YES;
				GCC_WARN_UNUSED_VARIABLE = YES;
				IPHONEOS_DEPLOYMENT_TARGET = 17.0;
				LOCALIZATION_PREFERS_STRING_CATALOGS = YES;
				MTL_ENABLE_DEBUG_INFO = NO;
				MTL_FAST_MATH = YES;
				SDKROOT = iphoneos;
				SWIFT_COMPILATION_MODE = wholemodule;
				VALIDATE_PRODUCT = YES;
			};
			name = Release;
		};
		737C6AB12B27068A0093D00C /* Debug */ = {
			isa = XCBuildConfiguration;
			buildSettings = {
				ASSETCATALOG_COMPILER_APPICON_NAME = AppIcon;
				ASSETCATALOG_COMPILER_GLOBAL_ACCENT_COLOR_NAME = AccentColor;
				ASSETCATALOG_COMPILER_INCLUDE_ALL_APPICON_ASSETS = NO;
				CODE_SIGN_STYLE = Automatic;
				CURRENT_PROJECT_VERSION = 1;
				DEVELOPMENT_ASSET_PATHS = "\"evy/Preview Content\"";
				DEVELOPMENT_TEAM = 995A4BQX6K;
				ENABLE_PREVIEWS = YES;
				GENERATE_INFOPLIST_FILE = YES;
				INFOPLIST_FILE = evy/Info.plist;
				INFOPLIST_KEY_UIApplicationSceneManifest_Generation = YES;
				INFOPLIST_KEY_UIApplicationSupportsIndirectInputEvents = YES;
				INFOPLIST_KEY_UILaunchStoryboardName = LaunchScreen.storyboard;
				INFOPLIST_KEY_UIStatusBarHidden = YES;
				INFOPLIST_KEY_UISupportedInterfaceOrientations = UIInterfaceOrientationPortrait;
				LD_RUNPATH_SEARCH_PATHS = (
					"$(inherited)",
					"@executable_path/Frameworks",
				);
				MARKETING_VERSION = 1.0;
				PRODUCT_BUNDLE_IDENTIFIER = evy.evy;
				PRODUCT_NAME = "$(TARGET_NAME)";
				SWIFT_EMIT_LOC_STRINGS = YES;
				SWIFT_VERSION = 5.0;
				TARGETED_DEVICE_FAMILY = "1,2";
			};
			name = Debug;
		};
		737C6AB22B27068A0093D00C /* Release */ = {
			isa = XCBuildConfiguration;
			buildSettings = {
				ASSETCATALOG_COMPILER_APPICON_NAME = AppIcon;
				ASSETCATALOG_COMPILER_GLOBAL_ACCENT_COLOR_NAME = AccentColor;
				ASSETCATALOG_COMPILER_INCLUDE_ALL_APPICON_ASSETS = NO;
				CODE_SIGN_STYLE = Automatic;
				CURRENT_PROJECT_VERSION = 1;
				DEVELOPMENT_ASSET_PATHS = "\"evy/Preview Content\"";
				DEVELOPMENT_TEAM = 995A4BQX6K;
				ENABLE_PREVIEWS = YES;
				GENERATE_INFOPLIST_FILE = YES;
				INFOPLIST_FILE = evy/Info.plist;
				INFOPLIST_KEY_UIApplicationSceneManifest_Generation = YES;
				INFOPLIST_KEY_UIApplicationSupportsIndirectInputEvents = YES;
				INFOPLIST_KEY_UILaunchStoryboardName = LaunchScreen.storyboard;
				INFOPLIST_KEY_UIStatusBarHidden = YES;
				INFOPLIST_KEY_UISupportedInterfaceOrientations = UIInterfaceOrientationPortrait;
				LD_RUNPATH_SEARCH_PATHS = (
					"$(inherited)",
					"@executable_path/Frameworks",
				);
				MARKETING_VERSION = 1.0;
				PRODUCT_BUNDLE_IDENTIFIER = evy.evy;
				PRODUCT_NAME = "$(TARGET_NAME)";
				SWIFT_EMIT_LOC_STRINGS = YES;
				SWIFT_VERSION = 5.0;
				TARGETED_DEVICE_FAMILY = "1,2";
			};
			name = Release;
		};
/* End XCBuildConfiguration section */

/* Begin XCConfigurationList section */
		737C6A9D2B2706890093D00C /* Build configuration list for PBXProject "evy" */ = {
			isa = XCConfigurationList;
			buildConfigurations = (
				737C6AAE2B27068A0093D00C /* Debug */,
				737C6AAF2B27068A0093D00C /* Release */,
			);
			defaultConfigurationIsVisible = 0;
			defaultConfigurationName = Release;
		};
		737C6AB02B27068A0093D00C /* Build configuration list for PBXNativeTarget "evy" */ = {
			isa = XCConfigurationList;
			buildConfigurations = (
				737C6AB12B27068A0093D00C /* Debug */,
				737C6AB22B27068A0093D00C /* Release */,
			);
			defaultConfigurationIsVisible = 0;
			defaultConfigurationName = Release;
		};
/* End XCConfigurationList section */

/* Begin XCRemoteSwiftPackageReference section */
		731988802C271BBD0035E094 /* XCRemoteSwiftPackageReference "JsonRPC.swift" */ = {
			isa = XCRemoteSwiftPackageReference;
			repositoryURL = "https://github.com/tesseract-one/JsonRPC.swift.git";
			requirement = {
				kind = upToNextMajorVersion;
				minimumVersion = 0.2.3;
			};
		};
		731988832C271BC40035E094 /* XCRemoteSwiftPackageReference "Serializable.swift" */ = {
			isa = XCRemoteSwiftPackageReference;
			repositoryURL = "https://github.com/tesseract-one/Serializable.swift.git";
			requirement = {
				kind = upToNextMajorVersion;
				minimumVersion = 0.3.1;
			};
		};
/* End XCRemoteSwiftPackageReference section */

/* Begin XCSwiftPackageProductDependency section */
		731988812C271BBD0035E094 /* JsonRPC */ = {
			isa = XCSwiftPackageProductDependency;
			package = 731988802C271BBD0035E094 /* XCRemoteSwiftPackageReference "JsonRPC.swift" */;
			productName = JsonRPC;
		};
		731988842C271BC40035E094 /* Serializable */ = {
			isa = XCSwiftPackageProductDependency;
			package = 731988832C271BC40035E094 /* XCRemoteSwiftPackageReference "Serializable.swift" */;
			productName = Serializable;
		};
/* End XCSwiftPackageProductDependency section */
	};
	rootObject = 737C6A9A2B2706890093D00C /* Project object */;
}
