{
  "originHash" : "6534efd8ea993963bce057b973314ead51afeb2f711ce47d1af156f707db472c",
  "pins" : [
    {
      "identity" : "lucide-icons-swift",
      "kind" : "remoteSourceControl",
      "location" : "https://github.com/JakubMazur/lucide-icons-swift.git",
      "state" : {
        "revision" : "498792127b18c539259cef2ce27a5db22de8abab",
        "version" : "0.577.0"
      }
    }
  ],
  "version" : 3
}
