{
  "pins" : [
    {
      "identity" : "contextcodable.swift",
      "kind" : "remoteSourceControl",
      "location" : "https://github.com/tesseract-one/ContextCodable.swift.git",
      "state" : {
        "revision" : "c80b0f83752590ea88f5b4e2946da04c3acb12de",
        "version" : "0.1.0"
      }
    },
    {
      "identity" : "jsonrpc.swift",
      "kind" : "remoteSourceControl",
      "location" : "https://github.com/tesseract-one/JsonRPC.swift.git",
      "state" : {
        "revision" : "5300c7246f96f770930a830638de6389d1a2565b",
        "version" : "0.2.1"
      }
    },
    {
      "identity" : "kingfisher",
      "kind" : "remoteSourceControl",
      "location" : "https://github.com/onevcat/Kingfisher.git",
      "state" : {
        "revision" : "277f1ab2c6664b19b4a412e32b094b201e2d5757",
        "version" : "7.10.0"
      }
    },
    {
      "identity" : "serializable.swift",
      "kind" : "remoteSourceControl",
      "location" : "https://github.com/tesseract-one/Serializable.swift.git",
      "state" : {
        "revision" : "55b6a16213627d20b2943f6969c2f61c8b1066ec",
        "version" : "0.3.1"
      }
    },
    {
      "identity" : "sqlite.swift",
      "kind" : "remoteSourceControl",
      "location" : "https://github.com/stephencelis/SQLite.swift.git",
      "state" : {
        "revision" : "7a2e3cd27de56f6d396e84f63beefd0267b55ccb",
        "version" : "0.14.1"
      }
    }
  ],
  "version" : 2
}
