{
  "version": "5",
  "specifiers": {
    "npm:@playwright/test@^1.40.0": "1.52.0"
  },
  "npm": {
    "@playwright/test@1.52.0": {
      "integrity": "sha512-uh6W7sb55hl7D6vsAeA+V2p5JnlAqzhqFyF0VcJkKZXkgnFcVG9PziERRHQfPLfNGx1C292a4JqbWzhR8L4R1g==",
      "dependencies": [
        "playwright"
      ],
      "bin": true
    },
    "fsevents@2.3.2": {
      "integrity": "sha512-xiqMQR4xAeHTuB9uWm+fFRcIOgKBMiOBP+eXiyT7jsgVCq1bkVygt00oASowB7EdtpOHaaPgKt812P9ab+DDKA==",
      "os": ["darwin"],
      "scripts": true
    },
    "playwright-core@1.52.0": {
      "integrity": "sha512-l2osTgLXSMeuLZOML9qYODUQoPPnUsKsb5/P6LJ2e6uPKXUdPK5WYhN4z03G+YNbWmGDY4YENauNu4ZKczreHg==",
      "bin": true
    },
    "playwright@1.52.0": {
      "integrity": "sha512-JAwMNMBlxJ2oD1kce4KPtMkDeKGHQstdpFPcPH3maElAXon/QZeTvtsfXmTMRyO9TslfoYOXkSsvao2nE1ilTw==",
      "dependencies": [
        "playwright-core"
      ],
      "optionalDependencies": [
        "fsevents"
      ],
      "bin": true
    }
  },
  "redirects": {
    "https://esm.sh/@types/babel__traverse@~7.20.7/index.d.ts": "https://esm.sh/@types/babel__traverse@7.20.7/index.d.ts",
    "https://esm.sh/@types/hoist-non-react-statics@~3.3.6/index.d.ts": "https://esm.sh/@types/hoist-non-react-statics@3.3.7/index.d.ts",
    "https://esm.sh/@types/prop-types@~15.7.14/index.d.ts": "https://esm.sh/@types/prop-types@15.7.15/index.d.ts",
    "https://esm.sh/@types/raf-schd@~4.0.3/index.d.ts": "https://esm.sh/@types/raf-schd@4.0.3/index.d.ts",
    "https://esm.sh/@types/react-dom@~19.0.4/client.d.ts": "https://esm.sh/@types/react-dom@19.0.6/client.d.ts",
    "https://esm.sh/@types/react-dom@~19.0.4/index.d.ts": "https://esm.sh/@types/react-dom@19.0.6/index.d.ts",
    "https://esm.sh/@types/react-is@~16.7.5/index.d.ts": "https://esm.sh/@types/react-is@16.7.5/index.d.ts",
    "https://esm.sh/@types/react@~16.14.62/index.d.ts": "https://esm.sh/@types/react@16.14.66/index.d.ts",
    "https://esm.sh/@types/react@~18.3.18/index.d.ts": "https://esm.sh/@types/react@18.3.24/index.d.ts",
    "https://esm.sh/@types/react@~19.0.12/index.d.ts": "https://esm.sh/@types/react@19.0.14/index.d.ts",
    "https://esm.sh/@types/react@~19.0.12/jsx-runtime.d.ts": "https://esm.sh/@types/react@19.0.14/jsx-runtime.d.ts",
    "https://esm.sh/@types/react@~19.1.13/index.d.ts": "https://esm.sh/@types/react@19.1.13/index.d.ts",
    "https://esm.sh/@types/react@~19.1.8/index.d.ts": "https://esm.sh/@types/react@19.1.13/index.d.ts",
    "https://esm.sh/@types/scheduler@~0.23.0/index.d.ts": "https://esm.sh/@types/scheduler@0.23.0/index.d.ts"
  },
  "remote": {
    "https://deno.land/std@0.208.0/assert/assert.ts": "9a97dad6d98c238938e7540736b826440ad8c1c1e54430ca4c4e623e585607ee",
    "https://deno.land/std@0.208.0/assert/assertion_error.ts": "4d0bde9b374dfbcbe8ac23f54f567b77024fb67dbb1906a852d67fe050d42f56",
    "https://deno.land/std@0.208.0/cli/parse_args.ts": "9bea02050b3f302e706871ff87ecfa3ad82cc34249adbe0dcddfaac75bdb48ff",
    "https://deno.land/std@0.208.0/encoding/_util.ts": "f368920189c4fe6592ab2e93bd7ded8f3065b84f95cd3e036a4a10a75649dcba",
    "https://deno.land/std@0.208.0/encoding/base64.ts": "81c0ecff5ccb402def58ca03d8bd245bd01da15a077d3362b568e991aa10f4d9",
    "https://deno.land/std@0.208.0/fmt/bytes.ts": "f29cf69e0791d375f9f5d94ae1f0641e5a03b975f32ddf86d70f70fdf37e7b6a",
    "https://deno.land/std@0.208.0/fmt/colors.ts": "34b3f77432925eb72cf0bfb351616949746768620b8e5ead66da532f93d10ba2",
    "https://deno.land/std@0.208.0/http/etag.ts": "259abf65316c728660e34a100dcb07a1303c37ab6ca3d4ee068503c18b4358b0",
    "https://deno.land/std@0.208.0/http/file_server.ts": "8a2035a1130fab717a103375d85bf99b25ee27bede8d5a4b3ead2ece24de8b6e",
    "https://deno.land/std@0.208.0/http/status.ts": "dcbcc0f048ba8fad81228ac66e4a984c924a28c05701dddd20e0f005681d932f",
    "https://deno.land/std@0.208.0/media_types/_db.ts": "7606d83e31f23ce1a7968cbaee852810c2cf477903a095696cdc62eaab7ce570",
    "https://deno.land/std@0.208.0/media_types/_util.ts": "0879b04cc810ff18d3dcd97d361e03c9dfb29f67d7fc4a9c6c9d387282ef5fe8",
    "https://deno.land/std@0.208.0/media_types/content_type.ts": "a7a3cb6a2b6e81101637afcaa9884d655b4568ded84fa7e6169bb690a87ee2aa",
    "https://deno.land/std@0.208.0/media_types/format_media_type.ts": "f5e1073c05526a6f5a516ac5c5587a1abd043bf1039c71cde1166aa4328c8baf",
    "https://deno.land/std@0.208.0/media_types/get_charset.ts": "18b88274796fda5d353806bf409eb1d2ddb3f004eb4bd311662c4cdd8ac173db",
    "https://deno.land/std@0.208.0/media_types/parse_media_type.ts": "31ccf2388ffab31b49500bb89fa0f5de189c8897e2ee6c9954f207637d488211",
    "https://deno.land/std@0.208.0/media_types/vendor/mime-db.v1.52.0.ts": "6925bbcae81ca37241e3f55908d0505724358cda3384eaea707773b2c7e99586",
    "https://deno.land/std@0.208.0/path/_common/assert_path.ts": "061e4d093d4ba5aebceb2c4da3318bfe3289e868570e9d3a8e327d91c2958946",
    "https://deno.land/std@0.208.0/path/_common/constants.ts": "e49961f6f4f48039c0dfed3c3f93e963ca3d92791c9d478ac5b43183413136e0",
    "https://deno.land/std@0.208.0/path/_common/normalize.ts": "2ba7fb4cc9fafb0f38028f434179579ce61d4d9e51296fad22b701c3d3cd7397",
    "https://deno.land/std@0.208.0/path/_common/normalize_string.ts": "88c472f28ae49525f9fe82de8c8816d93442d46a30d6bb5063b07ff8a89ff589",
    "https://deno.land/std@0.208.0/path/_common/relative.ts": "1af19d787a2a84b8c534cc487424fe101f614982ae4851382c978ab2216186b4",
    "https://deno.land/std@0.208.0/path/_os.ts": "30b0c2875f360c9296dbe6b7f2d528f0f9c741cecad2e97f803f5219e91b40a2",
    "https://deno.land/std@0.208.0/path/extname.ts": "2da4e2490f3b48b7121d19fb4c91681a5e11bd6bd99df4f6f47d7a71bb6ecdf2",
    "https://deno.land/std@0.208.0/path/join.ts": "98d3d76c819af4a11a81d5ba2dbb319f1ce9d63fc2b615597d4bcfddd4a89a09",
    "https://deno.land/std@0.208.0/path/posix/_util.ts": "ecf49560fedd7dd376c6156cc5565cad97c1abe9824f4417adebc7acc36c93e5",
    "https://deno.land/std@0.208.0/path/posix/extname.ts": "ee7f6571a9c0a37f9218fbf510c440d1685a7c13082c348d701396cc795e0be0",
    "https://deno.land/std@0.208.0/path/posix/join.ts": "0c0d84bdc344876930126640011ec1b888e6facf74153ffad9ef26813aa2a076",
    "https://deno.land/std@0.208.0/path/posix/normalize.ts": "11de90a94ab7148cc46e5a288f7d732aade1d616bc8c862f5560fa18ff987b4b",
    "https://deno.land/std@0.208.0/path/posix/relative.ts": "e2f230608b0f083e6deaa06e063943e5accb3320c28aef8d87528fbb7fe6504c",
    "https://deno.land/std@0.208.0/path/posix/resolve.ts": "51579d83159d5c719518c9ae50812a63959bbcb7561d79acbdb2c3682236e285",
    "https://deno.land/std@0.208.0/path/relative.ts": "23d45ede8b7ac464a8299663a43488aad6b561414e7cbbe4790775590db6349c",
    "https://deno.land/std@0.208.0/path/resolve.ts": "5b184efc87155a0af9fa305ff68a109e28de9aee81fc3e77cd01380f19daf867",
    "https://deno.land/std@0.208.0/path/separator.ts": "40a3e9a4ad10bef23bc2cd6c610291b6c502a06237c2c4cd034a15ca78dedc1f",
    "https://deno.land/std@0.208.0/path/windows/_util.ts": "f32b9444554c8863b9b4814025c700492a2b57ff2369d015360970a1b1099d54",
    "https://deno.land/std@0.208.0/path/windows/join.ts": "e6600bf88edeeef4e2276e155b8de1d5dec0435fd526ba2dc4d37986b2882f16",
    "https://deno.land/std@0.208.0/path/windows/normalize.ts": "9deebbf40c81ef540b7b945d4ccd7a6a2c5a5992f791e6d3377043031e164e69",
    "https://deno.land/std@0.208.0/path/windows/relative.ts": "026855cd2c36c8f28f1df3c6fbd8f2449a2aa21f48797a74700c5d872b86d649",
    "https://deno.land/std@0.208.0/path/windows/resolve.ts": "5ff441ab18a2346abadf778121128ee71bda4d0898513d4639a6ca04edca366b",
    "https://deno.land/std@0.208.0/streams/byte_slice_stream.ts": "c46d7c74836fc8c1a9acd9fe211cbe1bbaaee1b36087c834fb03af4991135c3a",
    "https://deno.land/std@0.208.0/version.ts": "a3207ea06bba42f09c7c7ab46590b202c98366f26d2ae31622a4839257dbc790",
    "https://esm.sh/@atlaskit/analytics-next-stable-react-context@1.0.1/es2022/analytics-next-stable-react-context.mjs": "aa0fe7278dc99e8a548e506feccd0f55fb3cdbdeb77a0a688d7252b1eb5d6505",
    "https://esm.sh/@atlaskit/analytics-next@11.1.1/es2022/analytics-next.mjs": "91d87fb984a318823e7b75e11c37a0b3ba95d1d796b2341e52cb9dcae043edd0",
    "https://esm.sh/@atlaskit/analytics-next@^11.0.0?target=es2022": "14e8087038a37c01929fcda898a299098311ecb78f327e69ee97f0c7bafd9a2f",
    "https://esm.sh/@atlaskit/app-provider@2.3.0/es2022/app-provider.mjs": "741b6963c5bfdb33b9f10ce809fc80931c71cd038f1f48a8918b7fba3f6df54e",
    "https://esm.sh/@atlaskit/app-provider@^2.0.0?target=es2022": "a4abd5e6f4d04d5d825e328f32fa18617e83a2fd28326310854b8624831ba967",
    "https://esm.sh/@atlaskit/atlassian-context@0.6.0/es2022/atlassian-context.mjs": "9d9b3eaf8cb726bd419cb7c77720895aeb838929b07c2cc5a7c7b19c63076d06",
    "https://esm.sh/@atlaskit/atlassian-context@^0.6.0?target=es2022": "af9d62e4585c094f73dd860e77a88d01fcac10abf5aa00a4430f9457410b6702",
    "https://esm.sh/@atlaskit/ds-lib@4.2.0/es2022/noop.mjs": "6a28511801fafcd0e0aaf461961a88e575b5c8f8fc127c28c5dbda889a06281c",
    "https://esm.sh/@atlaskit/ds-lib@4.2.0/es2022/use-id.mjs": "34d0adda9fc43a3e06d87f6452ef470d1564f3fec042edad440910e3341f563b",
    "https://esm.sh/@atlaskit/ds-lib@4.2.0/es2022/use-layout-effect.mjs": "6270936b458c0082ae81b5a5d0b0ea30bbaca4c378e8650756a07dc7b58d16a7",
    "https://esm.sh/@atlaskit/ds-lib@4.2.0/es2022/warn-once.mjs": "5f279962a2c3f4e24f29d40feffb8dd7c27315fec5e6529c022a09bf555aaea4",
    "https://esm.sh/@atlaskit/ds-lib@5.1.0/es2022/warn-once.mjs": "c4e53cf2631375f070ae3812b7c4db569ab44169253f48d35458f13d5e41bff8",
    "https://esm.sh/@atlaskit/ds-lib@^4.0.0/noop?target=es2022": "d8ac7de7b42c24e70a308fca6ed3c4b7a3128c0a0403cd1cb62e90797d0d0719",
    "https://esm.sh/@atlaskit/ds-lib@^4.0.0/use-id?target=es2022": "76e1ebde898b2852fd1e67e960f079151a018269dc37a7ef074993edbf462a69",
    "https://esm.sh/@atlaskit/ds-lib@^4.0.0/use-layout-effect?target=es2022": "3d44cc9a01072ed5c0fdee466e4f32cc3030322eb40e3f2e94bd93e8e5f6e2ae",
    "https://esm.sh/@atlaskit/ds-lib@^4.0.0/warn-once?target=es2022": "011140aa0ee4100098f7cdf8a979a67e384a33f28f681862a82e96101a20ec84",
    "https://esm.sh/@atlaskit/ds-lib@^5.0.0/warn-once?target=es2022": "b3f806c6022a2edb96c36c69df4196e11c13ce96739ebe38e4a135c922686b2d",
    "https://esm.sh/@atlaskit/feature-gate-js-client@5.5.6/es2022/feature-gate-js-client.mjs": "11efd7d7fb59ac5ae01b3652d562966591b1c3c0d87e47e76f68d4bcf131c6df",
    "https://esm.sh/@atlaskit/feature-gate-js-client@^5.5.0?target=es2022": "d72f36baebd4510974613b1e7215c257eec926597142e6e893bae6f5cbc49585",
    "https://esm.sh/@atlaskit/interaction-context@3.0.0/es2022/interaction-context.mjs": "46863bd3cf47cb757112dcba9568752e7e558e71ba29a4795d02fdc1b2c390b7",
    "https://esm.sh/@atlaskit/interaction-context@^3.0.0?target=es2022": "4f01e77d8a97571fb021f34f6a8bb752e807eaa8436acbd0ebef9911123a68cf",
    "https://esm.sh/@atlaskit/platform-feature-flags@1.1.2/es2022/platform-feature-flags.mjs": "283ca71fefa7e38bcff791c8a18f7cfd5c72dfbe542a184ef757b48048444b89",
    "https://esm.sh/@atlaskit/platform-feature-flags@^1.1.0?target=es2022": "e2cc71bf589949dcf59761f247a4ff70d6eceedeef834665b95554b471c88f86",
    "https://esm.sh/@atlaskit/pragmatic-drag-and-drop-auto-scroll@2.1.2/element?target=es2022": "db857d7412860a09474e07f34fd8a6649d0bdc826fdb96b466a97229eb973a19",
    "https://esm.sh/@atlaskit/pragmatic-drag-and-drop-auto-scroll@2.1.2/es2022/element.mjs": "e5751e2a961b1248ed63359cc29fb0decce4bd5f45c1a420447f2f4ed7a4bf7c",
    "https://esm.sh/@atlaskit/pragmatic-drag-and-drop-auto-scroll@2.1.2/es2022/pragmatic-drag-and-drop-auto-scroll.mjs": "9b4c574e25e913a884faf77d6d6b302fa72f18458ececa5c818bf92efb7a79df",
    "https://esm.sh/@atlaskit/pragmatic-drag-and-drop-auto-scroll@2.1.2?target=es2022": "bb65db429bc237cf22be1dde711df64a814e7fdd8dcc20d817ce312b4b829593",
    "https://esm.sh/@atlaskit/pragmatic-drag-and-drop-hitbox@1.0.3/closest-edge?target=es2022": "839ceed484d04e06fb0a317ffbcfd4696c1e21985d2f9702480dc20f7da44ce4",
    "https://esm.sh/@atlaskit/pragmatic-drag-and-drop-hitbox@1.0.3/es2022/closest-edge.mjs": "2258bb8c6317d1853e48414dcf05a4ea22fd5f19e4263b75583e4a7f44e4532c",
    "https://esm.sh/@atlaskit/pragmatic-drag-and-drop-hitbox@1.0.3/es2022/types.mjs": "3417da722705fd9afb329b351bdd73cabc156adde6562080e8124d0e04aa492b",
    "https://esm.sh/@atlaskit/pragmatic-drag-and-drop-hitbox@1.0.3/es2022/util/get-reorder-destination-index.mjs": "3c48e2d7cce2c3a2747afee93a084912582a0875f820cd4bbcca69918b4cff49",
    "https://esm.sh/@atlaskit/pragmatic-drag-and-drop-hitbox@1.0.3/types?target=es2022": "3115714182a9ca6ba3bede9230d0626f64a96d6bcb6b3e0df4833f6124bdd79b",
    "https://esm.sh/@atlaskit/pragmatic-drag-and-drop-hitbox@1.0.3/util/get-reorder-destination-index?target=es2022": "7668950ee242dd4e46b22c90d65cd1a450c3f4339512ba005fc3e8ccb9fac1a2",
    "https://esm.sh/@atlaskit/pragmatic-drag-and-drop-react-drop-indicator@3.2.7/box?target=es2022": "92e6b474cad8b323bb6ccd24f03a66184e5bc649cabfaeb7648fe0432eb2c31b",
    "https://esm.sh/@atlaskit/pragmatic-drag-and-drop-react-drop-indicator@3.2.7/es2022/box.mjs": "2bcf6ae202db6f3a3fc3d2207f4ce0254095dce48a8a4cec872735bf689736ac",
    "https://esm.sh/@atlaskit/pragmatic-drag-and-drop@1.7.7/combine?target=es2022": "8a5efa426600a0fcbbafccb8a89e360b5a39fbda87b9b847abce5c7140b16758",
    "https://esm.sh/@atlaskit/pragmatic-drag-and-drop@1.7.7/element/adapter?target=es2022": "cc430411005d437a090668edb6ca7a1ae5d2da0c3c9a539474f128e3dd42e51f",
    "https://esm.sh/@atlaskit/pragmatic-drag-and-drop@1.7.7/element/preserve-offset-on-source?target=es2022": "7d5384b811be3097d4ba31f8651468467b14e6a6716a1f066e188cf3d16d737e",
    "https://esm.sh/@atlaskit/pragmatic-drag-and-drop@1.7.7/element/set-custom-native-drag-preview?target=es2022": "be4aae0983109334fb6436dbcfe3128babb14c69bfc6e1f4c65d943d05838f7c",
    "https://esm.sh/@atlaskit/pragmatic-drag-and-drop@1.7.7/es2022/combine.mjs": "2a4df9ec59347dd5fd4b608e89688a4262f7dc3e292e98284c457527001e9715",
    "https://esm.sh/@atlaskit/pragmatic-drag-and-drop@1.7.7/es2022/element/adapter.mjs": "ed2b1b45c0d3093ca9d4e158b8932168bf304a99c76b35126c2f46a23699dfb9",
    "https://esm.sh/@atlaskit/pragmatic-drag-and-drop@1.7.7/es2022/element/preserve-offset-on-source.mjs": "66a9a284dc189ead4a456672c6c2af841a7d2b2c279b92b4b366140bd7403172",
    "https://esm.sh/@atlaskit/pragmatic-drag-and-drop@1.7.7/es2022/element/set-custom-native-drag-preview.mjs": "743fb7afb263f230bee9da1e13f3243d91675e36c805187a81d1d139bf07bf4c",
    "https://esm.sh/@atlaskit/pragmatic-drag-and-drop@1.7.7/es2022/external/adapter.mjs": "67cd1749e86e99bcf3cf3649788c1f728c488db9843eed963a2cd58dff571ea5",
    "https://esm.sh/@atlaskit/pragmatic-drag-and-drop@1.7.7/es2022/once.mjs": "b763676a77569d28668061e4a8752d2c43296c61b66b4b611a128a0a922d1f99",
    "https://esm.sh/@atlaskit/pragmatic-drag-and-drop@1.7.7/es2022/private/get-element-from-point-without-honey-pot.mjs": "edb750c3bbdf88f4c05a3d7ff7c4ceb88dbd4bbf290deb43e181304d16bba03e",
    "https://esm.sh/@atlaskit/pragmatic-drag-and-drop@1.7.7/external/adapter?target=es2022": "f1026ecc3c8ed31ea767a8a022a00a83f7d46c8bbe57c20e4def38a7d54ef903",
    "https://esm.sh/@atlaskit/pragmatic-drag-and-drop@^1.7.0/combine?target=es2022": "8a5efa426600a0fcbbafccb8a89e360b5a39fbda87b9b847abce5c7140b16758",
    "https://esm.sh/@atlaskit/pragmatic-drag-and-drop@^1.7.0/element/adapter?target=es2022": "cc430411005d437a090668edb6ca7a1ae5d2da0c3c9a539474f128e3dd42e51f",
    "https://esm.sh/@atlaskit/pragmatic-drag-and-drop@^1.7.0/once?target=es2022": "849e68055b6764995581718b8d426dc38703e9baa9f30585e60b3807d0799650",
    "https://esm.sh/@atlaskit/pragmatic-drag-and-drop@^1.7.0/private/get-element-from-point-without-honey-pot?target=es2022": "b126e1befe95e0865072711c8eaef552d817aedbe6d228ebdde77a672e2745db",
    "https://esm.sh/@atlaskit/primitives@14.1.3/es2022/primitives.mjs": "531e8869dfe4bc0ea9f7a4b9029e5b3064abf93e4820abce7b6fabc7edd9f55d",
    "https://esm.sh/@atlaskit/primitives@14.1.3?target=es2022": "2384cca40975bbb2dfdb9c01fe7d3d4e1725f9a3064078763fd4a6ee21abf77f",
    "https://esm.sh/@atlaskit/tokens@4.9.1/es2022/dist/esm/artifacts/themes/atlassian-dark-brand-refresh.mjs": "2e04a7fb67ffa1d7769ece6655fea9409e6eaa6a8472320b96bb5073a458af6c",
    "https://esm.sh/@atlaskit/tokens@4.9.1/es2022/dist/esm/artifacts/themes/atlassian-dark-future.mjs": "cfee9c6630752d96bf48a89b57d412335a10771f46d254ed49767e2fd5e98009",
    "https://esm.sh/@atlaskit/tokens@4.9.1/es2022/dist/esm/artifacts/themes/atlassian-dark-increased-contrast.mjs": "b361cdf5ad4d684ff3a821f5433d40f6c3f29757bc9bbc60adbe4639faa7a51e",
    "https://esm.sh/@atlaskit/tokens@4.9.1/es2022/dist/esm/artifacts/themes/atlassian-dark.mjs": "77105d5f406b697644d8c7ed00031bf1f86dde04e27212bdcce105751f48888f",
    "https://esm.sh/@atlaskit/tokens@4.9.1/es2022/dist/esm/artifacts/themes/atlassian-legacy-dark.mjs": "8fc59592cff8f82f9ee8dd66fddbecec9ec4276efab25ef528e5614cd73c9958",
    "https://esm.sh/@atlaskit/tokens@4.9.1/es2022/dist/esm/artifacts/themes/atlassian-legacy-light.mjs": "07b5396f16470772b6073fbf7da582f17d2cc143968fc09b7c288b785b70e3b5",
    "https://esm.sh/@atlaskit/tokens@4.9.1/es2022/dist/esm/artifacts/themes/atlassian-light-brand-refresh.mjs": "3f67bf3d0c8f5e28a28696025d37dd24bd476d4eea21d6b3112c6b0219849aa6",
    "https://esm.sh/@atlaskit/tokens@4.9.1/es2022/dist/esm/artifacts/themes/atlassian-light-future.mjs": "53a11f1c7fcb91f301946bc8efdb66743349c63edb07988d143a47376c35d69d",
    "https://esm.sh/@atlaskit/tokens@4.9.1/es2022/dist/esm/artifacts/themes/atlassian-light-increased-contrast.mjs": "3394fa3a9ac91637bbc56c45e307f23e1fcdd33946a658c2f05f80c22a2ff563",
    "https://esm.sh/@atlaskit/tokens@4.9.1/es2022/dist/esm/artifacts/themes/atlassian-light.mjs": "5dffd5b9b444fbb2695dd1c6ca8ee2ba196a36d6d318650f500c4d6e282d04ee",
    "https://esm.sh/@atlaskit/tokens@4.9.1/es2022/dist/esm/artifacts/themes/atlassian-shape.mjs": "34dcec03b432291efbe0cfc6e67d78b7fbdf61645680a61dd352d09b95b1dd6e",
    "https://esm.sh/@atlaskit/tokens@4.9.1/es2022/dist/esm/artifacts/themes/atlassian-spacing.mjs": "558107b77f921a786c71d494acab4661636ce8ea9584bc5c19dc557c605095c9",
    "https://esm.sh/@atlaskit/tokens@4.9.1/es2022/dist/esm/artifacts/themes/atlassian-typography-adg3.mjs": "8addfda2b3f006b4ea878f762d199b8746dac94a83785d2313b9aee9d4a459d7",
    "https://esm.sh/@atlaskit/tokens@4.9.1/es2022/dist/esm/artifacts/themes/atlassian-typography-modernized.mjs": "e410d00208c9ce888384f7db22962ff96b5262ce4ba2b1d79a778797e15a89f9",
    "https://esm.sh/@atlaskit/tokens@4.9.1/es2022/dist/esm/artifacts/themes/atlassian-typography-refreshed.mjs": "0fa972a5415b90e008cd0f2881736d32ed55d39b5fc1e77b92729dc62369af1e",
    "https://esm.sh/@atlaskit/tokens@4.9.1/es2022/dist/esm/custom-theme.mjs": "2bfa5b34237af8c74b9a249abfd3fe3c0e938a7e0bb2927aaad1b1014a9be689",
    "https://esm.sh/@atlaskit/tokens@4.9.1/es2022/tokens.mjs": "bbd9d404e9d084601840447a1b8d1bca203f71c41b6fffb5ac79d07c039030c7",
    "https://esm.sh/@atlaskit/tokens@5.6.3/es2022/dist/esm/artifacts/themes/atlassian-dark-brand-refresh.mjs": "b33476d66b4651ceb58dc3e4bf5cf6697b80fa9d43c21c3cbaa3d4664b4d4183",
    "https://esm.sh/@atlaskit/tokens@5.6.3/es2022/dist/esm/artifacts/themes/atlassian-dark-future.mjs": "bdaf33b6ceb0e1adacc17923eff08362d4b99bee5f994eeb8ef242345b608271",
    "https://esm.sh/@atlaskit/tokens@5.6.3/es2022/dist/esm/artifacts/themes/atlassian-dark-increased-contrast.mjs": "7aeaea57381baf14f19cca59cb2acf8b8d1cc47f26d3e4564630fa351540e145",
    "https://esm.sh/@atlaskit/tokens@5.6.3/es2022/dist/esm/artifacts/themes/atlassian-dark.mjs": "07c00907dd41eab792c94808432e502feccf1f1a8534701614968eb4f4a74007",
    "https://esm.sh/@atlaskit/tokens@5.6.3/es2022/dist/esm/artifacts/themes/atlassian-legacy-dark.mjs": "c8f1dc522f1bc97dabca5d602dd160661963685d784d87ecbbd0cd33d0b4a65e",
    "https://esm.sh/@atlaskit/tokens@5.6.3/es2022/dist/esm/artifacts/themes/atlassian-legacy-light.mjs": "1c11bfafc079a0ce5b81de262ddff0200d266618a38721ee48805931e2541ccd",
    "https://esm.sh/@atlaskit/tokens@5.6.3/es2022/dist/esm/artifacts/themes/atlassian-light-brand-refresh.mjs": "29aed7cea22608ec66752f47cde5d9bd95230ec57a8ae74c2a50ab176a8cfc3e",
    "https://esm.sh/@atlaskit/tokens@5.6.3/es2022/dist/esm/artifacts/themes/atlassian-light-future.mjs": "160549aad74229d53ad2481bdc78f2b305494ce7840af22938863285e4e361b4",
    "https://esm.sh/@atlaskit/tokens@5.6.3/es2022/dist/esm/artifacts/themes/atlassian-light-increased-contrast.mjs": "9a1c82a85d17e6927d4c4583efe2555e799da8b78d311cb9fd3e07258e2d4f40",
    "https://esm.sh/@atlaskit/tokens@5.6.3/es2022/dist/esm/artifacts/themes/atlassian-light.mjs": "a1b1e7c31496004f891ce25f0426a5187e6b41291f075dee7d1ece62fc32f63d",
    "https://esm.sh/@atlaskit/tokens@5.6.3/es2022/dist/esm/artifacts/themes/atlassian-shape.mjs": "80feff9af760408ca94186e6c18b2e6549f98818c6eec8033e9ebcfd05f74ac4",
    "https://esm.sh/@atlaskit/tokens@5.6.3/es2022/dist/esm/artifacts/themes/atlassian-spacing.mjs": "54ccba8c8d71baea8fca0704d38338e26be6c410c9a4842fa77a4e1c9da933b4",
    "https://esm.sh/@atlaskit/tokens@5.6.3/es2022/dist/esm/artifacts/themes/atlassian-typography-adg3.mjs": "3719317c87611cdbdf3c3e25b759edf73dcd9920bba164b6c20db7b69f678895",
    "https://esm.sh/@atlaskit/tokens@5.6.3/es2022/dist/esm/artifacts/themes/atlassian-typography-modernized.mjs": "3614fe8df0690ab399de5c4996ed15854444ea95fcfda1987111be8a7474431b",
    "https://esm.sh/@atlaskit/tokens@5.6.3/es2022/dist/esm/artifacts/themes/atlassian-typography-refreshed.mjs": "4ee0495f4e8afba73dfa7004382d9dd919567702f627acd727ee3b88a68d361a",
    "https://esm.sh/@atlaskit/tokens@5.6.3/es2022/dist/esm/artifacts/themes/atlassian-typography.mjs": "b0465684cc8ab52dd57372510a8825c1d2a2a6fea2a5e10a710916cadccce5a2",
    "https://esm.sh/@atlaskit/tokens@5.6.3/es2022/dist/esm/custom-theme.mjs": "f4beca490b6cc06ecd2af08b21485c007bf3b953e43b7784ab6bdddb84f3cfae",
    "https://esm.sh/@atlaskit/tokens@5.6.3/es2022/tokens.mjs": "d1c608532228d816142544c1b5da4b8a3a407e48ab5a0e3c715d4b8e7a0c8de5",
    "https://esm.sh/@atlaskit/tokens@^4.3.0?target=es2022": "3fa97e8ae57eb8031adfa8d64bf6fe1ef4a87347f752d274e4138cdb9b272090",
    "https://esm.sh/@atlaskit/tokens@^5.6.0?target=es2022": "d7c2e4d7b228b6613b642e8c8b5817fea6ee686f0ff77bb83e81361b0ee073a5",
    "https://esm.sh/@atlaskit/visually-hidden@3.0.3/es2022/visually-hidden.mjs": "06215b2b6346090c7b606f1e43ff0b6d83016ebc22f1023fd02259df44fba598",
    "https://esm.sh/@atlaskit/visually-hidden@^3.0.0?target=es2022": "799888667c6bd4c015d763c1f3374584ca7a7761ce5b3d73a6c11adc723f1e91",
    "https://esm.sh/@compiled/react@0.18.6/es2022/runtime.mjs": "db336d1a5f14c91f639aa4aef18df50ec35d69fc98258ad54e80526d19fccf6a",
    "https://esm.sh/@compiled/react@^0.18.3/runtime?target=es2022": "0f1aefafa608e2fd2573aa05b28e42b88ee91089819413c3a031630056f2545e",
    "https://esm.sh/@emotion/cache@11.14.0/es2022/cache.mjs": "5b2ea7d0634d5cc736d7e4351642744be73f0bf50ae56f98f13f4b6168eb462f",
    "https://esm.sh/@emotion/cache@^11.14.0?target=es2022": "efca945d2b8fb91aa10a491296c35d5b4cef4be831f5963ef2d0f0813c25aad7",
    "https://esm.sh/@emotion/hash@0.9.2/es2022/hash.mjs": "3f643ebebd95a7c253af7df20a14834c5b4dca3df3cfb9b24cda63dc1092ae0d",
    "https://esm.sh/@emotion/hash@^0.9.2?target=es2022": "c3084cfafd5b5cfe84fed5b32314e75a89c3020aa850af02fca386a997be9fd2",
    "https://esm.sh/@emotion/memoize@0.9.0/es2022/memoize.mjs": "835b314ffa8962bdb09ecd8c1c650dcf89db3cbb541a3ae3d860a2ee8cd619bf",
    "https://esm.sh/@emotion/memoize@^0.9.0?target=es2022": "5c67c9e555b2e09801d116de04ad9171a85d7e111843c277710f637b1b200379",
    "https://esm.sh/@emotion/react@11.14.0/es2022/_isolated-hnrs.mjs": "5ee412f4148c27c3fc2044f4bc6dd3b0d47fef0e8896834feb6984af05ea8083",
    "https://esm.sh/@emotion/react@11.14.0/es2022/dist/emotion-element-f0de968e.browser.esm.mjs": "e973fcfa9192ea0581023343ad07a1a601ad599380de54abd44e7b1866937a8a",
    "https://esm.sh/@emotion/react@11.14.0/es2022/react.mjs": "87f3542c235d667758e6fdd260082bdacbd50c70b7b1b84fbff0d32ce444c415",
    "https://esm.sh/@emotion/react@^11.7.1?target=es2022": "6d50c11fc9c33cc1502672ceb2d340ff6256c4196dbef235aa3d2be68c15a6bb",
    "https://esm.sh/@emotion/serialize@1.3.3/es2022/serialize.mjs": "18d672309121e08aeb73c95988b1c9d52523fe3e33d42167467b1f0209eca121",
    "https://esm.sh/@emotion/serialize@^1.3.3?target=es2022": "9f40f225a25bd9f278b370955a8dad90f653967d42202167a1f2ffc1971ff31b",
    "https://esm.sh/@emotion/sheet@1.4.0/es2022/sheet.mjs": "903af6b92a061150d1cc028dd34647bf32b48124f831819e4eb95e7a4f3d5c4f",
    "https://esm.sh/@emotion/sheet@^1.4.0?target=es2022": "43513de8af4b04cf477a94a803d4ba1138a33555a3604191ccb267ea83f8d1cd",
    "https://esm.sh/@emotion/unitless@0.10.0/es2022/unitless.mjs": "faa48d4f70c80c6afb3b3f0ca688f2e506e33a280460cf35e2bfdb22c22f7447",
    "https://esm.sh/@emotion/unitless@^0.10.0?target=es2022": "a5852183a8b9cb3aa25ff99387f0736fdbc67afd28e931c0403dc3fd406a3a24",
    "https://esm.sh/@emotion/use-insertion-effect-with-fallbacks@1.2.0/es2022/use-insertion-effect-with-fallbacks.mjs": "48c23dea1db5ea500f48cb045747a28445a4fcac6e0cc78dcc1ca0bc4c355350",
    "https://esm.sh/@emotion/use-insertion-effect-with-fallbacks@^1.2.0?target=es2022": "1fc98cdc43104df7ac4958b8ba65e892ca9ea6db2ed995038120cdfae60e05ed",
    "https://esm.sh/@emotion/utils@1.4.2/es2022/utils.mjs": "5d4cf43219b1932c92d0a475039c8e1f2b7dc1e0e60f112a112e1b42844fb8aa",
    "https://esm.sh/@emotion/utils@^1.4.2?target=es2022": "87484bd1eb9589a29504fff32c11c6abbb6d3ff430146ab63cea2f47cedf58eb",
    "https://esm.sh/@emotion/weak-memoize@0.4.0/es2022/weak-memoize.mjs": "20456db4e676b26a08f2c44072d0dbb7f6b3a7da2ec27da435823134285b5175",
    "https://esm.sh/@emotion/weak-memoize@^0.4.0?target=es2022": "f3f458c5a293a05eca27fac1c42818698245e05d7124556fed4701e4abedd58c",
    "https://esm.sh/@statsig/client-core@3.25.3/es2022/client-core.mjs": "78c1f841c940288ee01fc50d0758dc1306f73db09d22794822acca4ca9bafc75",
    "https://esm.sh/@statsig/client-core@^3.21.1?target=es2022": "6f6cd17e8b392ba63dc6aa43e485c23d32cb312b13233c00c0106867a114f13a",
    "https://esm.sh/@statsig/js-client@3.25.3/es2022/js-client.mjs": "72b7ac1ab11b8b08d720d982fae02852b3e10d2618063d4822fca0b48e186b93",
    "https://esm.sh/@statsig/js-client@^3.21.1?target=es2022": "b361bc51734eddc59d920f2457a77d24165b74678a07d37c8c7763ad6ab6f2f3",
    "https://esm.sh/bind-event-listener@3.0.0/es2022/bind-event-listener.mjs": "0425e7b91b9b3575e8d7b2beb461cff26c795bf415954a2a61c3d091c06ec96b",
    "https://esm.sh/bind-event-listener@^3.0.0?target=es2022": "2fc272989e5547ffe865dce2ea4a6f8ad059ed888abc0145fc7acecfc9df54d8",
    "https://esm.sh/eventemitter3@4.0.7/es2022/eventemitter3.mjs": "d26d8683d890f259d39cc334512a888d3079917477d7eb10c3cd3775831cdcc3",
    "https://esm.sh/eventemitter3@^4.0.0?target=es2022": "c1387e667bd22ec128763fd827470c8ba4b680f5321d66a6648d7ac9e2d24021",
    "https://esm.sh/hoist-non-react-statics@3.3.2/es2022/hoist-non-react-statics.mjs": "99e18b0ef590c8e95bf40d2195de1d01704d57966de61ec59d5cf69aeb72501c",
    "https://esm.sh/hoist-non-react-statics@^3.3.1?target=es2022": "6136116c0ce73cbbdb064d997d5a674427c7eaeb3a072c07330b7b974379800a",
    "https://esm.sh/node/process.mjs": "2c8eeaf6090c03d21bdcec5eddb33b105208c9ba3ef2c7be98f4d9b2495a624e",
    "https://esm.sh/prop-types@15.8.1/es2022/prop-types.mjs": "cf48d191a1f2bf5177d68576a117d2b3abff5a285c2890fae66797ff841e922f",
    "https://esm.sh/prop-types@^15.5.10?target=es2022": "1844c2e70a145c1fb1e93133ad0b47f2c8abe9bc0c46dd072804890e97d08d56",
    "https://esm.sh/raf-schd@4.0.3/es2022/raf-schd.mjs": "8f5033e0d0961d48a7262dd9d73cb16c741f73228249c13061a4423a1c9ea780",
    "https://esm.sh/raf-schd@^4.0.3?target=es2022": "f6b48a258b2082a54d66c16a1addba82faa2ef14a94c46b0eb5f62454395a0ad",
    "https://esm.sh/react-dom@19.1.0/client?target=es2022": "97ac353bc24fdb1cdcc8b201a949c16122917858cee8f06d8dfef2fa068c21d8",
    "https://esm.sh/react-dom@19.1.0/es2022/client.mjs": "3599a5aa099f7c5f46798f9aa9113177c5f96717ec8e5129413499f65a91ef0b",
    "https://esm.sh/react-dom@19.1.0/es2022/react-dom.mjs": "cfc180a7296bcfde70241e71c7d72692ccc5526303d43c986056417bc5f7c2c4",
    "https://esm.sh/react-dom@19.1.0?target=es2022": "4d876d15ea11dea5cde69ba021c51ffbae7e5a4de986595d8b4244715d9287db",
    "https://esm.sh/react-is@16.13.1/es2022/react-is.mjs": "b0f8465b0c54226e518d7a25ff8e4037768ee97ee43b61866a2a518dc0e58691",
    "https://esm.sh/react-is@^16.7.0?target=es2022": "383035e727e011f2e4eae384cfd6c7b0216d1812c3aeddfccf4959b87fc0e997",
    "https://esm.sh/react-uid@2.4.0/es2022/react-uid.mjs": "00a79f36b4b3e7430c79b2cfc0bcb4004813dd81902e6bf7df4c1906bc2b45e3",
    "https://esm.sh/react-uid@^2.2.0?target=es2022": "bc3e99ccacdcac6ad133b9f54e6afbb167f5cbd582649e62ef8b9940991fcf79",
    "https://esm.sh/react@%3E=16.8.0?target=es2022": "07c3aedc9a6edc672c7c2f71818b8960fc8bfdbca3f76b98f5c43f8b068a7871",
    "https://esm.sh/react@16.14.0/es2022/react.mjs": "27c8fc9e53876b8b9b32c6e0ea87e69f4af9662256c67a35c2686cfe3e9994fb",
    "https://esm.sh/react@18.3.1/es2022/react.mjs": "fec8d5ab4ffa55c8b563abc31060c3dc0205699aff20beec4aba0311efdcc1a0",
    "https://esm.sh/react@19.1.0/es2022/jsx-runtime.mjs": "d5bed50870fd4e6f1dda9fe1f6d55d97ea0a750c499627833d8583bca5354a62",
    "https://esm.sh/react@19.1.0/es2022/react.mjs": "4ae29c429a7d0a61a039f96985bef5a0a9c141ae8b0df3d65ffd17382f62b881",
    "https://esm.sh/react@19.1.0/jsx-runtime?target=es2022": "8e2101916b9adf4344a7636ec84803c518a2d1c733e64bb6b859dc1b9b4b171a",
    "https://esm.sh/react@19.1.0?target=es2022": "69011c23f9ba5c90c7a9192184a8b1b29af2a2298bc7bdec78dc4ea84f4be199",
    "https://esm.sh/react@19.1.1/es2022/react.mjs": "d11dd57236b09a688d47914871678fd77fb189486ef498ed05813dc17c61e6e9",
    "https://esm.sh/react@^16.8.0?target=es2022": "5fc3ceaefee1b3d0b2ef5191d8aa3b58a0491d6848df8388f1b006a959dbe8d3",
    "https://esm.sh/react@^18.2.0?target=es2022": "fe14009a42dc84ce0d41fc48a09fcd216dd5b420ee812a3776fcdc1a2b7b83cd",
    "https://esm.sh/react@^18.3.1?target=es2022": "fe14009a42dc84ce0d41fc48a09fcd216dd5b420ee812a3776fcdc1a2b7b83cd",
    "https://esm.sh/react@^19.0.0?target=es2022": "07c3aedc9a6edc672c7c2f71818b8960fc8bfdbca3f76b98f5c43f8b068a7871",
    "https://esm.sh/react@^19.1.0?target=es2022": "07c3aedc9a6edc672c7c2f71818b8960fc8bfdbca3f76b98f5c43f8b068a7871",
    "https://esm.sh/react@^19.1.1?target=es2022": "07c3aedc9a6edc672c7c2f71818b8960fc8bfdbca3f76b98f5c43f8b068a7871",
    "https://esm.sh/scheduler@0.26.0/es2022/scheduler.mjs": "b62267951094a7c42b7170c51e31f57198981b08ebfae60be0d076101a4c6f91",
    "https://esm.sh/scheduler@^0.26.0?target=es2022": "c69d1292c8f295daecad1459acdc1bca61a9bcdc8ab90cbc187fd0887bda55df",
    "https://esm.sh/stylis@4.2.0/es2022/stylis.mjs": "340e7efa7818150a093e8196908ce7816aa9ed25722ef0ef6ae0d8705dbc9347",
    "https://esm.sh/tiny-invariant@1.3.3/es2022/tiny-invariant.mjs": "6ff7fd731691fb0e6485756b3ce4d56d044b7b9b815eca5b9409f147fff6a90e",
    "https://esm.sh/tiny-invariant@1.3.3?target=es2022": "fe5192cecd43f79c7535c84fb21603792979d458ecef222762ee19e02c4747a6",
    "https://esm.sh/tiny-invariant@^1.2.0?target=es2022": "fe5192cecd43f79c7535c84fb21603792979d458ecef222762ee19e02c4747a6",
    "https://esm.sh/use-memo-one@1.1.3/es2022/use-memo-one.mjs": "21ac0e1e7c6c41fca81291cc0cb9728cfcf8367d537c95533ae8520185bffe27",
    "https://esm.sh/use-memo-one@^1.1.1?target=es2022": "d119c20d4e4863cf90d65cbc3ba0b5219717ab563a3aa260111492faa06a6074"
  },
  "workspace": {
    "packageJson": {
      "dependencies": [
        "npm:@playwright/test@^1.40.0"
      ]
    }
  }
}
